// !$*UTF8*$!
{
	archiveVersion = 1;
	classes = {
	};
	objectVersion = 56;
	objects = {

/* Begin PBXBuildFile section */
		5019AA0D2C6E43E2003F9AF5 /* ViewController_tabInstallation.swift in Sources */ = {isa = PBXBuildFile; fileRef = 5019AA0C2C6E43E2003F9AF5 /* ViewController_tabInstallation.swift */; };
		5019AA152C6E4FBE003F9AF5 /* Model.xcdatamodeld in Sources */ = {isa = PBXBuildFile; fileRef = 5019AA132C6E4FBE003F9AF5 /* Model.xcdatamodeld */; };
		5019AA162C6E4FBE003F9AF5 /* Model.xcdatamodeld in Sources */ = {isa = PBXBuildFile; fileRef = 5019AA132C6E4FBE003F9AF5 /* Model.xcdatamodeld */; };
		5019AA172C6E4FBE003F9AF5 /* Model.xcdatamodeld in Sources */ = {isa = PBXBuildFile; fileRef = 5019AA132C6E4FBE003F9AF5 /* Model.xcdatamodeld */; };
		503CE1442C6E32C400835509 /* ToolbarItemIcon-active.pdf in Resources */ = {isa = PBXBuildFile; fileRef = 503CE1432C6E32C400835509 /* ToolbarItemIcon-active.pdf */; };
		50B025062C47E401002F1AD7 /* AppDelegate.swift in Sources */ = {isa = PBXBuildFile; fileRef = 50B025052C47E401002F1AD7 /* AppDelegate.swift */; };
		50B025122C47E401002F1AD7 /* ViewController_tabRules.swift in Sources */ = {isa = PBXBuildFile; fileRef = 50B025112C47E401002F1AD7 /* ViewController_tabRules.swift */; };
		50B025152C47E401002F1AD7 /* Base in Resources */ = {isa = PBXBuildFile; fileRef = 50B025142C47E401002F1AD7 /* Base */; };
		50B025172C47E403002F1AD7 /* Assets.xcassets in Resources */ = {isa = PBXBuildFile; fileRef = 50B025162C47E403002F1AD7 /* Assets.xcassets */; };
		50B0251F2C47E404002F1AD7 /* JS Blocker Extension.appex in Embed Foundation Extensions */ = {isa = PBXBuildFile; fileRef = 50B0251E2C47E404002F1AD7 /* JS Blocker Extension.appex */; settings = {ATTRIBUTES = (RemoveHeadersOnCopy, ); }; };
		50B025242C47E404002F1AD7 /* SafariExtensionHandler.swift in Sources */ = {isa = PBXBuildFile; fileRef = 50B025232C47E404002F1AD7 /* SafariExtensionHandler.swift */; };
		50B025262C47E404002F1AD7 /* SafariExtensionViewController.swift in Sources */ = {isa = PBXBuildFile; fileRef = 50B025252C47E404002F1AD7 /* SafariExtensionViewController.swift */; };
		50B025292C47E404002F1AD7 /* script.js in Resources */ = {isa = PBXBuildFile; fileRef = 50B025282C47E404002F1AD7 /* script.js */; };
		50B0252B2C47E404002F1AD7 /* ToolbarItemIcon.pdf in Resources */ = {isa = PBXBuildFile; fileRef = 50B0252A2C47E404002F1AD7 /* ToolbarItemIcon.pdf */; };
		50B0252E2C47E404002F1AD7 /* Base in Resources */ = {isa = PBXBuildFile; fileRef = 50B0252D2C47E404002F1AD7 /* Base */; };
		50B025562C47ECCC002F1AD7 /* Cocoa.framework in Frameworks */ = {isa = PBXBuildFile; fileRef = 50B025552C47ECCC002F1AD7 /* Cocoa.framework */; };
		50B025592C47ECCC002F1AD7 /* blockerList.json in Resources */ = {isa = PBXBuildFile; fileRef = 50B025582C47ECCC002F1AD7 /* blockerList.json */; };
		50B0255B2C47ECCC002F1AD7 /* ContentBlockerRequestHandler.swift in Sources */ = {isa = PBXBuildFile; fileRef = 50B0255A2C47ECCC002F1AD7 /* ContentBlockerRequestHandler.swift */; };
		50B025602C47ECCC002F1AD7 /* JS Blocker Rules.appex in Embed Foundation Extensions */ = {isa = PBXBuildFile; fileRef = 50B025532C47ECCC002F1AD7 /* JS Blocker Rules.appex */; settings = {ATTRIBUTES = (RemoveHeadersOnCopy, ); }; };
/* End PBXBuildFile section */

/* Begin PBXContainerItemProxy section */
		50B025202C47E404002F1AD7 /* PBXContainerItemProxy */ = {
			isa = PBXContainerItemProxy;
			containerPortal = 50B024FA2C47E401002F1AD7 /* Project object */;
			proxyType = 1;
			remoteGlobalIDString = 50B0251D2C47E404002F1AD7;
			remoteInfo = "JS Blocker Extension";
		};
		50B0255E2C47ECCC002F1AD7 /* PBXContainerItemProxy */ = {
			isa = PBXContainerItemProxy;
			containerPortal = 50B024FA2C47E401002F1AD7 /* Project object */;
			proxyType = 1;
			remoteGlobalIDString = 50B025522C47ECCC002F1AD7;
			remoteInfo = "JS Blocker Rules";
		};
/* End PBXContainerItemProxy section */

/* Begin PBXCopyFilesBuildPhase section */
		50B025362C47E404002F1AD7 /* Embed Foundation Extensions */ = {
			isa = PBXCopyFilesBuildPhase;
			buildActionMask = 2147483647;
			dstPath = "";
			dstSubfolderSpec = 13;
			files = (
				50B025602C47ECCC002F1AD7 /* JS Blocker Rules.appex in Embed Foundation Extensions */,
				50B0251F2C47E404002F1AD7 /* JS Blocker Extension.appex in Embed Foundation Extensions */,
			);
			name = "Embed Foundation Extensions";
			runOnlyForDeploymentPostprocessing = 0;
		};
/* End PBXCopyFilesBuildPhase section */

/* Begin PBXFileReference section */
		5019AA0C2C6E43E2003F9AF5 /* ViewController_tabInstallation.swift */ = {isa = PBXFileReference; lastKnownFileType = sourcecode.swift; path = ViewController_tabInstallation.swift; sourceTree = "<group>"; };
		5019AA142C6E4FBE003F9AF5 /* Model.xcdatamodel */ = {isa = PBXFileReference; lastKnownFileType = wrapper.xcdatamodel; path = Model.xcdatamodel; sourceTree = "<group>"; };
		503CE1432C6E32C400835509 /* ToolbarItemIcon-active.pdf */ = {isa = PBXFileReference; lastKnownFileType = image.pdf; path = "ToolbarItemIcon-active.pdf"; sourceTree = "<group>"; };
		50B025022C47E401002F1AD7 /* JS Blocker.app */ = {isa = PBXFileReference; explicitFileType = wrapper.application; includeInIndex = 0; path = "JS Blocker.app"; sourceTree = BUILT_PRODUCTS_DIR; };
		50B025052C47E401002F1AD7 /* AppDelegate.swift */ = {isa = PBXFileReference; lastKnownFileType = sourcecode.swift; path = AppDelegate.swift; sourceTree = "<group>"; };
		50B025112C47E401002F1AD7 /* ViewController_tabRules.swift */ = {isa = PBXFileReference; lastKnownFileType = sourcecode.swift; path = ViewController_tabRules.swift; sourceTree = "<group>"; };
		50B025142C47E401002F1AD7 /* Base */ = {isa = PBXFileReference; lastKnownFileType = file.storyboard; name = Base; path = Base.lproj/Main.storyboard; sourceTree = "<group>"; };
		50B025162C47E403002F1AD7 /* Assets.xcassets */ = {isa = PBXFileReference; lastKnownFileType = folder.assetcatalog; path = Assets.xcassets; sourceTree = "<group>"; };
		50B025192C47E403002F1AD7 /* JS Blocker.entitlements */ = {isa = PBXFileReference; lastKnownFileType = text.plist.entitlements; path = "JS Blocker.entitlements"; sourceTree = "<group>"; };
		50B0251E2C47E404002F1AD7 /* JS Blocker Extension.appex */ = {isa = PBXFileReference; explicitFileType = "wrapper.app-extension"; includeInIndex = 0; path = "JS Blocker Extension.appex"; sourceTree = BUILT_PRODUCTS_DIR; };
		50B025232C47E404002F1AD7 /* SafariExtensionHandler.swift */ = {isa = PBXFileReference; lastKnownFileType = sourcecode.swift; path = SafariExtensionHandler.swift; sourceTree = "<group>"; };
		50B025252C47E404002F1AD7 /* SafariExtensionViewController.swift */ = {isa = PBXFileReference; lastKnownFileType = sourcecode.swift; path = SafariExtensionViewController.swift; sourceTree = "<group>"; };
		50B025282C47E404002F1AD7 /* script.js */ = {isa = PBXFileReference; lastKnownFileType = sourcecode.javascript; path = script.js; sourceTree = "<group>"; };
		50B0252A2C47E404002F1AD7 /* ToolbarItemIcon.pdf */ = {isa = PBXFileReference; lastKnownFileType = image.pdf; path = ToolbarItemIcon.pdf; sourceTree = "<group>"; };
		50B0252D2C47E404002F1AD7 /* Base */ = {isa = PBXFileReference; lastKnownFileType = file.xib; name = Base; path = Base.lproj/SafariExtensionViewController.xib; sourceTree = "<group>"; };
		50B0252F2C47E404002F1AD7 /* Info.plist */ = {isa = PBXFileReference; lastKnownFileType = text.plist.xml; path = Info.plist; sourceTree = "<group>"; };
		50B025302C47E404002F1AD7 /* JS_Blocker_Extension.entitlements */ = {isa = PBXFileReference; lastKnownFileType = text.plist.entitlements; path = JS_Blocker_Extension.entitlements; sourceTree = "<group>"; };
		50B025532C47ECCC002F1AD7 /* JS Blocker Rules.appex */ = {isa = PBXFileReference; explicitFileType = "wrapper.app-extension"; includeInIndex = 0; path = "JS Blocker Rules.appex"; sourceTree = BUILT_PRODUCTS_DIR; };
		50B025552C47ECCC002F1AD7 /* Cocoa.framework */ = {isa = PBXFileReference; lastKnownFileType = wrapper.framework; name = Cocoa.framework; path = System/Library/Frameworks/Cocoa.framework; sourceTree = SDKROOT; };
		50B025582C47ECCC002F1AD7 /* blockerList.json */ = {isa = PBXFileReference; lastKnownFileType = text.json; path = blockerList.json; sourceTree = "<group>"; };
		50B0255A2C47ECCC002F1AD7 /* ContentBlockerRequestHandler.swift */ = {isa = PBXFileReference; lastKnownFileType = sourcecode.swift; path = ContentBlockerRequestHandler.swift; sourceTree = "<group>"; };
		50B0255C2C47ECCC002F1AD7 /* Info.plist */ = {isa = PBXFileReference; lastKnownFileType = text.plist.xml; path = Info.plist; sourceTree = "<group>"; };
		50B0255D2C47ECCC002F1AD7 /* JS_Blocker_Rules.entitlements */ = {isa = PBXFileReference; lastKnownFileType = text.plist.entitlements; path = JS_Blocker_Rules.entitlements; sourceTree = "<group>"; };
/* End PBXFileReference section */

/* Begin PBXFrameworksBuildPhase section */
		50B024FF2C47E401002F1AD7 /* Frameworks */ = {
			isa = PBXFrameworksBuildPhase;
			buildActionMask = 2147483647;
			files = (
			);
			runOnlyForDeploymentPostprocessing = 0;
		};
		50B0251B2C47E404002F1AD7 /* Frameworks */ = {
			isa = PBXFrameworksBuildPhase;
			buildActionMask = 2147483647;
			files = (
			);
			runOnlyForDeploymentPostprocessing = 0;
		};
		50B025502C47ECCC002F1AD7 /* Frameworks */ = {
			isa = PBXFrameworksBuildPhase;
			buildActionMask = 2147483647;
			files = (
				50B025562C47ECCC002F1AD7 /* Cocoa.framework in Frameworks */,
			);
			runOnlyForDeploymentPostprocessing = 0;
		};
/* End PBXFrameworksBuildPhase section */

/* Begin PBXGroup section */
		50B024F92C47E401002F1AD7 = {
			isa = PBXGroup;
			children = (
				5019AA132C6E4FBE003F9AF5 /* Model.xcdatamodeld */,
				50B025042C47E401002F1AD7 /* JS Blocker */,
				50B025222C47E404002F1AD7 /* JS Blocker Extension */,
				50B025572C47ECCC002F1AD7 /* JS Blocker Rules */,
				50B025542C47ECCC002F1AD7 /* Frameworks */,
				50B025032C47E401002F1AD7 /* Products */,
			);
			sourceTree = "<group>";
		};
		50B025032C47E401002F1AD7 /* Products */ = {
			isa = PBXGroup;
			children = (
				50B025022C47E401002F1AD7 /* JS Blocker.app */,
				50B0251E2C47E404002F1AD7 /* JS Blocker Extension.appex */,
				50B025532C47ECCC002F1AD7 /* JS Blocker Rules.appex */,
			);
			name = Products;
			sourceTree = "<group>";
		};
		50B025042C47E401002F1AD7 /* JS Blocker */ = {
			isa = PBXGroup;
			children = (
				50B025052C47E401002F1AD7 /* AppDelegate.swift */,
				50B025112C47E401002F1AD7 /* ViewController_tabRules.swift */,
				5019AA0C2C6E43E2003F9AF5 /* ViewController_tabInstallation.swift */,
				50B025132C47E401002F1AD7 /* Main.storyboard */,
				50B025162C47E403002F1AD7 /* Assets.xcassets */,
				50B025192C47E403002F1AD7 /* JS Blocker.entitlements */,
				50B025072C47E401002F1AD7 /* Resources */,
			);
			path = "JS Blocker";
			sourceTree = "<group>";
		};
		50B025072C47E401002F1AD7 /* Resources */ = {
			isa = PBXGroup;
			children = (
			);
			path = Resources;
			sourceTree = "<group>";
		};
		50B025222C47E404002F1AD7 /* JS Blocker Extension */ = {
			isa = PBXGroup;
			children = (
				50B025232C47E404002F1AD7 /* SafariExtensionHandler.swift */,
				50B025252C47E404002F1AD7 /* SafariExtensionViewController.swift */,
				50B0252C2C47E404002F1AD7 /* SafariExtensionViewController.xib */,
				50B0252F2C47E404002F1AD7 /* Info.plist */,
				50B025302C47E404002F1AD7 /* JS_Blocker_Extension.entitlements */,
				50B025272C47E404002F1AD7 /* Resources */,
			);
			path = "JS Blocker Extension";
			sourceTree = "<group>";
		};
		50B025272C47E404002F1AD7 /* Resources */ = {
			isa = PBXGroup;
			children = (
				50B025282C47E404002F1AD7 /* script.js */,
				50B0252A2C47E404002F1AD7 /* ToolbarItemIcon.pdf */,
				503CE1432C6E32C400835509 /* ToolbarItemIcon-active.pdf */,
			);
			path = Resources;
			sourceTree = "<group>";
		};
		50B025542C47ECCC002F1AD7 /* Frameworks */ = {
			isa = PBXGroup;
			children = (
				50B025552C47ECCC002F1AD7 /* Cocoa.framework */,
			);
			name = Frameworks;
			sourceTree = "<group>";
		};
		50B025572C47ECCC002F1AD7 /* JS Blocker Rules */ = {
			isa = PBXGroup;
			children = (
				50B025582C47ECCC002F1AD7 /* blockerList.json */,
				50B0255A2C47ECCC002F1AD7 /* ContentBlockerRequestHandler.swift */,
				50B0255C2C47ECCC002F1AD7 /* Info.plist */,
				50B0255D2C47ECCC002F1AD7 /* JS_Blocker_Rules.entitlements */,
			);
			path = "JS Blocker Rules";
			sourceTree = "<group>";
		};
/* End PBXGroup section */

/* Begin PBXNativeTarget section */
		50B025012C47E401002F1AD7 /* JS Blocker */ = {
			isa = PBXNativeTarget;
			buildConfigurationList = 50B025372C47E404002F1AD7 /* Build configuration list for PBXNativeTarget "JS Blocker" */;
			buildPhases = (
				50B024FE2C47E401002F1AD7 /* Sources */,
				50B024FF2C47E401002F1AD7 /* Frameworks */,
				50B025002C47E401002F1AD7 /* Resources */,
				50B025362C47E404002F1AD7 /* Embed Foundation Extensions */,
			);
			buildRules = (
			);
			dependencies = (
				50B025212C47E404002F1AD7 /* PBXTargetDependency */,
				50B0255F2C47ECCC002F1AD7 /* PBXTargetDependency */,
			);
			name = "JS Blocker";
			productName = "JS Blocker";
			productReference = 50B025022C47E401002F1AD7 /* JS Blocker.app */;
			productType = "com.apple.product-type.application";
		};
		50B0251D2C47E404002F1AD7 /* JS Blocker Extension */ = {
			isa = PBXNativeTarget;
			buildConfigurationList = 50B025332C47E404002F1AD7 /* Build configuration list for PBXNativeTarget "JS Blocker Extension" */;
			buildPhases = (
				50B0251A2C47E404002F1AD7 /* Sources */,
				50B0251B2C47E404002F1AD7 /* Frameworks */,
				50B0251C2C47E404002F1AD7 /* Resources */,
			);
			buildRules = (
			);
			dependencies = (
			);
			name = "JS Blocker Extension";
			productName = "JS Blocker Extension";
			productReference = 50B0251E2C47E404002F1AD7 /* JS Blocker Extension.appex */;
			productType = "com.apple.product-type.app-extension";
		};
		50B025522C47ECCC002F1AD7 /* JS Blocker Rules */ = {
			isa = PBXNativeTarget;
			buildConfigurationList = 50B025632C47ECCC002F1AD7 /* Build configuration list for PBXNativeTarget "JS Blocker Rules" */;
			buildPhases = (
				50B0254F2C47ECCC002F1AD7 /* Sources */,
				50B025502C47ECCC002F1AD7 /* Frameworks */,
				50B025512C47ECCC002F1AD7 /* Resources */,
			);
			buildRules = (
			);
			dependencies = (
			);
			name = "JS Blocker Rules";
			productName = "JS Blocker Rules";
			productReference = 50B025532C47ECCC002F1AD7 /* JS Blocker Rules.appex */;
			productType = "com.apple.product-type.app-extension";
		};
/* End PBXNativeTarget section */

/* Begin PBXProject section */
		50B024FA2C47E401002F1AD7 /* Project object */ = {
			isa = PBXProject;
			attributes = {
				BuildIndependentTargetsInParallel = 1;
				LastSwiftUpdateCheck = 1540;
				LastUpgradeCheck = 1540;
				ORGANIZATIONNAME = "Maxim Rysevets";
				TargetAttributes = {
					50B025012C47E401002F1AD7 = {
						CreatedOnToolsVersion = 15.4;
					};
					50B0251D2C47E404002F1AD7 = {
						CreatedOnToolsVersion = 15.4;
					};
					50B025522C47ECCC002F1AD7 = {
						CreatedOnToolsVersion = 15.4;
					};
				};
			};
			buildConfigurationList = 50B024FD2C47E401002F1AD7 /* Build configuration list for PBXProject "JS Blocker" */;
			compatibilityVersion = "Xcode 14.0";
			developmentRegion = en;
			hasScannedForEncodings = 0;
			knownRegions = (
				en,
				Base,
			);
			mainGroup = 50B024F92C47E401002F1AD7;
			productRefGroup = 50B025032C47E401002F1AD7 /* Products */;
			projectDirPath = "";
			projectRoot = "";
			targets = (
				50B025012C47E401002F1AD7 /* JS Blocker */,
				50B0251D2C47E404002F1AD7 /* JS Blocker Extension */,
				50B025522C47ECCC002F1AD7 /* JS Blocker Rules */,
			);
		};
/* End PBXProject section */

/* Begin PBXResourcesBuildPhase section */
		50B025002C47E401002F1AD7 /* Resources */ = {
			isa = PBXResourcesBuildPhase;
			buildActionMask = 2147483647;
			files = (
				50B025172C47E403002F1AD7 /* Assets.xcassets in Resources */,
				50B025152C47E401002F1AD7 /* Base in Resources */,
			);
			runOnlyForDeploymentPostprocessing = 0;
		};
		50B0251C2C47E404002F1AD7 /* Resources */ = {
			isa = PBXResourcesBuildPhase;
			buildActionMask = 2147483647;
			files = (
				50B0252B2C47E404002F1AD7 /* ToolbarItemIcon.pdf in Resources */,
				50B0252E2C47E404002F1AD7 /* Base in Resources */,
				503CE1442C6E32C400835509 /* ToolbarItemIcon-active.pdf in Resources */,
				50B025292C47E404002F1AD7 /* script.js in Resources */,
			);
			runOnlyForDeploymentPostprocessing = 0;
		};
		50B025512C47ECCC002F1AD7 /* Resources */ = {
			isa = PBXResourcesBuildPhase;
			buildActionMask = 2147483647;
			files = (
				50B025592C47ECCC002F1AD7 /* blockerList.json in Resources */,
			);
			runOnlyForDeploymentPostprocessing = 0;
		};
/* End PBXResourcesBuildPhase section */

/* Begin PBXSourcesBuildPhase section */
		50B024FE2C47E401002F1AD7 /* Sources */ = {
			isa = PBXSourcesBuildPhase;
			buildActionMask = 2147483647;
			files = (
				50B025122C47E401002F1AD7 /* ViewController_tabRules.swift in Sources */,
				5019AA0D2C6E43E2003F9AF5 /* ViewController_tabInstallation.swift in Sources */,
				50B025062C47E401002F1AD7 /* AppDelegate.swift in Sources */,
				5019AA152C6E4FBE003F9AF5 /* Model.xcdatamodeld in Sources */,
			);
			runOnlyForDeploymentPostprocessing = 0;
		};
		50B0251A2C47E404002F1AD7 /* Sources */ = {
			isa = PBXSourcesBuildPhase;
			buildActionMask = 2147483647;
			files = (
				50B025262C47E404002F1AD7 /* SafariExtensionViewController.swift in Sources */,
				50B025242C47E404002F1AD7 /* SafariExtensionHandler.swift in Sources */,
				5019AA162C6E4FBE003F9AF5 /* Model.xcdatamodeld in Sources */,
			);
			runOnlyForDeploymentPostprocessing = 0;
		};
		50B0254F2C47ECCC002F1AD7 /* Sources */ = {
			isa = PBXSourcesBuildPhase;
			buildActionMask = 2147483647;
			files = (
				50B0255B2C47ECCC002F1AD7 /* ContentBlockerRequestHandler.swift in Sources */,
				5019AA172C6E4FBE003F9AF5 /* Model.xcdatamodeld in Sources */,
			);
			runOnlyForDeploymentPostprocessing = 0;
		};
/* End PBXSourcesBuildPhase section */

/* Begin PBXTargetDependency section */
		50B025212C47E404002F1AD7 /* PBXTargetDependency */ = {
			isa = PBXTargetDependency;
			target = 50B0251D2C47E404002F1AD7 /* JS Blocker Extension */;
			targetProxy = 50B025202C47E404002F1AD7 /* PBXContainerItemProxy */;
		};
		50B0255F2C47ECCC002F1AD7 /* PBXTargetDependency */ = {
			isa = PBXTargetDependency;
			target = 50B025522C47ECCC002F1AD7 /* JS Blocker Rules */;
			targetProxy = 50B0255E2C47ECCC002F1AD7 /* PBXContainerItemProxy */;
		};
/* End PBXTargetDependency section */

/* Begin PBXVariantGroup section */
		50B025132C47E401002F1AD7 /* Main.storyboard */ = {
			isa = PBXVariantGroup;
			children = (
				50B025142C47E401002F1AD7 /* Base */,
			);
			name = Main.storyboard;
			sourceTree = "<group>";
		};
		50B0252C2C47E404002F1AD7 /* SafariExtensionViewController.xib */ = {
			isa = PBXVariantGroup;
			children = (
				50B0252D2C47E404002F1AD7 /* Base */,
			);
			name = SafariExtensionViewController.xib;
			sourceTree = "<group>";
		};
/* End PBXVariantGroup section */

/* Begin XCBuildConfiguration section */
		50B025312C47E404002F1AD7 /* Debug */ = {
			isa = XCBuildConfiguration;
			buildSettings = {
				ALWAYS_SEARCH_USER_PATHS = NO;
				ASSETCATALOG_COMPILER_GENERATE_SWIFT_ASSET_SYMBOL_EXTENSIONS = YES;
				CLANG_ANALYZER_NONNULL = YES;
				CLANG_ANALYZER_NUMBER_OBJECT_CONVERSION = YES_AGGRESSIVE;
				CLANG_CXX_LANGUAGE_STANDARD = "gnu++20";
				CLANG_ENABLE_MODULES = YES;
				CLANG_ENABLE_OBJC_ARC = YES;
				CLANG_ENABLE_OBJC_WEAK = YES;
				CLANG_WARN_BLOCK_CAPTURE_AUTORELEASING = YES;
				CLANG_WARN_BOOL_CONVERSION = YES;
				CLANG_WARN_COMMA = YES;
				CLANG_WARN_CONSTANT_CONVERSION = YES;
				CLANG_WARN_DEPRECATED_OBJC_IMPLEMENTATIONS = YES;
				CLANG_WARN_DIRECT_OBJC_ISA_USAGE = YES_ERROR;
				CLANG_WARN_DOCUMENTATION_COMMENTS = YES;
				CLANG_WARN_EMPTY_BODY = YES;
				CLANG_WARN_ENUM_CONVERSION = YES;
				CLANG_WARN_INFINITE_RECURSION = YES;
				CLANG_WARN_INT_CONVERSION = YES;
				CLANG_WARN_NON_LITERAL_NULL_CONVERSION = YES;
				CLANG_WARN_OBJC_IMPLICIT_RETAIN_SELF = YES;
				CLANG_WARN_OBJC_LITERAL_CONVERSION = YES;
				CLANG_WARN_OBJC_ROOT_CLASS = YES_ERROR;
				CLANG_WARN_QUOTED_INCLUDE_IN_FRAMEWORK_HEADER = YES;
				CLANG_WARN_RANGE_LOOP_ANALYSIS = YES;
				CLANG_WARN_STRICT_PROTOTYPES = YES;
				CLANG_WARN_SUSPICIOUS_MOVE = YES;
				CLANG_WARN_UNGUARDED_AVAILABILITY = YES_AGGRESSIVE;
				CLANG_WARN_UNREACHABLE_CODE = YES;
				CLANG_WARN__DUPLICATE_METHOD_MATCH = YES;
				COPY_PHASE_STRIP = NO;
				DEBUG_INFORMATION_FORMAT = dwarf;
				ENABLE_STRICT_OBJC_MSGSEND = YES;
				ENABLE_TESTABILITY = YES;
				ENABLE_USER_SCRIPT_SANDBOXING = YES;
				GCC_C_LANGUAGE_STANDARD = gnu17;
				GCC_DYNAMIC_NO_PIC = NO;
				GCC_NO_COMMON_BLOCKS = YES;
				GCC_OPTIMIZATION_LEVEL = 0;
				GCC_PREPROCESSOR_DEFINITIONS = (
					"DEBUG=1",
					"$(inherited)",
				);
				GCC_WARN_64_TO_32_BIT_CONVERSION = YES;
				GCC_WARN_ABOUT_RETURN_TYPE = YES_ERROR;
				GCC_WARN_UNDECLARED_SELECTOR = YES;
				GCC_WARN_UNINITIALIZED_AUTOS = YES_AGGRESSIVE;
				GCC_WARN_UNUSED_FUNCTION = YES;
				GCC_WARN_UNUSED_VARIABLE = YES;
				LOCALIZATION_PREFERS_STRING_CATALOGS = YES;
				MACOSX_DEPLOYMENT_TARGET = 14.5;
				MTL_ENABLE_DEBUG_INFO = INCLUDE_SOURCE;
				MTL_FAST_MATH = YES;
				ONLY_ACTIVE_ARCH = YES;
				SDKROOT = macosx;
				SWIFT_ACTIVE_COMPILATION_CONDITIONS = "DEBUG $(inherited)";
				SWIFT_OPTIMIZATION_LEVEL = "-Onone";
			};
			name = Debug;
		};
		50B025322C47E404002F1AD7 /* Release */ = {
			isa = XCBuildConfiguration;
			buildSettings = {
				ALWAYS_SEARCH_USER_PATHS = NO;
				ASSETCATALOG_COMPILER_GENERATE_SWIFT_ASSET_SYMBOL_EXTENSIONS = YES;
				CLANG_ANALYZER_NONNULL = YES;
				CLANG_ANALYZER_NUMBER_OBJECT_CONVERSION = YES_AGGRESSIVE;
				CLANG_CXX_LANGUAGE_STANDARD = "gnu++20";
				CLANG_ENABLE_MODULES = YES;
				CLANG_ENABLE_OBJC_ARC = YES;
				CLANG_ENABLE_OBJC_WEAK = YES;
				CLANG_WARN_BLOCK_CAPTURE_AUTORELEASING = YES;
				CLANG_WARN_BOOL_CONVERSION = YES;
				CLANG_WARN_COMMA = YES;
				CLANG_WARN_CONSTANT_CONVERSION = YES;
				CLANG_WARN_DEPRECATED_OBJC_IMPLEMENTATIONS = YES;
				CLANG_WARN_DIRECT_OBJC_ISA_USAGE = YES_ERROR;
				CLANG_WARN_DOCUMENTATION_COMMENTS = YES;
				CLANG_WARN_EMPTY_BODY = YES;
				CLANG_WARN_ENUM_CONVERSION = YES;
				CLANG_WARN_INFINITE_RECURSION = YES;
				CLANG_WARN_INT_CONVERSION = YES;
				CLANG_WARN_NON_LITERAL_NULL_CONVERSION = YES;
				CLANG_WARN_OBJC_IMPLICIT_RETAIN_SELF = YES;
				CLANG_WARN_OBJC_LITERAL_CONVERSION = YES;
				CLANG_WARN_OBJC_ROOT_CLASS = YES_ERROR;
				CLANG_WARN_QUOTED_INCLUDE_IN_FRAMEWORK_HEADER = YES;
				CLANG_WARN_RANGE_LOOP_ANALYSIS = YES;
				CLANG_WARN_STRICT_PROTOTYPES = YES;
				CLANG_WARN_SUSPICIOUS_MOVE = YES;
				CLANG_WARN_UNGUARDED_AVAILABILITY = YES_AGGRESSIVE;
				CLANG_WARN_UNREACHABLE_CODE = YES;
				CLANG_WARN__DUPLICATE_METHOD_MATCH = YES;
				COPY_PHASE_STRIP = NO;
				DEBUG_INFORMATION_FORMAT = "dwarf-with-dsym";
				ENABLE_NS_ASSERTIONS = NO;
				ENABLE_STRICT_OBJC_MSGSEND = YES;
				ENABLE_USER_SCRIPT_SANDBOXING = YES;
				GCC_C_LANGUAGE_STANDARD = gnu17;
				GCC_NO_COMMON_BLOCKS = YES;
				GCC_WARN_64_TO_32_BIT_CONVERSION = YES;
				GCC_WARN_ABOUT_RETURN_TYPE = YES_ERROR;
				GCC_WARN_UNDECLARED_SELECTOR = YES;
				GCC_WARN_UNINITIALIZED_AUTOS = YES_AGGRESSIVE;
				GCC_WARN_UNUSED_FUNCTION = YES;
				GCC_WARN_UNUSED_VARIABLE = YES;
				LOCALIZATION_PREFERS_STRING_CATALOGS = YES;
				MACOSX_DEPLOYMENT_TARGET = 14.5;
				MTL_ENABLE_DEBUG_INFO = NO;
				MTL_FAST_MATH = YES;
				SDKROOT = macosx;
				SWIFT_COMPILATION_MODE = wholemodule;
			};
			name = Release;
		};
		50B025342C47E404002F1AD7 /* Debug */ = {
			isa = XCBuildConfiguration;
			buildSettings = {
				CODE_SIGN_ENTITLEMENTS = "JS Blocker Extension/JS_Blocker_Extension.entitlements";
				CODE_SIGN_STYLE = Automatic;
				CURRENT_PROJECT_VERSION = 1;
				DEVELOPMENT_TEAM = 97CZR6J379;
				ENABLE_HARDENED_RUNTIME = YES;
				GENERATE_INFOPLIST_FILE = YES;
				INFOPLIST_FILE = "JS Blocker Extension/Info.plist";
				INFOPLIST_KEY_CFBundleDisplayName = "JS Blocker: Extension";
				INFOPLIST_KEY_NSHumanReadableCopyright = "Copyright © 2024 Maxim Rysevets. All rights reserved.";
				LD_RUNPATH_SEARCH_PATHS = (
					"$(inherited)",
					"@executable_path/../Frameworks",
					"@executable_path/../../../../Frameworks",
				);
				MACOSX_DEPLOYMENT_TARGET = 11.0;
				MARKETING_VERSION = 1.0;
				OTHER_LDFLAGS = (
					"-framework",
					SafariServices,
				);
				PRODUCT_BUNDLE_IDENTIFIER = "maxrys.js-blocker.extension";
				PRODUCT_NAME = "$(TARGET_NAME)";
				SKIP_INSTALL = YES;
				SWIFT_EMIT_LOC_STRINGS = YES;
				SWIFT_VERSION = 5.0;
			};
			name = Debug;
		};
		50B025352C47E404002F1AD7 /* Release */ = {
			isa = XCBuildConfiguration;
			buildSettings = {
				CODE_SIGN_ENTITLEMENTS = "JS Blocker Extension/JS_Blocker_Extension.entitlements";
				CODE_SIGN_STYLE = Automatic;
				CURRENT_PROJECT_VERSION = 1;
				DEVELOPMENT_TEAM = 97CZR6J379;
				ENABLE_HARDENED_RUNTIME = YES;
				GENERATE_INFOPLIST_FILE = YES;
				INFOPLIST_FILE = "JS Blocker Extension/Info.plist";
				INFOPLIST_KEY_CFBundleDisplayName = "JS Blocker: Extension";
				INFOPLIST_KEY_NSHumanReadableCopyright = "Copyright © 2024 Maxim Rysevets. All rights reserved.";
				LD_RUNPATH_SEARCH_PATHS = (
					"$(inherited)",
					"@executable_path/../Frameworks",
					"@executable_path/../../../../Frameworks",
				);
				MACOSX_DEPLOYMENT_TARGET = 11.0;
				MARKETING_VERSION = 1.0;
				OTHER_LDFLAGS = (
					"-framework",
					SafariServices,
				);
				PRODUCT_BUNDLE_IDENTIFIER = "maxrys.js-blocker.extension";
				PRODUCT_NAME = "$(TARGET_NAME)";
				SKIP_INSTALL = YES;
				SWIFT_EMIT_LOC_STRINGS = YES;
				SWIFT_VERSION = 5.0;
			};
			name = Release;
		};
		50B025382C47E404002F1AD7 /* Debug */ = {
			isa = XCBuildConfiguration;
			buildSettings = {
				ALWAYS_EMBED_SWIFT_STANDARD_LIBRARIES = YES;
				ASSETCATALOG_COMPILER_APPICON_NAME = AppIcon;
				ASSETCATALOG_COMPILER_GLOBAL_ACCENT_COLOR_NAME = AccentColor;
				CODE_SIGN_ENTITLEMENTS = "JS Blocker/JS Blocker.entitlements";
				CODE_SIGN_STYLE = Automatic;
				COMBINE_HIDPI_IMAGES = YES;
				CURRENT_PROJECT_VERSION = 1;
				DEVELOPMENT_TEAM = 97CZR6J379;
				ENABLE_HARDENED_RUNTIME = YES;
				GENERATE_INFOPLIST_FILE = YES;
				INFOPLIST_KEY_CFBundleDisplayName = "JS Blocker";
				INFOPLIST_KEY_LSApplicationCategoryType = "public.app-category.utilities";
				INFOPLIST_KEY_NSHumanReadableCopyright = "Copyright © 2024 Maxim Rysevets. All rights reserved.";
				INFOPLIST_KEY_NSMainStoryboardFile = Main;
				INFOPLIST_KEY_NSPrincipalClass = NSApplication;
				LD_RUNPATH_SEARCH_PATHS = (
					"$(inherited)",
					"@executable_path/../Frameworks",
				);
				MACOSX_DEPLOYMENT_TARGET = 11.0;
				MARKETING_VERSION = 1.0;
				OTHER_LDFLAGS = (
					"-framework",
					SafariServices,
					"-framework",
					WebKit,
				);
				PRODUCT_BUNDLE_IDENTIFIER = "maxrys.js-blocker";
				PRODUCT_NAME = "$(TARGET_NAME)";
				SWIFT_EMIT_LOC_STRINGS = YES;
				SWIFT_VERSION = 5.0;
			};
			name = Debug;
		};
		50B025392C47E404002F1AD7 /* Release */ = {
			isa = XCBuildConfiguration;
			buildSettings = {
				ALWAYS_EMBED_SWIFT_STANDARD_LIBRARIES = YES;
				ASSETCATALOG_COMPILER_APPICON_NAME = AppIcon;
				ASSETCATALOG_COMPILER_GLOBAL_ACCENT_COLOR_NAME = AccentColor;
				CODE_SIGN_ENTITLEMENTS = "JS Blocker/JS Blocker.entitlements";
				CODE_SIGN_STYLE = Automatic;
				COMBINE_HIDPI_IMAGES = YES;
				CURRENT_PROJECT_VERSION = 1;
				DEVELOPMENT_TEAM = 97CZR6J379;
				ENABLE_HARDENED_RUNTIME = YES;
				GENERATE_INFOPLIST_FILE = YES;
				INFOPLIST_KEY_CFBundleDisplayName = "JS Blocker";
				INFOPLIST_KEY_LSApplicationCategoryType = "public.app-category.utilities";
				INFOPLIST_KEY_NSHumanReadableCopyright = "Copyright © 2024 Maxim Rysevets. All rights reserved.";
				INFOPLIST_KEY_NSMainStoryboardFile = Main;
				INFOPLIST_KEY_NSPrincipalClass = NSApplication;
				LD_RUNPATH_SEARCH_PATHS = (
					"$(inherited)",
					"@executable_path/../Frameworks",
				);
				MACOSX_DEPLOYMENT_TARGET = 11.0;
				MARKETING_VERSION = 1.0;
				OTHER_LDFLAGS = (
					"-framework",
					SafariServices,
					"-framework",
					WebKit,
				);
				PRODUCT_BUNDLE_IDENTIFIER = "maxrys.js-blocker";
				PRODUCT_NAME = "$(TARGET_NAME)";
				SWIFT_EMIT_LOC_STRINGS = YES;
				SWIFT_VERSION = 5.0;
			};
			name = Release;
		};
		50B025612C47ECCC002F1AD7 /* Debug */ = {
			isa = XCBuildConfiguration;
			buildSettings = {
				CODE_SIGN_ENTITLEMENTS = "JS Blocker Rules/JS_Blocker_Rules.entitlements";
				CODE_SIGN_STYLE = Automatic;
				CURRENT_PROJECT_VERSION = 1;
				DEVELOPMENT_TEAM = 97CZR6J379;
				ENABLE_HARDENED_RUNTIME = YES;
				GENERATE_INFOPLIST_FILE = YES;
				INFOPLIST_FILE = "JS Blocker Rules/Info.plist";
				INFOPLIST_KEY_CFBundleDisplayName = "JS Blocker: Rules";
				INFOPLIST_KEY_NSHumanReadableCopyright = "Copyright © 2024 Maxim Rysevets. All rights reserved.";
				LD_RUNPATH_SEARCH_PATHS = (
					"$(inherited)",
					"@executable_path/../Frameworks",
					"@executable_path/../../../../Frameworks",
				);
				MACOSX_DEPLOYMENT_TARGET = 11.0;
				MARKETING_VERSION = 1.0;
				PRODUCT_BUNDLE_IDENTIFIER = "maxrys.js-blocker.rules";
				PRODUCT_NAME = "$(TARGET_NAME)";
				SKIP_INSTALL = YES;
				SWIFT_EMIT_LOC_STRINGS = YES;
				SWIFT_VERSION = 5.0;
			};
			name = Debug;
		};
		50B025622C47ECCC002F1AD7 /* Release */ = {
			isa = XCBuildConfiguration;
			buildSettings = {
				CODE_SIGN_ENTITLEMENTS = "JS Blocker Rules/JS_Blocker_Rules.entitlements";
				CODE_SIGN_STYLE = Automatic;
				CURRENT_PROJECT_VERSION = 1;
				DEVELOPMENT_TEAM = 97CZR6J379;
				ENABLE_HARDENED_RUNTIME = YES;
				GENERATE_INFOPLIST_FILE = YES;
				INFOPLIST_FILE = "JS Blocker Rules/Info.plist";
				INFOPLIST_KEY_CFBundleDisplayName = "JS Blocker: Rules";
				INFOPLIST_KEY_NSHumanReadableCopyright = "Copyright © 2024 Maxim Rysevets. All rights reserved.";
				LD_RUNPATH_SEARCH_PATHS = (
					"$(inherited)",
					"@executable_path/../Frameworks",
					"@executable_path/../../../../Frameworks",
				);
				MACOSX_DEPLOYMENT_TARGET = 11.0;
				MARKETING_VERSION = 1.0;
				PRODUCT_BUNDLE_IDENTIFIER = "maxrys.js-blocker.rules";
				PRODUCT_NAME = "$(TARGET_NAME)";
				SKIP_INSTALL = YES;
				SWIFT_EMIT_LOC_STRINGS = YES;
				SWIFT_VERSION = 5.0;
			};
			name = Release;
		};
/* End XCBuildConfiguration section */

/* Begin XCConfigurationList section */
		50B024FD2C47E401002F1AD7 /* Build configuration list for PBXProject "JS Blocker" */ = {
			isa = XCConfigurationList;
			buildConfigurations = (
				50B025312C47E404002F1AD7 /* Debug */,
				50B025322C47E404002F1AD7 /* Release */,
			);
			defaultConfigurationIsVisible = 0;
			defaultConfigurationName = Release;
		};
		50B025332C47E404002F1AD7 /* Build configuration list for PBXNativeTarget "JS Blocker Extension" */ = {
			isa = XCConfigurationList;
			buildConfigurations = (
				50B025342C47E404002F1AD7 /* Debug */,
				50B025352C47E404002F1AD7 /* Release */,
			);
			defaultConfigurationIsVisible = 0;
			defaultConfigurationName = Release;
		};
		50B025372C47E404002F1AD7 /* Build configuration list for PBXNativeTarget "JS Blocker" */ = {
			isa = XCConfigurationList;
			buildConfigurations = (
				50B025382C47E404002F1AD7 /* Debug */,
				50B025392C47E404002F1AD7 /* Release */,
			);
			defaultConfigurationIsVisible = 0;
			defaultConfigurationName = Release;
		};
		50B025632C47ECCC002F1AD7 /* Build configuration list for PBXNativeTarget "JS Blocker Rules" */ = {
			isa = XCConfigurationList;
			buildConfigurations = (
				50B025612C47ECCC002F1AD7 /* Debug */,
				50B025622C47ECCC002F1AD7 /* Release */,
			);
			defaultConfigurationIsVisible = 0;
			defaultConfigurationName = Release;
		};
/* End XCConfigurationList section */

/* Begin XCVersionGroup section */
		5019AA132C6E4FBE003F9AF5 /* Model.xcdatamodeld */ = {
			isa = XCVersionGroup;
			children = (
				5019AA142C6E4FBE003F9AF5 /* Model.xcdatamodel */,
			);
			currentVersion = 5019AA142C6E4FBE003F9AF5 /* Model.xcdatamodel */;
			name = Model.xcdatamodeld;
			path = Model.xcdatamodeld;
			sourceTree = "<group>";
			versionGroupType = wrapper.xcdatamodel;
		};
/* End XCVersionGroup section */
	};
	rootObject = 50B024FA2C47E401002F1AD7 /* Project object */;
}
