// !$*UTF8*$!
{
	archiveVersion = 1;
	classes = {
	};
	objectVersion = 60;
	objects = {

/* Begin PBXBuildFile section */
		500D2C562D058C8200551390 /* NSRegularExpression.swift in Sources */ = {isa = PBXBuildFile; fileRef = 500D2C552D058C8000551390 /* NSRegularExpression.swift */; };
		500D2C572D058C8200551390 /* NSRegularExpression.swift in Sources */ = {isa = PBXBuildFile; fileRef = 500D2C552D058C8000551390 /* NSRegularExpression.swift */; };
		500D2C582D058C8200551390 /* NSRegularExpression.swift in Sources */ = {isa = PBXBuildFile; fileRef = 500D2C552D058C8000551390 /* NSRegularExpression.swift */; };
		500D2C5A2D058D2E00551390 /* MessageType.swift in Sources */ = {isa = PBXBuildFile; fileRef = 500D2C592D058D2B00551390 /* MessageType.swift */; };
		500D2C5B2D058D2E00551390 /* MessageType.swift in Sources */ = {isa = PBXBuildFile; fileRef = 500D2C592D058D2B00551390 /* MessageType.swift */; };
		500D2C5C2D058D2E00551390 /* MessageType.swift in Sources */ = {isa = PBXBuildFile; fileRef = 500D2C592D058D2B00551390 /* MessageType.swift */; };
		500D2D242D05951400551390 /* SFSafariApplication.swift in Sources */ = {isa = PBXBuildFile; fileRef = 50875E192C71EE1700756D64 /* SFSafariApplication.swift */; };
		500D2D252D05951900551390 /* NSTableView.swift in Sources */ = {isa = PBXBuildFile; fileRef = 50875E152C71EE1200756D64 /* NSTableView.swift */; };
		500D2D262D05951D00551390 /* NSRegularExpression.swift in Sources */ = {isa = PBXBuildFile; fileRef = 500D2C552D058C8000551390 /* NSRegularExpression.swift */; };
		500D2D282D05952700551390 /* String.swift in Sources */ = {isa = PBXBuildFile; fileRef = 50875E112C71EE0D00756D64 /* String.swift */; };
		500D2D2A2D05969F00551390 /* JS_Blocker_Tests.swift in Sources */ = {isa = PBXBuildFile; fileRef = 500D2D292D05969F00551390 /* JS_Blocker_Tests.swift */; };
		5019AA0D2C6E43E2003F9AF5 /* ViewController_tabInstallation.swift in Sources */ = {isa = PBXBuildFile; fileRef = 5019AA0C2C6E43E2003F9AF5 /* ViewController_tabInstallation.swift */; };
		5019AA152C6E4FBE003F9AF5 /* Model.xcdatamodeld in Sources */ = {isa = PBXBuildFile; fileRef = 5019AA132C6E4FBE003F9AF5 /* Model.xcdatamodeld */; };
		5019AA162C6E4FBE003F9AF5 /* Model.xcdatamodeld in Sources */ = {isa = PBXBuildFile; fileRef = 5019AA132C6E4FBE003F9AF5 /* Model.xcdatamodeld */; };
		5019AA172C6E4FBE003F9AF5 /* Model.xcdatamodeld in Sources */ = {isa = PBXBuildFile; fileRef = 5019AA132C6E4FBE003F9AF5 /* Model.xcdatamodeld */; };
		503CE1442C6E32C400835509 /* ToolbarIcon-local.pdf in Resources */ = {isa = PBXBuildFile; fileRef = 503CE1432C6E32C400835509 /* ToolbarIcon-local.pdf */; };
		5064F9152D0D9AF500F26724 /* Localizable.xcstrings in Resources */ = {isa = PBXBuildFile; fileRef = 5064F9142D0D9AF500F26724 /* Localizable.xcstrings */; };
		5064F9162D0D9AF500F26724 /* Localizable.xcstrings in Resources */ = {isa = PBXBuildFile; fileRef = 5064F9142D0D9AF500F26724 /* Localizable.xcstrings */; };
		50875E0B2C71E93A00756D64 /* WhiteDomains.swift in Sources */ = {isa = PBXBuildFile; fileRef = 50875E092C71E93A00756D64 /* WhiteDomains.swift */; };
		50875E0D2C71E93A00756D64 /* WhiteDomains.swift in Sources */ = {isa = PBXBuildFile; fileRef = 50875E092C71E93A00756D64 /* WhiteDomains.swift */; };
		50875E0F2C71E93A00756D64 /* WhiteDomains.swift in Sources */ = {isa = PBXBuildFile; fileRef = 50875E092C71E93A00756D64 /* WhiteDomains.swift */; };
		50875E122C71EE0D00756D64 /* String.swift in Sources */ = {isa = PBXBuildFile; fileRef = 50875E112C71EE0D00756D64 /* String.swift */; };
		50875E132C71EE0D00756D64 /* String.swift in Sources */ = {isa = PBXBuildFile; fileRef = 50875E112C71EE0D00756D64 /* String.swift */; };
		50875E142C71EE0D00756D64 /* String.swift in Sources */ = {isa = PBXBuildFile; fileRef = 50875E112C71EE0D00756D64 /* String.swift */; };
		50875E162C71EE1200756D64 /* NSTableView.swift in Sources */ = {isa = PBXBuildFile; fileRef = 50875E152C71EE1200756D64 /* NSTableView.swift */; };
		50875E172C71EE1200756D64 /* NSTableView.swift in Sources */ = {isa = PBXBuildFile; fileRef = 50875E152C71EE1200756D64 /* NSTableView.swift */; };
		50875E182C71EE1200756D64 /* NSTableView.swift in Sources */ = {isa = PBXBuildFile; fileRef = 50875E152C71EE1200756D64 /* NSTableView.swift */; };
		50875E1A2C71EE1700756D64 /* SFSafariApplication.swift in Sources */ = {isa = PBXBuildFile; fileRef = 50875E192C71EE1700756D64 /* SFSafariApplication.swift */; };
		50875E1B2C71EE1700756D64 /* SFSafariApplication.swift in Sources */ = {isa = PBXBuildFile; fileRef = 50875E192C71EE1700756D64 /* SFSafariApplication.swift */; };
		50875E1C2C71EE1700756D64 /* SFSafariApplication.swift in Sources */ = {isa = PBXBuildFile; fileRef = 50875E192C71EE1700756D64 /* SFSafariApplication.swift */; };
		50875E202C71F0C700756D64 /* ViewController_tableWhiteDomains.swift in Sources */ = {isa = PBXBuildFile; fileRef = 50875E1F2C71F0C700756D64 /* ViewController_tableWhiteDomains.swift */; };
		50875E222C71F21C00756D64 /* Assets.xcassets in Resources */ = {isa = PBXBuildFile; fileRef = 50875E212C71F21C00756D64 /* Assets.xcassets */; };
		50875E232C71F21C00756D64 /* Assets.xcassets in Resources */ = {isa = PBXBuildFile; fileRef = 50875E212C71F21C00756D64 /* Assets.xcassets */; };
		50875E292C71F5A400756D64 /* Main.storyboard in Resources */ = {isa = PBXBuildFile; fileRef = 50B025132C47E401002F1AD7 /* Main.storyboard */; };
		50875E2A2C71F5A800756D64 /* PopupTarget.xib in Resources */ = {isa = PBXBuildFile; fileRef = 50B0252C2C47E404002F1AD7 /* PopupTarget.xib */; };
		50875E342C71F6FD00756D64 /* InfoPlist.xcstrings in Resources */ = {isa = PBXBuildFile; fileRef = 50875E332C71F6FD00756D64 /* InfoPlist.xcstrings */; };
		50875E382C71F72A00756D64 /* InfoPlist.xcstrings in Resources */ = {isa = PBXBuildFile; fileRef = 50875E372C71F72A00756D64 /* InfoPlist.xcstrings */; };
		50875E3C2C71F74100756D64 /* InfoPlist.xcstrings in Resources */ = {isa = PBXBuildFile; fileRef = 50875E3B2C71F74100756D64 /* InfoPlist.xcstrings */; };
		50AD45152DACF6E500425467 /* RealTimer.swift in Sources */ = {isa = PBXBuildFile; fileRef = 50AD45142DACF6E500425467 /* RealTimer.swift */; };
		50AD45162DACF6E500425467 /* RealTimer.swift in Sources */ = {isa = PBXBuildFile; fileRef = 50AD45142DACF6E500425467 /* RealTimer.swift */; };
		50AD45172DACF6E500425467 /* RealTimer.swift in Sources */ = {isa = PBXBuildFile; fileRef = 50AD45142DACF6E500425467 /* RealTimer.swift */; };
		50AD45182DACF6E500425467 /* RealTimer.swift in Sources */ = {isa = PBXBuildFile; fileRef = 50AD45142DACF6E500425467 /* RealTimer.swift */; };
		50AD451A2DAD17C600425467 /* ToolbarIcon-global.pdf in Resources */ = {isa = PBXBuildFile; fileRef = 50AD45192DAD17C600425467 /* ToolbarIcon-global.pdf */; };
		50AD45212DAE59C300425467 /* View.swift in Sources */ = {isa = PBXBuildFile; fileRef = 50AD45202DAE59C300425467 /* View.swift */; };
		50AD45222DAE59C300425467 /* View.swift in Sources */ = {isa = PBXBuildFile; fileRef = 50AD45202DAE59C300425467 /* View.swift */; };
		50AD45232DAE59C300425467 /* View.swift in Sources */ = {isa = PBXBuildFile; fileRef = 50AD45202DAE59C300425467 /* View.swift */; };
		50AD45242DAE59C300425467 /* View.swift in Sources */ = {isa = PBXBuildFile; fileRef = 50AD45202DAE59C300425467 /* View.swift */; };
		50B025062C47E401002F1AD7 /* App.swift in Sources */ = {isa = PBXBuildFile; fileRef = 50B025052C47E401002F1AD7 /* App.swift */; };
		50B025122C47E401002F1AD7 /* ViewController_tabRules.swift in Sources */ = {isa = PBXBuildFile; fileRef = 50B025112C47E401002F1AD7 /* ViewController_tabRules.swift */; };
		50B025152C47E401002F1AD7 /* Base in Resources */ = {isa = PBXBuildFile; fileRef = 50B025142C47E401002F1AD7 /* Base */; };
		50B025172C47E403002F1AD7 /* Assets.xcassets in Resources */ = {isa = PBXBuildFile; fileRef = 50B025162C47E403002F1AD7 /* Assets.xcassets */; };
		50B0251F2C47E404002F1AD7 /* JS Blocker Extension.appex in Embed Foundation Extensions */ = {isa = PBXBuildFile; fileRef = 50B0251E2C47E404002F1AD7 /* JS Blocker Extension.appex */; settings = {ATTRIBUTES = (RemoveHeadersOnCopy, ); }; };
		50B025242C47E404002F1AD7 /* PopupHandler.swift in Sources */ = {isa = PBXBuildFile; fileRef = 50B025232C47E404002F1AD7 /* PopupHandler.swift */; };
		50B025262C47E404002F1AD7 /* PopupViewController.swift in Sources */ = {isa = PBXBuildFile; fileRef = 50B025252C47E404002F1AD7 /* PopupViewController.swift */; };
		50B025292C47E404002F1AD7 /* script.js in Resources */ = {isa = PBXBuildFile; fileRef = 50B025282C47E404002F1AD7 /* script.js */; };
		50B0252B2C47E404002F1AD7 /* ToolbarIcon-none.pdf in Resources */ = {isa = PBXBuildFile; fileRef = 50B0252A2C47E404002F1AD7 /* ToolbarIcon-none.pdf */; };
		50B0252E2C47E404002F1AD7 /* Base in Resources */ = {isa = PBXBuildFile; fileRef = 50B0252D2C47E404002F1AD7 /* Base */; };
		50B025562C47ECCC002F1AD7 /* Cocoa.framework in Frameworks */ = {isa = PBXBuildFile; fileRef = 50B025552C47ECCC002F1AD7 /* Cocoa.framework */; };
		50B0255B2C47ECCC002F1AD7 /* RulesHandler.swift in Sources */ = {isa = PBXBuildFile; fileRef = 50B0255A2C47ECCC002F1AD7 /* RulesHandler.swift */; };
		50B025602C47ECCC002F1AD7 /* JS Blocker Rules.appex in Embed Foundation Extensions */ = {isa = PBXBuildFile; fileRef = 50B025532C47ECCC002F1AD7 /* JS Blocker Rules.appex */; settings = {ATTRIBUTES = (RemoveHeadersOnCopy, ); }; };
		50E150B22DA93E59005768C1 /* App.swift in Sources */ = {isa = PBXBuildFile; fileRef = 50B025052C47E401002F1AD7 /* App.swift */; };
		50E150B32DA93E59005768C1 /* App.swift in Sources */ = {isa = PBXBuildFile; fileRef = 50B025052C47E401002F1AD7 /* App.swift */; };
		50E150B42DA94002005768C1 /* Message.swift in Sources */ = {isa = PBXBuildFile; fileRef = 50EB55102CF9AAB400FC060C /* Message.swift */; };
		50E150B62DA96616005768C1 /* BlockingType.swift in Sources */ = {isa = PBXBuildFile; fileRef = 50E150B52DA96615005768C1 /* BlockingType.swift */; };
		50E150B72DA96616005768C1 /* BlockingType.swift in Sources */ = {isa = PBXBuildFile; fileRef = 50E150B52DA96615005768C1 /* BlockingType.swift */; };
		50E150B82DA96616005768C1 /* BlockingType.swift in Sources */ = {isa = PBXBuildFile; fileRef = 50E150B52DA96615005768C1 /* BlockingType.swift */; };
		50E150B92DA96616005768C1 /* BlockingType.swift in Sources */ = {isa = PBXBuildFile; fileRef = 50E150B52DA96615005768C1 /* BlockingType.swift */; };
		50E150C02DAA789D005768C1 /* PopupState.swift in Sources */ = {isa = PBXBuildFile; fileRef = 50E150BF2DAA789B005768C1 /* PopupState.swift */; };
		50E150C12DAA789D005768C1 /* PopupState.swift in Sources */ = {isa = PBXBuildFile; fileRef = 50E150BF2DAA789B005768C1 /* PopupState.swift */; };
		50EB55162CF9AAB400FC060C /* Assets.xcassets in Resources */ = {isa = PBXBuildFile; fileRef = 50EB55132CF9AAB400FC060C /* Assets.xcassets */; };
		50EB55172CF9AAB400FC060C /* Popup.swift in Sources */ = {isa = PBXBuildFile; fileRef = 50EB55142CF9AAB400FC060C /* Popup.swift */; };
		50EB55182CF9AAB400FC060C /* RoundButton.swift in Sources */ = {isa = PBXBuildFile; fileRef = 50EB55112CF9AAB400FC060C /* RoundButton.swift */; };
		50EB55192CF9AAB400FC060C /* DomainRule.swift in Sources */ = {isa = PBXBuildFile; fileRef = 50EB550F2CF9AAB400FC060C /* DomainRule.swift */; };
		50EB551A2CF9AAB400FC060C /* Message.swift in Sources */ = {isa = PBXBuildFile; fileRef = 50EB55102CF9AAB400FC060C /* Message.swift */; };
		50EB551B2CF9AAB400FC060C /* Assets.xcassets in Resources */ = {isa = PBXBuildFile; fileRef = 50EB55132CF9AAB400FC060C /* Assets.xcassets */; };
		50EB551C2CF9AAB400FC060C /* Popup.swift in Sources */ = {isa = PBXBuildFile; fileRef = 50EB55142CF9AAB400FC060C /* Popup.swift */; };
		50EB551D2CF9AAB400FC060C /* RoundButton.swift in Sources */ = {isa = PBXBuildFile; fileRef = 50EB55112CF9AAB400FC060C /* RoundButton.swift */; };
		50EB551E2CF9AAB400FC060C /* DomainRule.swift in Sources */ = {isa = PBXBuildFile; fileRef = 50EB550F2CF9AAB400FC060C /* DomainRule.swift */; };
		50EB551F2CF9AAB400FC060C /* Message.swift in Sources */ = {isa = PBXBuildFile; fileRef = 50EB55102CF9AAB400FC060C /* Message.swift */; };
		50EB55352CF9F4BA00FC060C /* PopupViewController.swift in Sources */ = {isa = PBXBuildFile; fileRef = 50B025252C47E404002F1AD7 /* PopupViewController.swift */; };
/* End PBXBuildFile section */

/* Begin PBXContainerItemProxy section */
		500D2D1F2D05929D00551390 /* PBXContainerItemProxy */ = {
			isa = PBXContainerItemProxy;
			containerPortal = 50B024FA2C47E401002F1AD7 /* Project object */;
			proxyType = 1;
			remoteGlobalIDString = 50B025012C47E401002F1AD7;
			remoteInfo = "JS Blocker";
		};
		50B025202C47E404002F1AD7 /* PBXContainerItemProxy */ = {
			isa = PBXContainerItemProxy;
			containerPortal = 50B024FA2C47E401002F1AD7 /* Project object */;
			proxyType = 1;
			remoteGlobalIDString = 50B0251D2C47E404002F1AD7;
			remoteInfo = "JS Blocker Extension";
		};
		50B0255E2C47ECCC002F1AD7 /* PBXContainerItemProxy */ = {
			isa = PBXContainerItemProxy;
			containerPortal = 50B024FA2C47E401002F1AD7 /* Project object */;
			proxyType = 1;
			remoteGlobalIDString = 50B025522C47ECCC002F1AD7;
			remoteInfo = "JS Blocker Rules";
		};
/* End PBXContainerItemProxy section */

/* Begin PBXCopyFilesBuildPhase section */
		50B025362C47E404002F1AD7 /* Embed Foundation Extensions */ = {
			isa = PBXCopyFilesBuildPhase;
			buildActionMask = 2147483647;
			dstPath = "";
			dstSubfolderSpec = 13;
			files = (
				50B025602C47ECCC002F1AD7 /* JS Blocker Rules.appex in Embed Foundation Extensions */,
				50B0251F2C47E404002F1AD7 /* JS Blocker Extension.appex in Embed Foundation Extensions */,
			);
			name = "Embed Foundation Extensions";
			runOnlyForDeploymentPostprocessing = 0;
		};
/* End PBXCopyFilesBuildPhase section */

/* Begin PBXFileReference section */
		500D2C552D058C8000551390 /* NSRegularExpression.swift */ = {isa = PBXFileReference; lastKnownFileType = sourcecode.swift; path = NSRegularExpression.swift; sourceTree = "<group>"; };
		500D2C592D058D2B00551390 /* MessageType.swift */ = {isa = PBXFileReference; lastKnownFileType = sourcecode.swift; path = MessageType.swift; sourceTree = "<group>"; };
		500D2D1B2D05929D00551390 /* JS Blocker Tests.xctest */ = {isa = PBXFileReference; explicitFileType = wrapper.cfbundle; includeInIndex = 0; path = "JS Blocker Tests.xctest"; sourceTree = BUILT_PRODUCTS_DIR; };
		500D2D292D05969F00551390 /* JS_Blocker_Tests.swift */ = {isa = PBXFileReference; lastKnownFileType = sourcecode.swift; path = JS_Blocker_Tests.swift; sourceTree = "<group>"; };
		5019AA0C2C6E43E2003F9AF5 /* ViewController_tabInstallation.swift */ = {isa = PBXFileReference; lastKnownFileType = sourcecode.swift; path = ViewController_tabInstallation.swift; sourceTree = "<group>"; };
		5019AA142C6E4FBE003F9AF5 /* Model.xcdatamodel */ = {isa = PBXFileReference; lastKnownFileType = wrapper.xcdatamodel; path = Model.xcdatamodel; sourceTree = "<group>"; };
		503CE1432C6E32C400835509 /* ToolbarIcon-local.pdf */ = {isa = PBXFileReference; lastKnownFileType = image.pdf; path = "ToolbarIcon-local.pdf"; sourceTree = "<group>"; };
		5064F9142D0D9AF500F26724 /* Localizable.xcstrings */ = {isa = PBXFileReference; lastKnownFileType = text.json.xcstrings; path = Localizable.xcstrings; sourceTree = "<group>"; };
		50875E092C71E93A00756D64 /* WhiteDomains.swift */ = {isa = PBXFileReference; lastKnownFileType = sourcecode.swift; path = WhiteDomains.swift; sourceTree = "<group>"; };
		50875E112C71EE0D00756D64 /* String.swift */ = {isa = PBXFileReference; fileEncoding = 4; lastKnownFileType = sourcecode.swift; path = String.swift; sourceTree = "<group>"; };
		50875E152C71EE1200756D64 /* NSTableView.swift */ = {isa = PBXFileReference; fileEncoding = 4; lastKnownFileType = sourcecode.swift; path = NSTableView.swift; sourceTree = "<group>"; };
		50875E192C71EE1700756D64 /* SFSafariApplication.swift */ = {isa = PBXFileReference; fileEncoding = 4; lastKnownFileType = sourcecode.swift; path = SFSafariApplication.swift; sourceTree = "<group>"; };
		50875E1F2C71F0C700756D64 /* ViewController_tableWhiteDomains.swift */ = {isa = PBXFileReference; fileEncoding = 4; lastKnownFileType = sourcecode.swift; path = ViewController_tableWhiteDomains.swift; sourceTree = "<group>"; };
		50875E212C71F21C00756D64 /* Assets.xcassets */ = {isa = PBXFileReference; lastKnownFileType = folder.assetcatalog; path = Assets.xcassets; sourceTree = "<group>"; };
		50875E2B2C71F5C300756D64 /* mul */ = {isa = PBXFileReference; lastKnownFileType = text.json.xcstrings; name = mul; path = mul.lproj/Main.xcstrings; sourceTree = "<group>"; };
		50875E332C71F6FD00756D64 /* InfoPlist.xcstrings */ = {isa = PBXFileReference; fileEncoding = 4; lastKnownFileType = text.json.xcstrings; path = InfoPlist.xcstrings; sourceTree = "<group>"; };
		50875E372C71F72A00756D64 /* InfoPlist.xcstrings */ = {isa = PBXFileReference; fileEncoding = 4; lastKnownFileType = text.json.xcstrings; path = InfoPlist.xcstrings; sourceTree = "<group>"; };
		50875E3B2C71F74100756D64 /* InfoPlist.xcstrings */ = {isa = PBXFileReference; fileEncoding = 4; lastKnownFileType = text.json.xcstrings; path = InfoPlist.xcstrings; sourceTree = "<group>"; };
		50AD45142DACF6E500425467 /* RealTimer.swift */ = {isa = PBXFileReference; lastKnownFileType = sourcecode.swift; path = RealTimer.swift; sourceTree = "<group>"; };
		50AD45192DAD17C600425467 /* ToolbarIcon-global.pdf */ = {isa = PBXFileReference; lastKnownFileType = image.pdf; path = "ToolbarIcon-global.pdf"; sourceTree = "<group>"; };
		50AD45202DAE59C300425467 /* View.swift */ = {isa = PBXFileReference; lastKnownFileType = sourcecode.swift; path = View.swift; sourceTree = "<group>"; };
		50AD45262DAE62CC00425467 /* Info.plist */ = {isa = PBXFileReference; lastKnownFileType = text.plist.xml; path = Info.plist; sourceTree = SOURCE_ROOT; };
		50B025022C47E401002F1AD7 /* JS Blocker.app */ = {isa = PBXFileReference; explicitFileType = wrapper.application; includeInIndex = 0; path = "JS Blocker.app"; sourceTree = BUILT_PRODUCTS_DIR; };
		50B025052C47E401002F1AD7 /* App.swift */ = {isa = PBXFileReference; lastKnownFileType = sourcecode.swift; path = App.swift; sourceTree = "<group>"; };
		50B025112C47E401002F1AD7 /* ViewController_tabRules.swift */ = {isa = PBXFileReference; lastKnownFileType = sourcecode.swift; path = ViewController_tabRules.swift; sourceTree = "<group>"; };
		50B025142C47E401002F1AD7 /* Base */ = {isa = PBXFileReference; lastKnownFileType = file.storyboard; name = Base; path = Base.lproj/Main.storyboard; sourceTree = "<group>"; };
		50B025162C47E403002F1AD7 /* Assets.xcassets */ = {isa = PBXFileReference; lastKnownFileType = folder.assetcatalog; path = Assets.xcassets; sourceTree = "<group>"; };
		50B025192C47E403002F1AD7 /* JS Blocker.entitlements */ = {isa = PBXFileReference; lastKnownFileType = text.plist.entitlements; path = "JS Blocker.entitlements"; sourceTree = "<group>"; };
		50B0251E2C47E404002F1AD7 /* JS Blocker Extension.appex */ = {isa = PBXFileReference; explicitFileType = "wrapper.app-extension"; includeInIndex = 0; path = "JS Blocker Extension.appex"; sourceTree = BUILT_PRODUCTS_DIR; };
		50B025232C47E404002F1AD7 /* PopupHandler.swift */ = {isa = PBXFileReference; lastKnownFileType = sourcecode.swift; path = PopupHandler.swift; sourceTree = "<group>"; };
		50B025252C47E404002F1AD7 /* PopupViewController.swift */ = {isa = PBXFileReference; lastKnownFileType = sourcecode.swift; path = PopupViewController.swift; sourceTree = "<group>"; };
		50B025282C47E404002F1AD7 /* script.js */ = {isa = PBXFileReference; lastKnownFileType = sourcecode.javascript; path = script.js; sourceTree = "<group>"; };
		50B0252A2C47E404002F1AD7 /* ToolbarIcon-none.pdf */ = {isa = PBXFileReference; lastKnownFileType = image.pdf; path = "ToolbarIcon-none.pdf"; sourceTree = "<group>"; };
		50B0252D2C47E404002F1AD7 /* Base */ = {isa = PBXFileReference; lastKnownFileType = file.xib; name = Base; path = Base.lproj/PopupTarget.xib; sourceTree = "<group>"; };
		50B0252F2C47E404002F1AD7 /* Info.plist */ = {isa = PBXFileReference; lastKnownFileType = text.plist.xml; path = Info.plist; sourceTree = "<group>"; };
		50B025302C47E404002F1AD7 /* JS_Blocker_Extension.entitlements */ = {isa = PBXFileReference; lastKnownFileType = text.plist.entitlements; path = JS_Blocker_Extension.entitlements; sourceTree = "<group>"; };
		50B025532C47ECCC002F1AD7 /* JS Blocker Rules.appex */ = {isa = PBXFileReference; explicitFileType = "wrapper.app-extension"; includeInIndex = 0; path = "JS Blocker Rules.appex"; sourceTree = BUILT_PRODUCTS_DIR; };
		50B025552C47ECCC002F1AD7 /* Cocoa.framework */ = {isa = PBXFileReference; lastKnownFileType = wrapper.framework; name = Cocoa.framework; path = System/Library/Frameworks/Cocoa.framework; sourceTree = SDKROOT; };
		50B0255A2C47ECCC002F1AD7 /* RulesHandler.swift */ = {isa = PBXFileReference; lastKnownFileType = sourcecode.swift; path = RulesHandler.swift; sourceTree = "<group>"; };
		50B0255C2C47ECCC002F1AD7 /* Info.plist */ = {isa = PBXFileReference; lastKnownFileType = text.plist.xml; path = Info.plist; sourceTree = "<group>"; };
		50B0255D2C47ECCC002F1AD7 /* JS_Blocker_Rules.entitlements */ = {isa = PBXFileReference; lastKnownFileType = text.plist.entitlements; path = JS_Blocker_Rules.entitlements; sourceTree = "<group>"; };
		50E150B52DA96615005768C1 /* BlockingType.swift */ = {isa = PBXFileReference; lastKnownFileType = sourcecode.swift; path = BlockingType.swift; sourceTree = "<group>"; };
		50E150BF2DAA789B005768C1 /* PopupState.swift */ = {isa = PBXFileReference; lastKnownFileType = sourcecode.swift; path = PopupState.swift; sourceTree = "<group>"; };
		50EB550F2CF9AAB400FC060C /* DomainRule.swift */ = {isa = PBXFileReference; lastKnownFileType = sourcecode.swift; path = DomainRule.swift; sourceTree = "<group>"; };
		50EB55102CF9AAB400FC060C /* Message.swift */ = {isa = PBXFileReference; lastKnownFileType = sourcecode.swift; path = Message.swift; sourceTree = "<group>"; };
		50EB55112CF9AAB400FC060C /* RoundButton.swift */ = {isa = PBXFileReference; lastKnownFileType = sourcecode.swift; path = RoundButton.swift; sourceTree = "<group>"; };
		50EB55132CF9AAB400FC060C /* Assets.xcassets */ = {isa = PBXFileReference; lastKnownFileType = folder.assetcatalog; path = Assets.xcassets; sourceTree = "<group>"; };
		50EB55142CF9AAB400FC060C /* Popup.swift */ = {isa = PBXFileReference; lastKnownFileType = sourcecode.swift; path = Popup.swift; sourceTree = "<group>"; };
/* End PBXFileReference section */

/* Begin PBXFrameworksBuildPhase section */
		500D2D182D05929D00551390 /* Frameworks */ = {
			isa = PBXFrameworksBuildPhase;
			buildActionMask = 2147483647;
			files = (
			);
			runOnlyForDeploymentPostprocessing = 0;
		};
		50B024FF2C47E401002F1AD7 /* Frameworks */ = {
			isa = PBXFrameworksBuildPhase;
			buildActionMask = 2147483647;
			files = (
			);
			runOnlyForDeploymentPostprocessing = 0;
		};
		50B0251B2C47E404002F1AD7 /* Frameworks */ = {
			isa = PBXFrameworksBuildPhase;
			buildActionMask = 2147483647;
			files = (
			);
			runOnlyForDeploymentPostprocessing = 0;
		};
		50B025502C47ECCC002F1AD7 /* Frameworks */ = {
			isa = PBXFrameworksBuildPhase;
			buildActionMask = 2147483647;
			files = (
				50B025562C47ECCC002F1AD7 /* Cocoa.framework in Frameworks */,
			);
			runOnlyForDeploymentPostprocessing = 0;
		};
/* End PBXFrameworksBuildPhase section */

/* Begin PBXGroup section */
		500D2C502D058B7800551390 /* extensions */ = {
			isa = PBXGroup;
			children = (
				50875E112C71EE0D00756D64 /* String.swift */,
				50AD45202DAE59C300425467 /* View.swift */,
				50E150B52DA96615005768C1 /* BlockingType.swift */,
				500D2C592D058D2B00551390 /* MessageType.swift */,
				50AD45142DACF6E500425467 /* RealTimer.swift */,
				50875E192C71EE1700756D64 /* SFSafariApplication.swift */,
				50875E152C71EE1200756D64 /* NSTableView.swift */,
				500D2C552D058C8000551390 /* NSRegularExpression.swift */,
			);
			path = extensions;
			sourceTree = "<group>";
		};
		500D2D2B2D05972500551390 /* JS Blocker Tests */ = {
			isa = PBXGroup;
			children = (
				500D2D292D05969F00551390 /* JS_Blocker_Tests.swift */,
			);
			path = "JS Blocker Tests";
			sourceTree = "<group>";
		};
		50B024F92C47E401002F1AD7 = {
			isa = PBXGroup;
			children = (
				50875E212C71F21C00756D64 /* Assets.xcassets */,
				5064F9142D0D9AF500F26724 /* Localizable.xcstrings */,
				500D2C502D058B7800551390 /* extensions */,
				50EB55362CFDA50700FC060C /* Model */,
				50B025042C47E401002F1AD7 /* JS Blocker */,
				50B025222C47E404002F1AD7 /* JS Blocker Extension */,
				50B025572C47ECCC002F1AD7 /* JS Blocker Rules */,
				500D2D2B2D05972500551390 /* JS Blocker Tests */,
				50B025542C47ECCC002F1AD7 /* Frameworks */,
				50B025032C47E401002F1AD7 /* Products */,
			);
			sourceTree = "<group>";
		};
		50B025032C47E401002F1AD7 /* Products */ = {
			isa = PBXGroup;
			children = (
				50B025022C47E401002F1AD7 /* JS Blocker.app */,
				50B0251E2C47E404002F1AD7 /* JS Blocker Extension.appex */,
				50B025532C47ECCC002F1AD7 /* JS Blocker Rules.appex */,
				500D2D1B2D05929D00551390 /* JS Blocker Tests.xctest */,
			);
			name = Products;
			sourceTree = "<group>";
		};
		50B025042C47E401002F1AD7 /* JS Blocker */ = {
			isa = PBXGroup;
			children = (
				50B025052C47E401002F1AD7 /* App.swift */,
				50B025112C47E401002F1AD7 /* ViewController_tabRules.swift */,
				5019AA0C2C6E43E2003F9AF5 /* ViewController_tabInstallation.swift */,
				50875E1F2C71F0C700756D64 /* ViewController_tableWhiteDomains.swift */,
				50B025132C47E401002F1AD7 /* Main.storyboard */,
				50875E332C71F6FD00756D64 /* InfoPlist.xcstrings */,
				50B025162C47E403002F1AD7 /* Assets.xcassets */,
				50AD45262DAE62CC00425467 /* Info.plist */,
				50B025192C47E403002F1AD7 /* JS Blocker.entitlements */,
			);
			path = "JS Blocker";
			sourceTree = "<group>";
		};
		50B025222C47E404002F1AD7 /* JS Blocker Extension */ = {
			isa = PBXGroup;
			children = (
				50B025232C47E404002F1AD7 /* PopupHandler.swift */,
				50B025252C47E404002F1AD7 /* PopupViewController.swift */,
				50B0252C2C47E404002F1AD7 /* PopupTarget.xib */,
				50EB55152CF9AAB400FC060C /* Popup */,
				50875E372C71F72A00756D64 /* InfoPlist.xcstrings */,
				50B0252F2C47E404002F1AD7 /* Info.plist */,
				50B025302C47E404002F1AD7 /* JS_Blocker_Extension.entitlements */,
				50B025272C47E404002F1AD7 /* Resources */,
			);
			path = "JS Blocker Extension";
			sourceTree = "<group>";
		};
		50B025272C47E404002F1AD7 /* Resources */ = {
			isa = PBXGroup;
			children = (
				50B025282C47E404002F1AD7 /* script.js */,
				503CE1432C6E32C400835509 /* ToolbarIcon-local.pdf */,
				50AD45192DAD17C600425467 /* ToolbarIcon-global.pdf */,
				50B0252A2C47E404002F1AD7 /* ToolbarIcon-none.pdf */,
			);
			path = Resources;
			sourceTree = "<group>";
		};
		50B025542C47ECCC002F1AD7 /* Frameworks */ = {
			isa = PBXGroup;
			children = (
				50B025552C47ECCC002F1AD7 /* Cocoa.framework */,
			);
			name = Frameworks;
			sourceTree = "<group>";
		};
		50B025572C47ECCC002F1AD7 /* JS Blocker Rules */ = {
			isa = PBXGroup;
			children = (
				50B0255A2C47ECCC002F1AD7 /* RulesHandler.swift */,
				50875E3B2C71F74100756D64 /* InfoPlist.xcstrings */,
				50B0255C2C47ECCC002F1AD7 /* Info.plist */,
				50B0255D2C47ECCC002F1AD7 /* JS_Blocker_Rules.entitlements */,
			);
			path = "JS Blocker Rules";
			sourceTree = "<group>";
		};
		50EB55122CF9AAB400FC060C /* Components */ = {
			isa = PBXGroup;
			children = (
				50EB550F2CF9AAB400FC060C /* DomainRule.swift */,
				50EB55102CF9AAB400FC060C /* Message.swift */,
				50EB55112CF9AAB400FC060C /* RoundButton.swift */,
			);
			path = Components;
			sourceTree = "<group>";
		};
		50EB55152CF9AAB400FC060C /* Popup */ = {
			isa = PBXGroup;
			children = (
				50EB55122CF9AAB400FC060C /* Components */,
				50EB55142CF9AAB400FC060C /* Popup.swift */,
				50E150BF2DAA789B005768C1 /* PopupState.swift */,
				50EB55132CF9AAB400FC060C /* Assets.xcassets */,
			);
			path = Popup;
			sourceTree = "<group>";
		};
		50EB55362CFDA50700FC060C /* Model */ = {
			isa = PBXGroup;
			children = (
				5019AA132C6E4FBE003F9AF5 /* Model.xcdatamodeld */,
				50875E092C71E93A00756D64 /* WhiteDomains.swift */,
			);
			path = Model;
			sourceTree = "<group>";
		};
/* End PBXGroup section */

/* Begin PBXNativeTarget section */
		500D2D1A2D05929D00551390 /* JS Blocker Tests */ = {
			isa = PBXNativeTarget;
			buildConfigurationList = 500D2D232D05929D00551390 /* Build configuration list for PBXNativeTarget "JS Blocker Tests" */;
			buildPhases = (
				500D2D172D05929D00551390 /* Sources */,
				500D2D182D05929D00551390 /* Frameworks */,
				500D2D192D05929D00551390 /* Resources */,
			);
			buildRules = (
			);
			dependencies = (
				500D2D202D05929D00551390 /* PBXTargetDependency */,
			);
			name = "JS Blocker Tests";
			packageProductDependencies = (
			);
			productName = "JS Blocker Tests";
			productReference = 500D2D1B2D05929D00551390 /* JS Blocker Tests.xctest */;
			productType = "com.apple.product-type.bundle.unit-test";
		};
		50B025012C47E401002F1AD7 /* JS Blocker */ = {
			isa = PBXNativeTarget;
			buildConfigurationList = 50B025372C47E404002F1AD7 /* Build configuration list for PBXNativeTarget "JS Blocker" */;
			buildPhases = (
				50B024FE2C47E401002F1AD7 /* Sources */,
				50B024FF2C47E401002F1AD7 /* Frameworks */,
				50B025002C47E401002F1AD7 /* Resources */,
				50B025362C47E404002F1AD7 /* Embed Foundation Extensions */,
			);
			buildRules = (
			);
			dependencies = (
				50B025212C47E404002F1AD7 /* PBXTargetDependency */,
				50B0255F2C47ECCC002F1AD7 /* PBXTargetDependency */,
			);
			name = "JS Blocker";
			productName = "JS Blocker";
			productReference = 50B025022C47E401002F1AD7 /* JS Blocker.app */;
			productType = "com.apple.product-type.application";
		};
		50B0251D2C47E404002F1AD7 /* JS Blocker Extension */ = {
			isa = PBXNativeTarget;
			buildConfigurationList = 50B025332C47E404002F1AD7 /* Build configuration list for PBXNativeTarget "JS Blocker Extension" */;
			buildPhases = (
				50B0251A2C47E404002F1AD7 /* Sources */,
				50B0251B2C47E404002F1AD7 /* Frameworks */,
				50B0251C2C47E404002F1AD7 /* Resources */,
			);
			buildRules = (
			);
			dependencies = (
			);
			name = "JS Blocker Extension";
			productName = "JS Blocker Extension";
			productReference = 50B0251E2C47E404002F1AD7 /* JS Blocker Extension.appex */;
			productType = "com.apple.product-type.app-extension";
		};
		50B025522C47ECCC002F1AD7 /* JS Blocker Rules */ = {
			isa = PBXNativeTarget;
			buildConfigurationList = 50B025632C47ECCC002F1AD7 /* Build configuration list for PBXNativeTarget "JS Blocker Rules" */;
			buildPhases = (
				50B0254F2C47ECCC002F1AD7 /* Sources */,
				50B025502C47ECCC002F1AD7 /* Frameworks */,
				50B025512C47ECCC002F1AD7 /* Resources */,
			);
			buildRules = (
			);
			dependencies = (
			);
			name = "JS Blocker Rules";
			productName = "JS Blocker Rules";
			productReference = 50B025532C47ECCC002F1AD7 /* JS Blocker Rules.appex */;
			productType = "com.apple.product-type.app-extension";
		};
/* End PBXNativeTarget section */

/* Begin PBXProject section */
		50B024FA2C47E401002F1AD7 /* Project object */ = {
			isa = PBXProject;
			attributes = {
				BuildIndependentTargetsInParallel = 1;
				LastSwiftUpdateCheck = 1610;
				LastUpgradeCheck = 1630;
				ORGANIZATIONNAME = "Maxim Rysevets";
				TargetAttributes = {
					500D2D1A2D05929D00551390 = {
						CreatedOnToolsVersion = 16.1;
					};
					50B025012C47E401002F1AD7 = {
						CreatedOnToolsVersion = 15.4;
					};
					50B0251D2C47E404002F1AD7 = {
						CreatedOnToolsVersion = 15.4;
					};
					50B025522C47ECCC002F1AD7 = {
						CreatedOnToolsVersion = 15.4;
					};
				};
			};
			buildConfigurationList = 50B024FD2C47E401002F1AD7 /* Build configuration list for PBXProject "JS Blocker" */;
			compatibilityVersion = "Xcode 14.0";
			developmentRegion = en;
			hasScannedForEncodings = 0;
			knownRegions = (
				en,
				Base,
				ru,
			);
			mainGroup = 50B024F92C47E401002F1AD7;
			productRefGroup = 50B025032C47E401002F1AD7 /* Products */;
			projectDirPath = "";
			projectRoot = "";
			targets = (
				50B025012C47E401002F1AD7 /* JS Blocker */,
				50B0251D2C47E404002F1AD7 /* JS Blocker Extension */,
				50B025522C47ECCC002F1AD7 /* JS Blocker Rules */,
				500D2D1A2D05929D00551390 /* JS Blocker Tests */,
			);
		};
/* End PBXProject section */

/* Begin PBXResourcesBuildPhase section */
		500D2D192D05929D00551390 /* Resources */ = {
			isa = PBXResourcesBuildPhase;
			buildActionMask = 2147483647;
			files = (
			);
			runOnlyForDeploymentPostprocessing = 0;
		};
		50B025002C47E401002F1AD7 /* Resources */ = {
			isa = PBXResourcesBuildPhase;
			buildActionMask = 2147483647;
			files = (
				50B025172C47E403002F1AD7 /* Assets.xcassets in Resources */,
				50875E342C71F6FD00756D64 /* InfoPlist.xcstrings in Resources */,
				5064F9162D0D9AF500F26724 /* Localizable.xcstrings in Resources */,
				50875E222C71F21C00756D64 /* Assets.xcassets in Resources */,
				50B025152C47E401002F1AD7 /* Base in Resources */,
				50875E292C71F5A400756D64 /* Main.storyboard in Resources */,
				50EB55162CF9AAB400FC060C /* Assets.xcassets in Resources */,
			);
			runOnlyForDeploymentPostprocessing = 0;
		};
		50B0251C2C47E404002F1AD7 /* Resources */ = {
			isa = PBXResourcesBuildPhase;
			buildActionMask = 2147483647;
			files = (
				50B0252B2C47E404002F1AD7 /* ToolbarIcon-none.pdf in Resources */,
				50875E2A2C71F5A800756D64 /* PopupTarget.xib in Resources */,
				50B0252E2C47E404002F1AD7 /* Base in Resources */,
				503CE1442C6E32C400835509 /* ToolbarIcon-local.pdf in Resources */,
				50AD451A2DAD17C600425467 /* ToolbarIcon-global.pdf in Resources */,
				50B025292C47E404002F1AD7 /* script.js in Resources */,
				50875E382C71F72A00756D64 /* InfoPlist.xcstrings in Resources */,
				50875E232C71F21C00756D64 /* Assets.xcassets in Resources */,
				50EB551B2CF9AAB400FC060C /* Assets.xcassets in Resources */,
				5064F9152D0D9AF500F26724 /* Localizable.xcstrings in Resources */,
			);
			runOnlyForDeploymentPostprocessing = 0;
		};
		50B025512C47ECCC002F1AD7 /* Resources */ = {
			isa = PBXResourcesBuildPhase;
			buildActionMask = 2147483647;
			files = (
				50875E3C2C71F74100756D64 /* InfoPlist.xcstrings in Resources */,
			);
			runOnlyForDeploymentPostprocessing = 0;
		};
/* End PBXResourcesBuildPhase section */

/* Begin PBXSourcesBuildPhase section */
		500D2D172D05929D00551390 /* Sources */ = {
			isa = PBXSourcesBuildPhase;
			buildActionMask = 2147483647;
			files = (
				500D2D282D05952700551390 /* String.swift in Sources */,
				500D2D252D05951900551390 /* NSTableView.swift in Sources */,
				50E150B82DA96616005768C1 /* BlockingType.swift in Sources */,
				500D2D242D05951400551390 /* SFSafariApplication.swift in Sources */,
				500D2D262D05951D00551390 /* NSRegularExpression.swift in Sources */,
				500D2D2A2D05969F00551390 /* JS_Blocker_Tests.swift in Sources */,
				50AD45242DAE59C300425467 /* View.swift in Sources */,
				50AD45182DACF6E500425467 /* RealTimer.swift in Sources */,
			);
			runOnlyForDeploymentPostprocessing = 0;
		};
		50B024FE2C47E401002F1AD7 /* Sources */ = {
			isa = PBXSourcesBuildPhase;
			buildActionMask = 2147483647;
			files = (
				50B025122C47E401002F1AD7 /* ViewController_tabRules.swift in Sources */,
				50EB55352CF9F4BA00FC060C /* PopupViewController.swift in Sources */,
				50875E162C71EE1200756D64 /* NSTableView.swift in Sources */,
				50AD45172DACF6E500425467 /* RealTimer.swift in Sources */,
				500D2C572D058C8200551390 /* NSRegularExpression.swift in Sources */,
				50875E202C71F0C700756D64 /* ViewController_tableWhiteDomains.swift in Sources */,
				5019AA0D2C6E43E2003F9AF5 /* ViewController_tabInstallation.swift in Sources */,
				50875E0B2C71E93A00756D64 /* WhiteDomains.swift in Sources */,
				50E150C12DAA789D005768C1 /* PopupState.swift in Sources */,
				50B025062C47E401002F1AD7 /* App.swift in Sources */,
				50EB55172CF9AAB400FC060C /* Popup.swift in Sources */,
				50EB55182CF9AAB400FC060C /* RoundButton.swift in Sources */,
				500D2C5A2D058D2E00551390 /* MessageType.swift in Sources */,
				50E150B92DA96616005768C1 /* BlockingType.swift in Sources */,
				50EB55192CF9AAB400FC060C /* DomainRule.swift in Sources */,
				50EB551A2CF9AAB400FC060C /* Message.swift in Sources */,
				5019AA152C6E4FBE003F9AF5 /* Model.xcdatamodeld in Sources */,
				50875E1A2C71EE1700756D64 /* SFSafariApplication.swift in Sources */,
				50AD45212DAE59C300425467 /* View.swift in Sources */,
				50875E122C71EE0D00756D64 /* String.swift in Sources */,
			);
			runOnlyForDeploymentPostprocessing = 0;
		};
		50B0251A2C47E404002F1AD7 /* Sources */ = {
			isa = PBXSourcesBuildPhase;
			buildActionMask = 2147483647;
			files = (
				50EB551C2CF9AAB400FC060C /* Popup.swift in Sources */,
				50EB551D2CF9AAB400FC060C /* RoundButton.swift in Sources */,
				50E150B62DA96616005768C1 /* BlockingType.swift in Sources */,
				50EB551E2CF9AAB400FC060C /* DomainRule.swift in Sources */,
				500D2C562D058C8200551390 /* NSRegularExpression.swift in Sources */,
				50AD45152DACF6E500425467 /* RealTimer.swift in Sources */,
				50EB551F2CF9AAB400FC060C /* Message.swift in Sources */,
				50E150B22DA93E59005768C1 /* App.swift in Sources */,
				50B025262C47E404002F1AD7 /* PopupViewController.swift in Sources */,
				50875E0D2C71E93A00756D64 /* WhiteDomains.swift in Sources */,
				50875E1B2C71EE1700756D64 /* SFSafariApplication.swift in Sources */,
				500D2C5B2D058D2E00551390 /* MessageType.swift in Sources */,
				50E150C02DAA789D005768C1 /* PopupState.swift in Sources */,
				50AD45222DAE59C300425467 /* View.swift in Sources */,
				50B025242C47E404002F1AD7 /* PopupHandler.swift in Sources */,
				5019AA162C6E4FBE003F9AF5 /* Model.xcdatamodeld in Sources */,
				50875E172C71EE1200756D64 /* NSTableView.swift in Sources */,
				50875E132C71EE0D00756D64 /* String.swift in Sources */,
			);
			runOnlyForDeploymentPostprocessing = 0;
		};
		50B0254F2C47ECCC002F1AD7 /* Sources */ = {
			isa = PBXSourcesBuildPhase;
			buildActionMask = 2147483647;
			files = (
				50B0255B2C47ECCC002F1AD7 /* RulesHandler.swift in Sources */,
				50E150B32DA93E59005768C1 /* App.swift in Sources */,
				50AD45162DACF6E500425467 /* RealTimer.swift in Sources */,
				500D2C582D058C8200551390 /* NSRegularExpression.swift in Sources */,
				500D2C5C2D058D2E00551390 /* MessageType.swift in Sources */,
				50875E142C71EE0D00756D64 /* String.swift in Sources */,
				50E150B72DA96616005768C1 /* BlockingType.swift in Sources */,
				50875E1C2C71EE1700756D64 /* SFSafariApplication.swift in Sources */,
				50875E0F2C71E93A00756D64 /* WhiteDomains.swift in Sources */,
				50E150B42DA94002005768C1 /* Message.swift in Sources */,
				5019AA172C6E4FBE003F9AF5 /* Model.xcdatamodeld in Sources */,
				50AD45232DAE59C300425467 /* View.swift in Sources */,
				50875E182C71EE1200756D64 /* NSTableView.swift in Sources */,
			);
			runOnlyForDeploymentPostprocessing = 0;
		};
/* End PBXSourcesBuildPhase section */

/* Begin PBXTargetDependency section */
		500D2D202D05929D00551390 /* PBXTargetDependency */ = {
			isa = PBXTargetDependency;
			target = 50B025012C47E401002F1AD7 /* JS Blocker */;
			targetProxy = 500D2D1F2D05929D00551390 /* PBXContainerItemProxy */;
		};
		50B025212C47E404002F1AD7 /* PBXTargetDependency */ = {
			isa = PBXTargetDependency;
			target = 50B0251D2C47E404002F1AD7 /* JS Blocker Extension */;
			targetProxy = 50B025202C47E404002F1AD7 /* PBXContainerItemProxy */;
		};
		50B0255F2C47ECCC002F1AD7 /* PBXTargetDependency */ = {
			isa = PBXTargetDependency;
			target = 50B025522C47ECCC002F1AD7 /* JS Blocker Rules */;
			targetProxy = 50B0255E2C47ECCC002F1AD7 /* PBXContainerItemProxy */;
		};
/* End PBXTargetDependency section */

/* Begin PBXVariantGroup section */
		50B025132C47E401002F1AD7 /* Main.storyboard */ = {
			isa = PBXVariantGroup;
			children = (
				50B025142C47E401002F1AD7 /* Base */,
				50875E2B2C71F5C300756D64 /* mul */,
			);
			name = Main.storyboard;
			sourceTree = "<group>";
		};
		50B0252C2C47E404002F1AD7 /* PopupTarget.xib */ = {
			isa = PBXVariantGroup;
			children = (
				50B0252D2C47E404002F1AD7 /* Base */,
			);
			name = PopupTarget.xib;
			sourceTree = "<group>";
		};
/* End PBXVariantGroup section */

/* Begin XCBuildConfiguration section */
		500D2D212D05929D00551390 /* Debug */ = {
			isa = XCBuildConfiguration;
			buildSettings = {
				CODE_SIGN_STYLE = Automatic;
				CURRENT_PROJECT_VERSION = 1;
				DEAD_CODE_STRIPPING = YES;
				GENERATE_INFOPLIST_FILE = YES;
				MACOSX_DEPLOYMENT_TARGET = 11.0;
				MARKETING_VERSION = 1.2;
				PRODUCT_BUNDLE_IDENTIFIER = "maxrys.js-blocker.tests";
				PRODUCT_NAME = "$(TARGET_NAME)";
				SWIFT_EMIT_LOC_STRINGS = NO;
				SWIFT_VERSION = 5.0;
			};
			name = Debug;
		};
		500D2D222D05929D00551390 /* Release */ = {
			isa = XCBuildConfiguration;
			buildSettings = {
				CODE_SIGN_STYLE = Automatic;
				CURRENT_PROJECT_VERSION = 1;
				DEAD_CODE_STRIPPING = YES;
				GENERATE_INFOPLIST_FILE = YES;
				MACOSX_DEPLOYMENT_TARGET = 11.0;
				MARKETING_VERSION = 1.2;
				PRODUCT_BUNDLE_IDENTIFIER = "maxrys.js-blocker.tests";
				PRODUCT_NAME = "$(TARGET_NAME)";
				SWIFT_EMIT_LOC_STRINGS = NO;
				SWIFT_VERSION = 5.0;
			};
			name = Release;
		};
		50B025312C47E404002F1AD7 /* Debug */ = {
			isa = XCBuildConfiguration;
			buildSettings = {
				ALWAYS_SEARCH_USER_PATHS = NO;
				ASSETCATALOG_COMPILER_GENERATE_SWIFT_ASSET_SYMBOL_EXTENSIONS = YES;
				CLANG_ANALYZER_LOCALIZABILITY_NONLOCALIZED = YES;
				CLANG_ANALYZER_NONNULL = YES;
				CLANG_ANALYZER_NUMBER_OBJECT_CONVERSION = YES_AGGRESSIVE;
				CLANG_CXX_LANGUAGE_STANDARD = "gnu++20";
				CLANG_ENABLE_MODULES = YES;
				CLANG_ENABLE_OBJC_ARC = YES;
				CLANG_ENABLE_OBJC_WEAK = YES;
				CLANG_WARN_BLOCK_CAPTURE_AUTORELEASING = YES;
				CLANG_WARN_BOOL_CONVERSION = YES;
				CLANG_WARN_COMMA = YES;
				CLANG_WARN_CONSTANT_CONVERSION = YES;
				CLANG_WARN_DEPRECATED_OBJC_IMPLEMENTATIONS = YES;
				CLANG_WARN_DIRECT_OBJC_ISA_USAGE = YES_ERROR;
				CLANG_WARN_DOCUMENTATION_COMMENTS = YES;
				CLANG_WARN_EMPTY_BODY = YES;
				CLANG_WARN_ENUM_CONVERSION = YES;
				CLANG_WARN_INFINITE_RECURSION = YES;
				CLANG_WARN_INT_CONVERSION = YES;
				CLANG_WARN_NON_LITERAL_NULL_CONVERSION = YES;
				CLANG_WARN_OBJC_IMPLICIT_RETAIN_SELF = YES;
				CLANG_WARN_OBJC_LITERAL_CONVERSION = YES;
				CLANG_WARN_OBJC_ROOT_CLASS = YES_ERROR;
				CLANG_WARN_QUOTED_INCLUDE_IN_FRAMEWORK_HEADER = YES;
				CLANG_WARN_RANGE_LOOP_ANALYSIS = YES;
				CLANG_WARN_STRICT_PROTOTYPES = YES;
				CLANG_WARN_SUSPICIOUS_MOVE = YES;
				CLANG_WARN_UNGUARDED_AVAILABILITY = YES_AGGRESSIVE;
				CLANG_WARN_UNREACHABLE_CODE = YES;
				CLANG_WARN__DUPLICATE_METHOD_MATCH = YES;
				COPY_PHASE_STRIP = NO;
				DEAD_CODE_STRIPPING = YES;
				DEBUG_INFORMATION_FORMAT = dwarf;
				DEVELOPMENT_TEAM = 97CZR6J379;
				ENABLE_STRICT_OBJC_MSGSEND = YES;
				ENABLE_TESTABILITY = YES;
				ENABLE_USER_SCRIPT_SANDBOXING = YES;
				GCC_C_LANGUAGE_STANDARD = gnu17;
				GCC_DYNAMIC_NO_PIC = NO;
				GCC_NO_COMMON_BLOCKS = YES;
				GCC_OPTIMIZATION_LEVEL = 0;
				GCC_PREPROCESSOR_DEFINITIONS = (
					"DEBUG=1",
					"$(inherited)",
				);
				GCC_WARN_64_TO_32_BIT_CONVERSION = YES;
				GCC_WARN_ABOUT_RETURN_TYPE = YES_ERROR;
				GCC_WARN_UNDECLARED_SELECTOR = YES;
				GCC_WARN_UNINITIALIZED_AUTOS = YES_AGGRESSIVE;
				GCC_WARN_UNUSED_FUNCTION = YES;
				GCC_WARN_UNUSED_VARIABLE = YES;
				LOCALIZATION_PREFERS_STRING_CATALOGS = YES;
				MACOSX_DEPLOYMENT_TARGET = 14.5;
				MTL_ENABLE_DEBUG_INFO = INCLUDE_SOURCE;
				MTL_FAST_MATH = YES;
				ONLY_ACTIVE_ARCH = YES;
				SDKROOT = macosx;
				SWIFT_ACTIVE_COMPILATION_CONDITIONS = "DEBUG $(inherited)";
				SWIFT_OPTIMIZATION_LEVEL = "-Onone";
			};
			name = Debug;
		};
		50B025322C47E404002F1AD7 /* Release */ = {
			isa = XCBuildConfiguration;
			buildSettings = {
				ALWAYS_SEARCH_USER_PATHS = NO;
				ASSETCATALOG_COMPILER_GENERATE_SWIFT_ASSET_SYMBOL_EXTENSIONS = YES;
				CLANG_ANALYZER_LOCALIZABILITY_NONLOCALIZED = YES;
				CLANG_ANALYZER_NONNULL = YES;
				CLANG_ANALYZER_NUMBER_OBJECT_CONVERSION = YES_AGGRESSIVE;
				CLANG_CXX_LANGUAGE_STANDARD = "gnu++20";
				CLANG_ENABLE_MODULES = YES;
				CLANG_ENABLE_OBJC_ARC = YES;
				CLANG_ENABLE_OBJC_WEAK = YES;
				CLANG_WARN_BLOCK_CAPTURE_AUTORELEASING = YES;
				CLANG_WARN_BOOL_CONVERSION = YES;
				CLANG_WARN_COMMA = YES;
				CLANG_WARN_CONSTANT_CONVERSION = YES;
				CLANG_WARN_DEPRECATED_OBJC_IMPLEMENTATIONS = YES;
				CLANG_WARN_DIRECT_OBJC_ISA_USAGE = YES_ERROR;
				CLANG_WARN_DOCUMENTATION_COMMENTS = YES;
				CLANG_WARN_EMPTY_BODY = YES;
				CLANG_WARN_ENUM_CONVERSION = YES;
				CLANG_WARN_INFINITE_RECURSION = YES;
				CLANG_WARN_INT_CONVERSION = YES;
				CLANG_WARN_NON_LITERAL_NULL_CONVERSION = YES;
				CLANG_WARN_OBJC_IMPLICIT_RETAIN_SELF = YES;
				CLANG_WARN_OBJC_LITERAL_CONVERSION = YES;
				CLANG_WARN_OBJC_ROOT_CLASS = YES_ERROR;
				CLANG_WARN_QUOTED_INCLUDE_IN_FRAMEWORK_HEADER = YES;
				CLANG_WARN_RANGE_LOOP_ANALYSIS = YES;
				CLANG_WARN_STRICT_PROTOTYPES = YES;
				CLANG_WARN_SUSPICIOUS_MOVE = YES;
				CLANG_WARN_UNGUARDED_AVAILABILITY = YES_AGGRESSIVE;
				CLANG_WARN_UNREACHABLE_CODE = YES;
				CLANG_WARN__DUPLICATE_METHOD_MATCH = YES;
				COPY_PHASE_STRIP = NO;
				DEAD_CODE_STRIPPING = YES;
				DEBUG_INFORMATION_FORMAT = "dwarf-with-dsym";
				DEVELOPMENT_TEAM = 97CZR6J379;
				ENABLE_NS_ASSERTIONS = NO;
				ENABLE_STRICT_OBJC_MSGSEND = YES;
				ENABLE_USER_SCRIPT_SANDBOXING = YES;
				GCC_C_LANGUAGE_STANDARD = gnu17;
				GCC_NO_COMMON_BLOCKS = YES;
				GCC_WARN_64_TO_32_BIT_CONVERSION = YES;
				GCC_WARN_ABOUT_RETURN_TYPE = YES_ERROR;
				GCC_WARN_UNDECLARED_SELECTOR = YES;
				GCC_WARN_UNINITIALIZED_AUTOS = YES_AGGRESSIVE;
				GCC_WARN_UNUSED_FUNCTION = YES;
				GCC_WARN_UNUSED_VARIABLE = YES;
				LOCALIZATION_PREFERS_STRING_CATALOGS = YES;
				MACOSX_DEPLOYMENT_TARGET = 14.5;
				MTL_ENABLE_DEBUG_INFO = NO;
				MTL_FAST_MATH = YES;
				SDKROOT = macosx;
				SWIFT_COMPILATION_MODE = wholemodule;
			};
			name = Release;
		};
		50B025342C47E404002F1AD7 /* Debug */ = {
			isa = XCBuildConfiguration;
			buildSettings = {
				CODE_SIGN_ENTITLEMENTS = "JS Blocker Extension/JS_Blocker_Extension.entitlements";
				CODE_SIGN_STYLE = Automatic;
				CURRENT_PROJECT_VERSION = 8;
				DEAD_CODE_STRIPPING = YES;
				ENABLE_HARDENED_RUNTIME = YES;
				GENERATE_INFOPLIST_FILE = YES;
				INFOPLIST_FILE = "JS Blocker Extension/Info.plist";
				INFOPLIST_KEY_CFBundleDisplayName = "JS Blocker: Extension";
				INFOPLIST_KEY_NSHumanReadableCopyright = "Copyright © 2024—2025 Maxim Rysevets. All rights reserved.";
				LD_RUNPATH_SEARCH_PATHS = (
					"$(inherited)",
					"@executable_path/../Frameworks",
					"@executable_path/../../../../Frameworks",
				);
				MACOSX_DEPLOYMENT_TARGET = 11.0;
				MARKETING_VERSION = 1.2;
				OTHER_LDFLAGS = (
					"-framework",
					SafariServices,
				);
				PRODUCT_BUNDLE_IDENTIFIER = "maxrys.js-blocker.extension";
				PRODUCT_NAME = "$(TARGET_NAME)";
				SKIP_INSTALL = YES;
				SWIFT_EMIT_LOC_STRINGS = YES;
				SWIFT_VERSION = 5.0;
			};
			name = Debug;
		};
		50B025352C47E404002F1AD7 /* Release */ = {
			isa = XCBuildConfiguration;
			buildSettings = {
				CODE_SIGN_ENTITLEMENTS = "JS Blocker Extension/JS_Blocker_Extension.entitlements";
				CODE_SIGN_STYLE = Automatic;
				CURRENT_PROJECT_VERSION = 8;
				DEAD_CODE_STRIPPING = YES;
				ENABLE_HARDENED_RUNTIME = YES;
				GENERATE_INFOPLIST_FILE = YES;
				INFOPLIST_FILE = "JS Blocker Extension/Info.plist";
				INFOPLIST_KEY_CFBundleDisplayName = "JS Blocker: Extension";
				INFOPLIST_KEY_NSHumanReadableCopyright = "Copyright © 2024—2025 Maxim Rysevets. All rights reserved.";
				LD_RUNPATH_SEARCH_PATHS = (
					"$(inherited)",
					"@executable_path/../Frameworks",
					"@executable_path/../../../../Frameworks",
				);
				MACOSX_DEPLOYMENT_TARGET = 11.0;
				MARKETING_VERSION = 1.2;
				OTHER_LDFLAGS = (
					"-framework",
					SafariServices,
				);
				PRODUCT_BUNDLE_IDENTIFIER = "maxrys.js-blocker.extension";
				PRODUCT_NAME = "$(TARGET_NAME)";
				SKIP_INSTALL = YES;
				SWIFT_EMIT_LOC_STRINGS = YES;
				SWIFT_VERSION = 5.0;
			};
			name = Release;
		};
		50B025382C47E404002F1AD7 /* Debug */ = {
			isa = XCBuildConfiguration;
			buildSettings = {
				ASSETCATALOG_COMPILER_APPICON_NAME = AppIcon;
				ASSETCATALOG_COMPILER_GLOBAL_ACCENT_COLOR_NAME = AccentColor;
				CODE_SIGN_ENTITLEMENTS = "JS Blocker/JS Blocker.entitlements";
				CODE_SIGN_STYLE = Automatic;
				COMBINE_HIDPI_IMAGES = YES;
				CURRENT_PROJECT_VERSION = 8;
				DEAD_CODE_STRIPPING = YES;
				ENABLE_HARDENED_RUNTIME = YES;
				GENERATE_INFOPLIST_FILE = YES;
				INFOPLIST_FILE = Info.plist;
				INFOPLIST_KEY_CFBundleDisplayName = "JS Blocker";
				INFOPLIST_KEY_LSApplicationCategoryType = "public.app-category.utilities";
				INFOPLIST_KEY_NSHumanReadableCopyright = "Copyright © 2024—2025 Maxim Rysevets. All rights reserved.";
				INFOPLIST_KEY_NSMainStoryboardFile = Main;
				INFOPLIST_KEY_NSPrincipalClass = NSApplication;
				LD_RUNPATH_SEARCH_PATHS = (
					"$(inherited)",
					"@executable_path/../Frameworks",
				);
				MACOSX_DEPLOYMENT_TARGET = 11.0;
				MARKETING_VERSION = 1.2;
				OTHER_LDFLAGS = (
					"-framework",
					SafariServices,
					"-framework",
					WebKit,
				);
				PRODUCT_BUNDLE_IDENTIFIER = "maxrys.js-blocker";
				PRODUCT_NAME = "$(TARGET_NAME)";
				SWIFT_EMIT_LOC_STRINGS = YES;
				SWIFT_VERSION = 5.0;
			};
			name = Debug;
		};
		50B025392C47E404002F1AD7 /* Release */ = {
			isa = XCBuildConfiguration;
			buildSettings = {
				ASSETCATALOG_COMPILER_APPICON_NAME = AppIcon;
				ASSETCATALOG_COMPILER_GLOBAL_ACCENT_COLOR_NAME = AccentColor;
				CODE_SIGN_ENTITLEMENTS = "JS Blocker/JS Blocker.entitlements";
				CODE_SIGN_STYLE = Automatic;
				COMBINE_HIDPI_IMAGES = YES;
				CURRENT_PROJECT_VERSION = 8;
				DEAD_CODE_STRIPPING = YES;
				ENABLE_HARDENED_RUNTIME = YES;
				GENERATE_INFOPLIST_FILE = YES;
				INFOPLIST_FILE = Info.plist;
				INFOPLIST_KEY_CFBundleDisplayName = "JS Blocker";
				INFOPLIST_KEY_LSApplicationCategoryType = "public.app-category.utilities";
				INFOPLIST_KEY_NSHumanReadableCopyright = "Copyright © 2024—2025 Maxim Rysevets. All rights reserved.";
				INFOPLIST_KEY_NSMainStoryboardFile = Main;
				INFOPLIST_KEY_NSPrincipalClass = NSApplication;
				LD_RUNPATH_SEARCH_PATHS = (
					"$(inherited)",
					"@executable_path/../Frameworks",
				);
				MACOSX_DEPLOYMENT_TARGET = 11.0;
				MARKETING_VERSION = 1.2;
				OTHER_LDFLAGS = (
					"-framework",
					SafariServices,
					"-framework",
					WebKit,
				);
				PRODUCT_BUNDLE_IDENTIFIER = "maxrys.js-blocker";
				PRODUCT_NAME = "$(TARGET_NAME)";
				SWIFT_EMIT_LOC_STRINGS = YES;
				SWIFT_VERSION = 5.0;
			};
			name = Release;
		};
		50B025612C47ECCC002F1AD7 /* Debug */ = {
			isa = XCBuildConfiguration;
			buildSettings = {
				CODE_SIGN_ENTITLEMENTS = "JS Blocker Rules/JS_Blocker_Rules.entitlements";
				CODE_SIGN_STYLE = Automatic;
				CURRENT_PROJECT_VERSION = 8;
				DEAD_CODE_STRIPPING = YES;
				ENABLE_HARDENED_RUNTIME = YES;
				GENERATE_INFOPLIST_FILE = YES;
				INFOPLIST_FILE = "JS Blocker Rules/Info.plist";
				INFOPLIST_KEY_CFBundleDisplayName = "JS Blocker: Rules";
				INFOPLIST_KEY_NSHumanReadableCopyright = "Copyright © 2024—2025 Maxim Rysevets. All rights reserved.";
				LD_RUNPATH_SEARCH_PATHS = (
					"$(inherited)",
					"@executable_path/../Frameworks",
					"@executable_path/../../../../Frameworks",
				);
				MACOSX_DEPLOYMENT_TARGET = 11.0;
				MARKETING_VERSION = 1.2;
				PRODUCT_BUNDLE_IDENTIFIER = "maxrys.js-blocker.rules";
				PRODUCT_NAME = "$(TARGET_NAME)";
				SKIP_INSTALL = YES;
				SWIFT_EMIT_LOC_STRINGS = YES;
				SWIFT_VERSION = 5.0;
			};
			name = Debug;
		};
		50B025622C47ECCC002F1AD7 /* Release */ = {
			isa = XCBuildConfiguration;
			buildSettings = {
				CODE_SIGN_ENTITLEMENTS = "JS Blocker Rules/JS_Blocker_Rules.entitlements";
				CODE_SIGN_STYLE = Automatic;
				CURRENT_PROJECT_VERSION = 8;
				DEAD_CODE_STRIPPING = YES;
				ENABLE_HARDENED_RUNTIME = YES;
				GENERATE_INFOPLIST_FILE = YES;
				INFOPLIST_FILE = "JS Blocker Rules/Info.plist";
				INFOPLIST_KEY_CFBundleDisplayName = "JS Blocker: Rules";
				INFOPLIST_KEY_NSHumanReadableCopyright = "Copyright © 2024—2025 Maxim Rysevets. All rights reserved.";
				LD_RUNPATH_SEARCH_PATHS = (
					"$(inherited)",
					"@executable_path/../Frameworks",
					"@executable_path/../../../../Frameworks",
				);
				MACOSX_DEPLOYMENT_TARGET = 11.0;
				MARKETING_VERSION = 1.2;
				PRODUCT_BUNDLE_IDENTIFIER = "maxrys.js-blocker.rules";
				PRODUCT_NAME = "$(TARGET_NAME)";
				SKIP_INSTALL = YES;
				SWIFT_EMIT_LOC_STRINGS = YES;
				SWIFT_VERSION = 5.0;
			};
			name = Release;
		};
/* End XCBuildConfiguration section */

/* Begin XCConfigurationList section */
		500D2D232D05929D00551390 /* Build configuration list for PBXNativeTarget "JS Blocker Tests" */ = {
			isa = XCConfigurationList;
			buildConfigurations = (
				500D2D212D05929D00551390 /* Debug */,
				500D2D222D05929D00551390 /* Release */,
			);
			defaultConfigurationIsVisible = 0;
			defaultConfigurationName = Release;
		};
		50B024FD2C47E401002F1AD7 /* Build configuration list for PBXProject "JS Blocker" */ = {
			isa = XCConfigurationList;
			buildConfigurations = (
				50B025312C47E404002F1AD7 /* Debug */,
				50B025322C47E404002F1AD7 /* Release */,
			);
			defaultConfigurationIsVisible = 0;
			defaultConfigurationName = Release;
		};
		50B025332C47E404002F1AD7 /* Build configuration list for PBXNativeTarget "JS Blocker Extension" */ = {
			isa = XCConfigurationList;
			buildConfigurations = (
				50B025342C47E404002F1AD7 /* Debug */,
				50B025352C47E404002F1AD7 /* Release */,
			);
			defaultConfigurationIsVisible = 0;
			defaultConfigurationName = Release;
		};
		50B025372C47E404002F1AD7 /* Build configuration list for PBXNativeTarget "JS Blocker" */ = {
			isa = XCConfigurationList;
			buildConfigurations = (
				50B025382C47E404002F1AD7 /* Debug */,
				50B025392C47E404002F1AD7 /* Release */,
			);
			defaultConfigurationIsVisible = 0;
			defaultConfigurationName = Release;
		};
		50B025632C47ECCC002F1AD7 /* Build configuration list for PBXNativeTarget "JS Blocker Rules" */ = {
			isa = XCConfigurationList;
			buildConfigurations = (
				50B025612C47ECCC002F1AD7 /* Debug */,
				50B025622C47ECCC002F1AD7 /* Release */,
			);
			defaultConfigurationIsVisible = 0;
			defaultConfigurationName = Release;
		};
/* End XCConfigurationList section */

/* Begin XCVersionGroup section */
		5019AA132C6E4FBE003F9AF5 /* Model.xcdatamodeld */ = {
			isa = XCVersionGroup;
			children = (
				5019AA142C6E4FBE003F9AF5 /* Model.xcdatamodel */,
			);
			currentVersion = 5019AA142C6E4FBE003F9AF5 /* Model.xcdatamodel */;
			path = Model.xcdatamodeld;
			sourceTree = "<group>";
			versionGroupType = wrapper.xcdatamodel;
		};
/* End XCVersionGroup section */
	};
	rootObject = 50B024FA2C47E401002F1AD7 /* Project object */;
}
