// !$*UTF8*$!
{
	archiveVersion = 1;
	classes = {
	};
	objectVersion = 55;
	objects = {

/* Begin PBXBuildFile section */
		500895342DD73EDF00414588 /* Date.swift in Sources */ = {isa = PBXBuildFile; fileRef = 500895332DD73EDF00414588 /* Date.swift */; };
		500895352DD73EDF00414588 /* Date.swift in Sources */ = {isa = PBXBuildFile; fileRef = 500895332DD73EDF00414588 /* Date.swift */; };
		500895362DD73EDF00414588 /* Date.swift in Sources */ = {isa = PBXBuildFile; fileRef = 500895332DD73EDF00414588 /* Date.swift */; };
		500D2C562D058C8200551390 /* NSRegularExpression.swift in Sources */ = {isa = PBXBuildFile; fileRef = 500D2C552D058C8000551390 /* NSRegularExpression.swift */; };
		500D2C572D058C8200551390 /* NSRegularExpression.swift in Sources */ = {isa = PBXBuildFile; fileRef = 500D2C552D058C8000551390 /* NSRegularExpression.swift */; };
		500D2D242D05951400551390 /* SFSafariApplication.swift in Sources */ = {isa = PBXBuildFile; fileRef = 50875E192C71EE1700756D64 /* SFSafariApplication.swift */; };
		500D2D262D05951D00551390 /* NSRegularExpression.swift in Sources */ = {isa = PBXBuildFile; fileRef = 500D2C552D058C8000551390 /* NSRegularExpression.swift */; };
		500D2D282D05952700551390 /* String.swift in Sources */ = {isa = PBXBuildFile; fileRef = 50875E112C71EE0D00756D64 /* String.swift */; };
		500D2D2A2D05969F00551390 /* Tests.swift in Sources */ = {isa = PBXBuildFile; fileRef = 500D2D292D05969F00551390 /* Tests.swift */; };
		5019AA152C6E4FBE003F9AF5 /* Model.xcdatamodeld in Sources */ = {isa = PBXBuildFile; fileRef = 5019AA132C6E4FBE003F9AF5 /* Model.xcdatamodeld */; };
		5019AA162C6E4FBE003F9AF5 /* Model.xcdatamodeld in Sources */ = {isa = PBXBuildFile; fileRef = 5019AA132C6E4FBE003F9AF5 /* Model.xcdatamodeld */; };
		501FA4E12F4F99B1004663D2 /* NSEvent.swift in Sources */ = {isa = PBXBuildFile; fileRef = 501FA4E02F4F99AE004663D2 /* NSEvent.swift */; };
		501FA4E22F4F99B1004663D2 /* NSEvent.swift in Sources */ = {isa = PBXBuildFile; fileRef = 501FA4E02F4F99AE004663D2 /* NSEvent.swift */; };
		501FA4E32F4F99B1004663D2 /* NSEvent.swift in Sources */ = {isa = PBXBuildFile; fileRef = 501FA4E02F4F99AE004663D2 /* NSEvent.swift */; };
		50288FDD2DB11B8500A32865 /* Credits.html in Resources */ = {isa = PBXBuildFile; fileRef = 50288FDC2DB11B8500A32865 /* Credits.html */; };
		503B16682DCB91B900C90BDA /* ExtensionHandler.swift in Sources */ = {isa = PBXBuildFile; fileRef = 50B025232C47E404002F1AD7 /* ExtensionHandler.swift */; };
		503CE1442C6E32C400835509 /* ToolbarIcon-exact.pdf in Resources */ = {isa = PBXBuildFile; fileRef = 503CE1432C6E32C400835509 /* ToolbarIcon-exact.pdf */; };
		50439DC02F44C74800270BE5 /* info.plist in Resources */ = {isa = PBXBuildFile; fileRef = 50439DBF2F44C74800270BE5 /* info.plist */; };
		50439DC22F44C87E00270BE5 /* Timer.swift in Sources */ = {isa = PBXBuildFile; fileRef = 50439DC12F44C87E00270BE5 /* Timer.swift */; };
		50439DC32F44C87E00270BE5 /* Timer.swift in Sources */ = {isa = PBXBuildFile; fileRef = 50439DC12F44C87E00270BE5 /* Timer.swift */; };
		50439DC42F44C87E00270BE5 /* Timer.swift in Sources */ = {isa = PBXBuildFile; fileRef = 50439DC12F44C87E00270BE5 /* Timer.swift */; };
		50439DC62F44C8BA00270BE5 /* Numeric.swift in Sources */ = {isa = PBXBuildFile; fileRef = 50439DC52F44C8BA00270BE5 /* Numeric.swift */; };
		50439DC72F44C8BA00270BE5 /* Numeric.swift in Sources */ = {isa = PBXBuildFile; fileRef = 50439DC52F44C8BA00270BE5 /* Numeric.swift */; };
		50439DC82F44C8BA00270BE5 /* Numeric.swift in Sources */ = {isa = PBXBuildFile; fileRef = 50439DC52F44C8BA00270BE5 /* Numeric.swift */; };
		50439DCA2F44C8C300270BE5 /* Logger.swift in Sources */ = {isa = PBXBuildFile; fileRef = 50439DC92F44C8C300270BE5 /* Logger.swift */; };
		50439DCB2F44C8C300270BE5 /* Logger.swift in Sources */ = {isa = PBXBuildFile; fileRef = 50439DC92F44C8C300270BE5 /* Logger.swift */; };
		50439DCC2F44C8C300270BE5 /* Logger.swift in Sources */ = {isa = PBXBuildFile; fileRef = 50439DC92F44C8C300270BE5 /* Logger.swift */; };
		50439DCE2F44C8CE00270BE5 /* GeometryReader.swift in Sources */ = {isa = PBXBuildFile; fileRef = 50439DCD2F44C8CE00270BE5 /* GeometryReader.swift */; };
		50439DCF2F44C8CE00270BE5 /* GeometryReader.swift in Sources */ = {isa = PBXBuildFile; fileRef = 50439DCD2F44C8CE00270BE5 /* GeometryReader.swift */; };
		50439DD02F44C8CE00270BE5 /* GeometryReader.swift in Sources */ = {isa = PBXBuildFile; fileRef = 50439DCD2F44C8CE00270BE5 /* GeometryReader.swift */; };
		50439E052F44C9AD00270BE5 /* Media.xcassets in Resources */ = {isa = PBXBuildFile; fileRef = 50439E032F44C9AD00270BE5 /* Media.xcassets */; };
		50439E062F44C9AD00270BE5 /* MessageType.swift in Sources */ = {isa = PBXBuildFile; fileRef = 50439DFD2F44C9AD00270BE5 /* MessageType.swift */; };
		50439E072F44C9AD00270BE5 /* MessageStorage.swift in Sources */ = {isa = PBXBuildFile; fileRef = 50439E002F44C9AD00270BE5 /* MessageStorage.swift */; };
		50439E082F44C9AD00270BE5 /* Message.swift in Sources */ = {isa = PBXBuildFile; fileRef = 50439DFF2F44C9AD00270BE5 /* Message.swift */; };
		50439E092F44C9AD00270BE5 /* MessageBox.swift in Sources */ = {isa = PBXBuildFile; fileRef = 50439E012F44C9AD00270BE5 /* MessageBox.swift */; };
		50439E0A2F44C9AD00270BE5 /* MessageColors.swift in Sources */ = {isa = PBXBuildFile; fileRef = 50439E022F44C9AD00270BE5 /* MessageColors.swift */; };
		50439E0B2F44C9AD00270BE5 /* MessageLifecycle.swift in Sources */ = {isa = PBXBuildFile; fileRef = 50439DFE2F44C9AD00270BE5 /* MessageLifecycle.swift */; };
		50439E0C2F44C9AD00270BE5 /* MessageType.swift in Sources */ = {isa = PBXBuildFile; fileRef = 50439DFD2F44C9AD00270BE5 /* MessageType.swift */; };
		50439E0D2F44C9AD00270BE5 /* MessageStorage.swift in Sources */ = {isa = PBXBuildFile; fileRef = 50439E002F44C9AD00270BE5 /* MessageStorage.swift */; };
		50439E0E2F44C9AD00270BE5 /* Message.swift in Sources */ = {isa = PBXBuildFile; fileRef = 50439DFF2F44C9AD00270BE5 /* Message.swift */; };
		50439E0F2F44C9AD00270BE5 /* MessageBox.swift in Sources */ = {isa = PBXBuildFile; fileRef = 50439E012F44C9AD00270BE5 /* MessageBox.swift */; };
		50439E102F44C9AD00270BE5 /* MessageColors.swift in Sources */ = {isa = PBXBuildFile; fileRef = 50439E022F44C9AD00270BE5 /* MessageColors.swift */; };
		50439E112F44C9AD00270BE5 /* MessageLifecycle.swift in Sources */ = {isa = PBXBuildFile; fileRef = 50439DFE2F44C9AD00270BE5 /* MessageLifecycle.swift */; };
		50439E122F44C9AD00270BE5 /* Media.xcassets in Resources */ = {isa = PBXBuildFile; fileRef = 50439E032F44C9AD00270BE5 /* Media.xcassets */; };
		5064F9152D0D9AF500F26724 /* Localizable.xcstrings in Resources */ = {isa = PBXBuildFile; fileRef = 5064F9142D0D9AF500F26724 /* Localizable.xcstrings */; };
		5064F9162D0D9AF500F26724 /* Localizable.xcstrings in Resources */ = {isa = PBXBuildFile; fileRef = 5064F9142D0D9AF500F26724 /* Localizable.xcstrings */; };
		50684B692DB9679000FC6175 /* Data.swift in Sources */ = {isa = PBXBuildFile; fileRef = 50684B682DB9678E00FC6175 /* Data.swift */; };
		50684B6A2DB9679000FC6175 /* Data.swift in Sources */ = {isa = PBXBuildFile; fileRef = 50684B682DB9678E00FC6175 /* Data.swift */; };
		50684B6B2DB9679000FC6175 /* Data.swift in Sources */ = {isa = PBXBuildFile; fileRef = 50684B682DB9678E00FC6175 /* Data.swift */; };
		50875E0B2C71E93A00756D64 /* AllowedDomains.swift in Sources */ = {isa = PBXBuildFile; fileRef = 50875E092C71E93A00756D64 /* AllowedDomains.swift */; };
		50875E0D2C71E93A00756D64 /* AllowedDomains.swift in Sources */ = {isa = PBXBuildFile; fileRef = 50875E092C71E93A00756D64 /* AllowedDomains.swift */; };
		50875E122C71EE0D00756D64 /* String.swift in Sources */ = {isa = PBXBuildFile; fileRef = 50875E112C71EE0D00756D64 /* String.swift */; };
		50875E132C71EE0D00756D64 /* String.swift in Sources */ = {isa = PBXBuildFile; fileRef = 50875E112C71EE0D00756D64 /* String.swift */; };
		50875E1A2C71EE1700756D64 /* SFSafariApplication.swift in Sources */ = {isa = PBXBuildFile; fileRef = 50875E192C71EE1700756D64 /* SFSafariApplication.swift */; };
		50875E1B2C71EE1700756D64 /* SFSafariApplication.swift in Sources */ = {isa = PBXBuildFile; fileRef = 50875E192C71EE1700756D64 /* SFSafariApplication.swift */; };
		50875E222C71F21C00756D64 /* Assets.xcassets in Resources */ = {isa = PBXBuildFile; fileRef = 50875E212C71F21C00756D64 /* Assets.xcassets */; };
		50875E232C71F21C00756D64 /* Assets.xcassets in Resources */ = {isa = PBXBuildFile; fileRef = 50875E212C71F21C00756D64 /* Assets.xcassets */; };
		50875E342C71F6FD00756D64 /* InfoPlist.xcstrings in Resources */ = {isa = PBXBuildFile; fileRef = 50875E332C71F6FD00756D64 /* InfoPlist.xcstrings */; };
		50875E382C71F72A00756D64 /* InfoPlist.xcstrings in Resources */ = {isa = PBXBuildFile; fileRef = 50875E372C71F72A00756D64 /* InfoPlist.xcstrings */; };
		50992D372F56E9570090699F /* ViewController.xib in Resources */ = {isa = PBXBuildFile; fileRef = 50992D362F56E9570090699F /* ViewController.xib */; };
		50AD451A2DAD17C600425467 /* ToolbarIcon-wildcard.pdf in Resources */ = {isa = PBXBuildFile; fileRef = 50AD45192DAD17C600425467 /* ToolbarIcon-wildcard.pdf */; };
		50AD45212DAE59C300425467 /* View.swift in Sources */ = {isa = PBXBuildFile; fileRef = 50AD45202DAE59C300425467 /* View.swift */; };
		50AD45222DAE59C300425467 /* View.swift in Sources */ = {isa = PBXBuildFile; fileRef = 50AD45202DAE59C300425467 /* View.swift */; };
		50AD45242DAE59C300425467 /* View.swift in Sources */ = {isa = PBXBuildFile; fileRef = 50AD45202DAE59C300425467 /* View.swift */; };
		50B025062C47E401002F1AD7 /* App.swift in Sources */ = {isa = PBXBuildFile; fileRef = 50B025052C47E401002F1AD7 /* App.swift */; };
		50B025172C47E403002F1AD7 /* Assets.xcassets in Resources */ = {isa = PBXBuildFile; fileRef = 50B025162C47E403002F1AD7 /* Assets.xcassets */; };
		50B0251F2C47E404002F1AD7 /* JS Blocker Extension.appex in Embed Foundation Extensions */ = {isa = PBXBuildFile; fileRef = 50B0251E2C47E404002F1AD7 /* JS Blocker Extension.appex */; settings = {ATTRIBUTES = (RemoveHeadersOnCopy, ); }; };
		50B025242C47E404002F1AD7 /* ExtensionHandler.swift in Sources */ = {isa = PBXBuildFile; fileRef = 50B025232C47E404002F1AD7 /* ExtensionHandler.swift */; };
		50B025262C47E404002F1AD7 /* ViewController.swift in Sources */ = {isa = PBXBuildFile; fileRef = 50B025252C47E404002F1AD7 /* ViewController.swift */; };
		50B025292C47E404002F1AD7 /* script.js in Resources */ = {isa = PBXBuildFile; fileRef = 50B025282C47E404002F1AD7 /* script.js */; };
		50B0252B2C47E404002F1AD7 /* ToolbarIcon-none.pdf in Resources */ = {isa = PBXBuildFile; fileRef = 50B0252A2C47E404002F1AD7 /* ToolbarIcon-none.pdf */; };
		50CE9F9A2F45BF06001006CF /* Assets.xcassets in Resources */ = {isa = PBXBuildFile; fileRef = 50CE9F992F45BF06001006CF /* Assets.xcassets */; };
		50CE9F9B2F45BF06001006CF /* Assets.xcassets in Resources */ = {isa = PBXBuildFile; fileRef = 50CE9F992F45BF06001006CF /* Assets.xcassets */; };
		50CE9F9D2F45BF89001006CF /* DomainRulePanelColors.swift in Sources */ = {isa = PBXBuildFile; fileRef = 50CE9F9C2F45BF89001006CF /* DomainRulePanelColors.swift */; };
		50CE9F9E2F45BF89001006CF /* DomainRulePanelColors.swift in Sources */ = {isa = PBXBuildFile; fileRef = 50CE9F9C2F45BF89001006CF /* DomainRulePanelColors.swift */; };
		50CE9FA02F45C3A0001006CF /* InstallPopupColors.swift in Sources */ = {isa = PBXBuildFile; fileRef = 50CE9F9F2F45C39D001006CF /* InstallPopupColors.swift */; };
		50CE9FA32F45DD19001006CF /* Assets.xcassets in Resources */ = {isa = PBXBuildFile; fileRef = 50CE9FA22F45DD19001006CF /* Assets.xcassets */; };
		50CE9FA42F45DD19001006CF /* Assets.xcassets in Resources */ = {isa = PBXBuildFile; fileRef = 50CE9FA22F45DD19001006CF /* Assets.xcassets */; };
		50CE9FA62F45DD55001006CF /* ButtonRoundColors.swift in Sources */ = {isa = PBXBuildFile; fileRef = 50CE9FA52F45DD55001006CF /* ButtonRoundColors.swift */; };
		50CE9FA72F45DD55001006CF /* ButtonRoundColors.swift in Sources */ = {isa = PBXBuildFile; fileRef = 50CE9FA52F45DD55001006CF /* ButtonRoundColors.swift */; };
		50CE9FA92F45DEE4001006CF /* PopupColors.swift in Sources */ = {isa = PBXBuildFile; fileRef = 50CE9FA82F45DEE4001006CF /* PopupColors.swift */; };
		50CE9FAA2F45DEE4001006CF /* PopupColors.swift in Sources */ = {isa = PBXBuildFile; fileRef = 50CE9FA82F45DEE4001006CF /* PopupColors.swift */; };
		50CE9FB02F4616E0001006CF /* Table.swift in Sources */ = {isa = PBXBuildFile; fileRef = 50CE9FAF2F4616DD001006CF /* Table.swift */; };
		50CE9FB12F4616E0001006CF /* Table.swift in Sources */ = {isa = PBXBuildFile; fileRef = 50CE9FAF2F4616DD001006CF /* Table.swift */; };
		50CE9FE32F472E06001006CF /* Assets.xcassets in Resources */ = {isa = PBXBuildFile; fileRef = 50CE9FE12F472E06001006CF /* Assets.xcassets */; };
		50CE9FE42F472E06001006CF /* ButtonCustom.swift in Sources */ = {isa = PBXBuildFile; fileRef = 50CE9FDF2F472E06001006CF /* ButtonCustom.swift */; };
		50CE9FE52F472E06001006CF /* ButtonCustomColor.swift in Sources */ = {isa = PBXBuildFile; fileRef = 50CE9FE02F472E06001006CF /* ButtonCustomColor.swift */; };
		50CE9FE62F472E06001006CF /* Assets.xcassets in Resources */ = {isa = PBXBuildFile; fileRef = 50CE9FE12F472E06001006CF /* Assets.xcassets */; };
		50CE9FE72F472E06001006CF /* ButtonCustom.swift in Sources */ = {isa = PBXBuildFile; fileRef = 50CE9FDF2F472E06001006CF /* ButtonCustom.swift */; };
		50CE9FE82F472E06001006CF /* ButtonCustomColor.swift in Sources */ = {isa = PBXBuildFile; fileRef = 50CE9FE02F472E06001006CF /* ButtonCustomColor.swift */; };
		50CE9FEA2F472EC4001006CF /* Shape.swift in Sources */ = {isa = PBXBuildFile; fileRef = 50CE9FE92F472EC4001006CF /* Shape.swift */; };
		50CE9FEB2F472EC4001006CF /* Shape.swift in Sources */ = {isa = PBXBuildFile; fileRef = 50CE9FE92F472EC4001006CF /* Shape.swift */; };
		50CE9FEC2F472EC4001006CF /* Shape.swift in Sources */ = {isa = PBXBuildFile; fileRef = 50CE9FE92F472EC4001006CF /* Shape.swift */; };
		50CEA0482F47A35A001006CF /* MainScene.swift in Sources */ = {isa = PBXBuildFile; fileRef = 50CEA0462F47A122001006CF /* MainScene.swift */; };
		50CEA04E2F47A434001006CF /* MainSceneColor.swift in Sources */ = {isa = PBXBuildFile; fileRef = 50CEA04D2F47A42D001006CF /* MainSceneColor.swift */; };
		50CEA0542F47A6B7001006CF /* const.swift in Sources */ = {isa = PBXBuildFile; fileRef = 50CEA0532F47A6B3001006CF /* const.swift */; };
		50CEA0552F47A6B7001006CF /* const.swift in Sources */ = {isa = PBXBuildFile; fileRef = 50CEA0532F47A6B3001006CF /* const.swift */; };
		50CEA0562F47A6B7001006CF /* const.swift in Sources */ = {isa = PBXBuildFile; fileRef = 50CEA0532F47A6B3001006CF /* const.swift */; };
		50CEA0692F485EA4001006CF /* Features.swift in Sources */ = {isa = PBXBuildFile; fileRef = 50CEA0682F485E9E001006CF /* Features.swift */; };
		50CEA06B2F486265001006CF /* InstallPopup.swift in Sources */ = {isa = PBXBuildFile; fileRef = 50CEA06A2F48625A001006CF /* InstallPopup.swift */; };
		50CEA06D2F48C9FB001006CF /* DomainsState.swift in Sources */ = {isa = PBXBuildFile; fileRef = 50CEA06C2F48C9FB001006CF /* DomainsState.swift */; };
		50CEA0792F4902A5001006CF /* DomainsState.swift in Sources */ = {isa = PBXBuildFile; fileRef = 50CEA06C2F48C9FB001006CF /* DomainsState.swift */; };
		50CEA07B2F49AF9C001006CF /* UserDefaultsState.swift in Sources */ = {isa = PBXBuildFile; fileRef = 50CEA07A2F49AF9C001006CF /* UserDefaultsState.swift */; };
		50CEA07C2F49AF9C001006CF /* UserDefaultsState.swift in Sources */ = {isa = PBXBuildFile; fileRef = 50CEA07A2F49AF9C001006CF /* UserDefaultsState.swift */; };
		50CEA0842F4A481E001006CF /* Media.xcassets in Resources */ = {isa = PBXBuildFile; fileRef = 50CEA0832F4A481E001006CF /* Media.xcassets */; };
		50CEA0852F4A481E001006CF /* Media.xcassets in Resources */ = {isa = PBXBuildFile; fileRef = 50CEA0832F4A481E001006CF /* Media.xcassets */; };
		50CEA0872F4A4824001006CF /* TableColors.swift in Sources */ = {isa = PBXBuildFile; fileRef = 50CEA0862F4A4824001006CF /* TableColors.swift */; };
		50CEA0882F4A4824001006CF /* TableColors.swift in Sources */ = {isa = PBXBuildFile; fileRef = 50CEA0862F4A4824001006CF /* TableColors.swift */; };
		50CEA08A2F4A4E96001006CF /* Color.swift in Sources */ = {isa = PBXBuildFile; fileRef = 50CEA0892F4A4E96001006CF /* Color.swift */; };
		50CEA08B2F4A4E96001006CF /* Color.swift in Sources */ = {isa = PBXBuildFile; fileRef = 50CEA0892F4A4E96001006CF /* Color.swift */; };
		50CEA08C2F4A4E96001006CF /* Color.swift in Sources */ = {isa = PBXBuildFile; fileRef = 50CEA0892F4A4E96001006CF /* Color.swift */; };
		50CEA0942F4B6D46001006CF /* Set.swift in Sources */ = {isa = PBXBuildFile; fileRef = 50CEA0932F4B6D44001006CF /* Set.swift */; };
		50CEA0952F4B6D46001006CF /* Set.swift in Sources */ = {isa = PBXBuildFile; fileRef = 50CEA0932F4B6D44001006CF /* Set.swift */; };
		50CEA0962F4B6D46001006CF /* Set.swift in Sources */ = {isa = PBXBuildFile; fileRef = 50CEA0932F4B6D44001006CF /* Set.swift */; };
		50CEA0A52F4C502A001006CF /* Array.swift in Sources */ = {isa = PBXBuildFile; fileRef = 50CEA0A42F4C502A001006CF /* Array.swift */; };
		50CEA0A62F4C502A001006CF /* Array.swift in Sources */ = {isa = PBXBuildFile; fileRef = 50CEA0A42F4C502A001006CF /* Array.swift */; };
		50CEA0A72F4C502A001006CF /* Array.swift in Sources */ = {isa = PBXBuildFile; fileRef = 50CEA0A42F4C502A001006CF /* Array.swift */; };
		50E150B62DA96616005768C1 /* MatchType.swift in Sources */ = {isa = PBXBuildFile; fileRef = 50E150B52DA96615005768C1 /* MatchType.swift */; };
		50E150B82DA96616005768C1 /* MatchType.swift in Sources */ = {isa = PBXBuildFile; fileRef = 50E150B52DA96615005768C1 /* MatchType.swift */; };
		50E150B92DA96616005768C1 /* MatchType.swift in Sources */ = {isa = PBXBuildFile; fileRef = 50E150B52DA96615005768C1 /* MatchType.swift */; };
		50E150C02DAA789D005768C1 /* PopupState.swift in Sources */ = {isa = PBXBuildFile; fileRef = 50E150BF2DAA789B005768C1 /* PopupState.swift */; };
		50E150C12DAA789D005768C1 /* PopupState.swift in Sources */ = {isa = PBXBuildFile; fileRef = 50E150BF2DAA789B005768C1 /* PopupState.swift */; };
		50E4E8402F55C76C0054E5DE /* ADFetchCollection.swift in Sources */ = {isa = PBXBuildFile; fileRef = 50E4E83F2F55C76B0054E5DE /* ADFetchCollection.swift */; };
		50E4E8412F55C76C0054E5DE /* ADFetchCollection.swift in Sources */ = {isa = PBXBuildFile; fileRef = 50E4E83F2F55C76B0054E5DE /* ADFetchCollection.swift */; };
		50EB55162CF9AAB400FC060C /* Assets.xcassets in Resources */ = {isa = PBXBuildFile; fileRef = 50EB55132CF9AAB400FC060C /* Assets.xcassets */; };
		50EB55172CF9AAB400FC060C /* Popup.swift in Sources */ = {isa = PBXBuildFile; fileRef = 50EB55142CF9AAB400FC060C /* Popup.swift */; };
		50EB55182CF9AAB400FC060C /* ButtonRound.swift in Sources */ = {isa = PBXBuildFile; fileRef = 50EB55112CF9AAB400FC060C /* ButtonRound.swift */; };
		50EB55192CF9AAB400FC060C /* DomainRulePanel.swift in Sources */ = {isa = PBXBuildFile; fileRef = 50EB550F2CF9AAB400FC060C /* DomainRulePanel.swift */; };
		50EB551B2CF9AAB400FC060C /* Assets.xcassets in Resources */ = {isa = PBXBuildFile; fileRef = 50EB55132CF9AAB400FC060C /* Assets.xcassets */; };
		50EB551C2CF9AAB400FC060C /* Popup.swift in Sources */ = {isa = PBXBuildFile; fileRef = 50EB55142CF9AAB400FC060C /* Popup.swift */; };
		50EB551D2CF9AAB400FC060C /* ButtonRound.swift in Sources */ = {isa = PBXBuildFile; fileRef = 50EB55112CF9AAB400FC060C /* ButtonRound.swift */; };
		50EB551E2CF9AAB400FC060C /* DomainRulePanel.swift in Sources */ = {isa = PBXBuildFile; fileRef = 50EB550F2CF9AAB400FC060C /* DomainRulePanel.swift */; };
		50EB55352CF9F4BA00FC060C /* ViewController.swift in Sources */ = {isa = PBXBuildFile; fileRef = 50B025252C47E404002F1AD7 /* ViewController.swift */; };
/* End PBXBuildFile section */

/* Begin PBXContainerItemProxy section */
		500D2D1F2D05929D00551390 /* PBXContainerItemProxy */ = {
			isa = PBXContainerItemProxy;
			containerPortal = 50B024FA2C47E401002F1AD7 /* Project object */;
			proxyType = 1;
			remoteGlobalIDString = 50B025012C47E401002F1AD7;
			remoteInfo = "JS Blocker";
		};
		50B025202C47E404002F1AD7 /* PBXContainerItemProxy */ = {
			isa = PBXContainerItemProxy;
			containerPortal = 50B024FA2C47E401002F1AD7 /* Project object */;
			proxyType = 1;
			remoteGlobalIDString = 50B0251D2C47E404002F1AD7;
			remoteInfo = "JS Blocker Extension";
		};
/* End PBXContainerItemProxy section */

/* Begin PBXCopyFilesBuildPhase section */
		50B025362C47E404002F1AD7 /* Embed Foundation Extensions */ = {
			isa = PBXCopyFilesBuildPhase;
			buildActionMask = 2147483647;
			dstPath = "";
			dstSubfolderSpec = 13;
			files = (
				50B0251F2C47E404002F1AD7 /* JS Blocker Extension.appex in Embed Foundation Extensions */,
			);
			name = "Embed Foundation Extensions";
			runOnlyForDeploymentPostprocessing = 0;
		};
/* End PBXCopyFilesBuildPhase section */

/* Begin PBXFileReference section */
		500895332DD73EDF00414588 /* Date.swift */ = {isa = PBXFileReference; lastKnownFileType = sourcecode.swift; path = Date.swift; sourceTree = "<group>"; };
		500D2C552D058C8000551390 /* NSRegularExpression.swift */ = {isa = PBXFileReference; lastKnownFileType = sourcecode.swift; path = NSRegularExpression.swift; sourceTree = "<group>"; };
		500D2D1B2D05929D00551390 /* JS Blocker Tests.xctest */ = {isa = PBXFileReference; explicitFileType = wrapper.cfbundle; includeInIndex = 0; path = "JS Blocker Tests.xctest"; sourceTree = BUILT_PRODUCTS_DIR; };
		500D2D292D05969F00551390 /* Tests.swift */ = {isa = PBXFileReference; lastKnownFileType = sourcecode.swift; path = Tests.swift; sourceTree = "<group>"; };
		5019AA142C6E4FBE003F9AF5 /* Model.xcdatamodel */ = {isa = PBXFileReference; lastKnownFileType = wrapper.xcdatamodel; path = Model.xcdatamodel; sourceTree = "<group>"; };
		501FA4E02F4F99AE004663D2 /* NSEvent.swift */ = {isa = PBXFileReference; lastKnownFileType = sourcecode.swift; path = NSEvent.swift; sourceTree = "<group>"; };
		50288FDC2DB11B8500A32865 /* Credits.html */ = {isa = PBXFileReference; lastKnownFileType = text.html; path = Credits.html; sourceTree = "<group>"; };
		503CE1432C6E32C400835509 /* ToolbarIcon-exact.pdf */ = {isa = PBXFileReference; lastKnownFileType = image.pdf; path = "ToolbarIcon-exact.pdf"; sourceTree = "<group>"; };
		50439DBF2F44C74800270BE5 /* info.plist */ = {isa = PBXFileReference; lastKnownFileType = text.plist.xml; path = info.plist; sourceTree = "<group>"; };
		50439DC12F44C87E00270BE5 /* Timer.swift */ = {isa = PBXFileReference; lastKnownFileType = sourcecode.swift; path = Timer.swift; sourceTree = "<group>"; };
		50439DC52F44C8BA00270BE5 /* Numeric.swift */ = {isa = PBXFileReference; lastKnownFileType = sourcecode.swift; path = Numeric.swift; sourceTree = "<group>"; };
		50439DC92F44C8C300270BE5 /* Logger.swift */ = {isa = PBXFileReference; lastKnownFileType = sourcecode.swift; path = Logger.swift; sourceTree = "<group>"; };
		50439DCD2F44C8CE00270BE5 /* GeometryReader.swift */ = {isa = PBXFileReference; lastKnownFileType = sourcecode.swift; path = GeometryReader.swift; sourceTree = "<group>"; };
		50439DFD2F44C9AD00270BE5 /* MessageType.swift */ = {isa = PBXFileReference; lastKnownFileType = sourcecode.swift; path = MessageType.swift; sourceTree = "<group>"; };
		50439DFE2F44C9AD00270BE5 /* MessageLifecycle.swift */ = {isa = PBXFileReference; lastKnownFileType = sourcecode.swift; path = MessageLifecycle.swift; sourceTree = "<group>"; };
		50439DFF2F44C9AD00270BE5 /* Message.swift */ = {isa = PBXFileReference; lastKnownFileType = sourcecode.swift; path = Message.swift; sourceTree = "<group>"; };
		50439E002F44C9AD00270BE5 /* MessageStorage.swift */ = {isa = PBXFileReference; lastKnownFileType = sourcecode.swift; path = MessageStorage.swift; sourceTree = "<group>"; };
		50439E012F44C9AD00270BE5 /* MessageBox.swift */ = {isa = PBXFileReference; lastKnownFileType = sourcecode.swift; path = MessageBox.swift; sourceTree = "<group>"; };
		50439E022F44C9AD00270BE5 /* MessageColors.swift */ = {isa = PBXFileReference; lastKnownFileType = sourcecode.swift; path = MessageColors.swift; sourceTree = "<group>"; };
		50439E032F44C9AD00270BE5 /* Media.xcassets */ = {isa = PBXFileReference; lastKnownFileType = folder.assetcatalog; path = Media.xcassets; sourceTree = "<group>"; };
		5064F9142D0D9AF500F26724 /* Localizable.xcstrings */ = {isa = PBXFileReference; lastKnownFileType = text.json.xcstrings; path = Localizable.xcstrings; sourceTree = "<group>"; };
		50684B682DB9678E00FC6175 /* Data.swift */ = {isa = PBXFileReference; lastKnownFileType = sourcecode.swift; path = Data.swift; sourceTree = "<group>"; };
		5085C5E82DB578880009F4AD /* Model-v2.xcdatamodel */ = {isa = PBXFileReference; lastKnownFileType = wrapper.xcdatamodel; path = "Model-v2.xcdatamodel"; sourceTree = "<group>"; };
		50875E092C71E93A00756D64 /* AllowedDomains.swift */ = {isa = PBXFileReference; lastKnownFileType = sourcecode.swift; path = AllowedDomains.swift; sourceTree = "<group>"; };
		50875E112C71EE0D00756D64 /* String.swift */ = {isa = PBXFileReference; lastKnownFileType = sourcecode.swift; path = String.swift; sourceTree = "<group>"; };
		50875E192C71EE1700756D64 /* SFSafariApplication.swift */ = {isa = PBXFileReference; lastKnownFileType = sourcecode.swift; path = SFSafariApplication.swift; sourceTree = "<group>"; };
		50875E212C71F21C00756D64 /* Assets.xcassets */ = {isa = PBXFileReference; lastKnownFileType = folder.assetcatalog; path = Assets.xcassets; sourceTree = "<group>"; };
		50875E332C71F6FD00756D64 /* InfoPlist.xcstrings */ = {isa = PBXFileReference; lastKnownFileType = text.json.xcstrings; path = InfoPlist.xcstrings; sourceTree = "<group>"; };
		50875E372C71F72A00756D64 /* InfoPlist.xcstrings */ = {isa = PBXFileReference; lastKnownFileType = text.json.xcstrings; path = InfoPlist.xcstrings; sourceTree = "<group>"; };
		50992D362F56E9570090699F /* ViewController.xib */ = {isa = PBXFileReference; fileEncoding = 4; lastKnownFileType = file.xib; path = ViewController.xib; sourceTree = "<group>"; };
		50AD45192DAD17C600425467 /* ToolbarIcon-wildcard.pdf */ = {isa = PBXFileReference; lastKnownFileType = image.pdf; path = "ToolbarIcon-wildcard.pdf"; sourceTree = "<group>"; };
		50AD45202DAE59C300425467 /* View.swift */ = {isa = PBXFileReference; lastKnownFileType = sourcecode.swift; path = View.swift; sourceTree = "<group>"; };
		50B025022C47E401002F1AD7 /* JS Blocker.app */ = {isa = PBXFileReference; explicitFileType = wrapper.application; includeInIndex = 0; path = "JS Blocker.app"; sourceTree = BUILT_PRODUCTS_DIR; };
		50B025052C47E401002F1AD7 /* App.swift */ = {isa = PBXFileReference; lastKnownFileType = sourcecode.swift; path = App.swift; sourceTree = "<group>"; };
		50B025162C47E403002F1AD7 /* Assets.xcassets */ = {isa = PBXFileReference; lastKnownFileType = folder.assetcatalog; path = Assets.xcassets; sourceTree = "<group>"; };
		50B025192C47E403002F1AD7 /* app.entitlements */ = {isa = PBXFileReference; lastKnownFileType = text.plist.entitlements; path = app.entitlements; sourceTree = "<group>"; };
		50B0251E2C47E404002F1AD7 /* JS Blocker Extension.appex */ = {isa = PBXFileReference; explicitFileType = "wrapper.app-extension"; includeInIndex = 0; path = "JS Blocker Extension.appex"; sourceTree = BUILT_PRODUCTS_DIR; };
		50B025232C47E404002F1AD7 /* ExtensionHandler.swift */ = {isa = PBXFileReference; lastKnownFileType = sourcecode.swift; path = ExtensionHandler.swift; sourceTree = "<group>"; };
		50B025252C47E404002F1AD7 /* ViewController.swift */ = {isa = PBXFileReference; lastKnownFileType = sourcecode.swift; path = ViewController.swift; sourceTree = "<group>"; };
		50B025282C47E404002F1AD7 /* script.js */ = {isa = PBXFileReference; lastKnownFileType = sourcecode.javascript; path = script.js; sourceTree = "<group>"; };
		50B0252A2C47E404002F1AD7 /* ToolbarIcon-none.pdf */ = {isa = PBXFileReference; lastKnownFileType = image.pdf; path = "ToolbarIcon-none.pdf"; sourceTree = "<group>"; };
		50B0252F2C47E404002F1AD7 /* Info.plist */ = {isa = PBXFileReference; lastKnownFileType = text.plist.xml; path = Info.plist; sourceTree = "<group>"; };
		50B025302C47E404002F1AD7 /* ext.entitlements */ = {isa = PBXFileReference; lastKnownFileType = text.plist.entitlements; path = ext.entitlements; sourceTree = "<group>"; };
		50CE9F992F45BF06001006CF /* Assets.xcassets */ = {isa = PBXFileReference; lastKnownFileType = folder.assetcatalog; path = Assets.xcassets; sourceTree = "<group>"; };
		50CE9F9C2F45BF89001006CF /* DomainRulePanelColors.swift */ = {isa = PBXFileReference; lastKnownFileType = sourcecode.swift; path = DomainRulePanelColors.swift; sourceTree = "<group>"; };
		50CE9F9F2F45C39D001006CF /* InstallPopupColors.swift */ = {isa = PBXFileReference; lastKnownFileType = sourcecode.swift; path = InstallPopupColors.swift; sourceTree = "<group>"; };
		50CE9FA22F45DD19001006CF /* Assets.xcassets */ = {isa = PBXFileReference; lastKnownFileType = folder.assetcatalog; path = Assets.xcassets; sourceTree = "<group>"; };
		50CE9FA52F45DD55001006CF /* ButtonRoundColors.swift */ = {isa = PBXFileReference; lastKnownFileType = sourcecode.swift; path = ButtonRoundColors.swift; sourceTree = "<group>"; };
		50CE9FA82F45DEE4001006CF /* PopupColors.swift */ = {isa = PBXFileReference; lastKnownFileType = sourcecode.swift; path = PopupColors.swift; sourceTree = "<group>"; };
		50CE9FAF2F4616DD001006CF /* Table.swift */ = {isa = PBXFileReference; lastKnownFileType = sourcecode.swift; path = Table.swift; sourceTree = "<group>"; };
		50CE9FDF2F472E06001006CF /* ButtonCustom.swift */ = {isa = PBXFileReference; lastKnownFileType = sourcecode.swift; path = ButtonCustom.swift; sourceTree = "<group>"; };
		50CE9FE02F472E06001006CF /* ButtonCustomColor.swift */ = {isa = PBXFileReference; lastKnownFileType = sourcecode.swift; path = ButtonCustomColor.swift; sourceTree = "<group>"; };
		50CE9FE12F472E06001006CF /* Assets.xcassets */ = {isa = PBXFileReference; lastKnownFileType = folder.assetcatalog; path = Assets.xcassets; sourceTree = "<group>"; };
		50CE9FE92F472EC4001006CF /* Shape.swift */ = {isa = PBXFileReference; lastKnownFileType = sourcecode.swift; path = Shape.swift; sourceTree = "<group>"; };
		50CEA0462F47A122001006CF /* MainScene.swift */ = {isa = PBXFileReference; lastKnownFileType = sourcecode.swift; path = MainScene.swift; sourceTree = "<group>"; };
		50CEA04D2F47A42D001006CF /* MainSceneColor.swift */ = {isa = PBXFileReference; lastKnownFileType = sourcecode.swift; path = MainSceneColor.swift; sourceTree = "<group>"; };
		50CEA0532F47A6B3001006CF /* const.swift */ = {isa = PBXFileReference; lastKnownFileType = sourcecode.swift; path = const.swift; sourceTree = "<group>"; };
		50CEA0682F485E9E001006CF /* Features.swift */ = {isa = PBXFileReference; lastKnownFileType = sourcecode.swift; path = Features.swift; sourceTree = "<group>"; };
		50CEA06A2F48625A001006CF /* InstallPopup.swift */ = {isa = PBXFileReference; lastKnownFileType = sourcecode.swift; path = InstallPopup.swift; sourceTree = "<group>"; };
		50CEA06C2F48C9FB001006CF /* DomainsState.swift */ = {isa = PBXFileReference; lastKnownFileType = sourcecode.swift; path = DomainsState.swift; sourceTree = "<group>"; };
		50CEA07A2F49AF9C001006CF /* UserDefaultsState.swift */ = {isa = PBXFileReference; lastKnownFileType = sourcecode.swift; path = UserDefaultsState.swift; sourceTree = "<group>"; };
		50CEA0832F4A481E001006CF /* Media.xcassets */ = {isa = PBXFileReference; lastKnownFileType = folder.assetcatalog; path = Media.xcassets; sourceTree = "<group>"; };
		50CEA0862F4A4824001006CF /* TableColors.swift */ = {isa = PBXFileReference; lastKnownFileType = sourcecode.swift; path = TableColors.swift; sourceTree = "<group>"; };
		50CEA0892F4A4E96001006CF /* Color.swift */ = {isa = PBXFileReference; lastKnownFileType = sourcecode.swift; path = Color.swift; sourceTree = "<group>"; };
		50CEA0932F4B6D44001006CF /* Set.swift */ = {isa = PBXFileReference; lastKnownFileType = sourcecode.swift; path = Set.swift; sourceTree = "<group>"; };
		50CEA0A42F4C502A001006CF /* Array.swift */ = {isa = PBXFileReference; lastKnownFileType = sourcecode.swift; path = Array.swift; sourceTree = "<group>"; };
		50E150B52DA96615005768C1 /* MatchType.swift */ = {isa = PBXFileReference; lastKnownFileType = sourcecode.swift; path = MatchType.swift; sourceTree = "<group>"; };
		50E150BF2DAA789B005768C1 /* PopupState.swift */ = {isa = PBXFileReference; lastKnownFileType = sourcecode.swift; path = PopupState.swift; sourceTree = "<group>"; };
		50E4E83F2F55C76B0054E5DE /* ADFetchCollection.swift */ = {isa = PBXFileReference; lastKnownFileType = sourcecode.swift; path = ADFetchCollection.swift; sourceTree = "<group>"; };
		50EB550F2CF9AAB400FC060C /* DomainRulePanel.swift */ = {isa = PBXFileReference; lastKnownFileType = sourcecode.swift; path = DomainRulePanel.swift; sourceTree = "<group>"; };
		50EB55112CF9AAB400FC060C /* ButtonRound.swift */ = {isa = PBXFileReference; lastKnownFileType = sourcecode.swift; path = ButtonRound.swift; sourceTree = "<group>"; };
		50EB55132CF9AAB400FC060C /* Assets.xcassets */ = {isa = PBXFileReference; lastKnownFileType = folder.assetcatalog; path = Assets.xcassets; sourceTree = "<group>"; };
		50EB55142CF9AAB400FC060C /* Popup.swift */ = {isa = PBXFileReference; lastKnownFileType = sourcecode.swift; path = Popup.swift; sourceTree = "<group>"; };
/* End PBXFileReference section */

/* Begin PBXFrameworksBuildPhase section */
		500D2D182D05929D00551390 /* Frameworks */ = {
			isa = PBXFrameworksBuildPhase;
			buildActionMask = 2147483647;
			files = (
			);
			runOnlyForDeploymentPostprocessing = 0;
		};
		50B024FF2C47E401002F1AD7 /* Frameworks */ = {
			isa = PBXFrameworksBuildPhase;
			buildActionMask = 2147483647;
			files = (
			);
			runOnlyForDeploymentPostprocessing = 0;
		};
		50B0251B2C47E404002F1AD7 /* Frameworks */ = {
			isa = PBXFrameworksBuildPhase;
			buildActionMask = 2147483647;
			files = (
			);
			runOnlyForDeploymentPostprocessing = 0;
		};
/* End PBXFrameworksBuildPhase section */

/* Begin PBXGroup section */
		500D2C502D058B7800551390 /* shared */ = {
			isa = PBXGroup;
			children = (
				50CEA0532F47A6B3001006CF /* const.swift */,
				50E150B52DA96615005768C1 /* MatchType.swift */,
			);
			path = shared;
			sourceTree = "<group>";
		};
		500D2D2B2D05972500551390 /* JS Blocker Tests */ = {
			isa = PBXGroup;
			children = (
				500D2D292D05969F00551390 /* Tests.swift */,
			);
			path = "JS Blocker Tests";
			sourceTree = "<group>";
		};
		50439DB92F44C39F00270BE5 /* extensions */ = {
			isa = PBXGroup;
			children = (
				50CEA0A42F4C502A001006CF /* Array.swift */,
				50CEA0892F4A4E96001006CF /* Color.swift */,
				50684B682DB9678E00FC6175 /* Data.swift */,
				500895332DD73EDF00414588 /* Date.swift */,
				50439DCD2F44C8CE00270BE5 /* GeometryReader.swift */,
				50439DC92F44C8C300270BE5 /* Logger.swift */,
				501FA4E02F4F99AE004663D2 /* NSEvent.swift */,
				500D2C552D058C8000551390 /* NSRegularExpression.swift */,
				50439DC52F44C8BA00270BE5 /* Numeric.swift */,
				50CEA0932F4B6D44001006CF /* Set.swift */,
				50875E192C71EE1700756D64 /* SFSafariApplication.swift */,
				50CE9FE92F472EC4001006CF /* Shape.swift */,
				50875E112C71EE0D00756D64 /* String.swift */,
				50439DC12F44C87E00270BE5 /* Timer.swift */,
				50AD45202DAE59C300425467 /* View.swift */,
			);
			path = extensions;
			sourceTree = "<group>";
		};
		50439DBA2F44C4A600270BE5 /* controls */ = {
			isa = PBXGroup;
			children = (
				50CE9FE22F472E06001006CF /* ButtonCustom */,
				50CE9FA12F45DD05001006CF /* ButtonRound */,
				50CE9F982F45BE8D001006CF /* DomainRulePanel */,
				50439E042F44C9AD00270BE5 /* MessageBox */,
				50CE9FB22F470A27001006CF /* Table */,
			);
			path = controls;
			sourceTree = "<group>";
		};
		50439E042F44C9AD00270BE5 /* MessageBox */ = {
			isa = PBXGroup;
			children = (
				50439DFD2F44C9AD00270BE5 /* MessageType.swift */,
				50439DFE2F44C9AD00270BE5 /* MessageLifecycle.swift */,
				50439DFF2F44C9AD00270BE5 /* Message.swift */,
				50439E002F44C9AD00270BE5 /* MessageStorage.swift */,
				50439E012F44C9AD00270BE5 /* MessageBox.swift */,
				50439E022F44C9AD00270BE5 /* MessageColors.swift */,
				50439E032F44C9AD00270BE5 /* Media.xcassets */,
			);
			path = MessageBox;
			sourceTree = "<group>";
		};
		50B024F92C47E401002F1AD7 = {
			isa = PBXGroup;
			children = (
				50875E212C71F21C00756D64 /* Assets.xcassets */,
				5064F9142D0D9AF500F26724 /* Localizable.xcstrings */,
				500D2C502D058B7800551390 /* shared */,
				50439DB92F44C39F00270BE5 /* extensions */,
				50439DBA2F44C4A600270BE5 /* controls */,
				50EB55362CFDA50700FC060C /* model */,
				50CEA07D2F49AFE2001006CF /* state */,
				50B025042C47E401002F1AD7 /* JS Blocker */,
				50B025222C47E404002F1AD7 /* JS Blocker Extension */,
				500D2D2B2D05972500551390 /* JS Blocker Tests */,
				50B025032C47E401002F1AD7 /* Products */,
			);
			sourceTree = "<group>";
		};
		50B025032C47E401002F1AD7 /* Products */ = {
			isa = PBXGroup;
			children = (
				50B025022C47E401002F1AD7 /* JS Blocker.app */,
				50B0251E2C47E404002F1AD7 /* JS Blocker Extension.appex */,
				500D2D1B2D05929D00551390 /* JS Blocker Tests.xctest */,
			);
			name = Products;
			sourceTree = "<group>";
		};
		50B025042C47E401002F1AD7 /* JS Blocker */ = {
			isa = PBXGroup;
			children = (
				50B025052C47E401002F1AD7 /* App.swift */,
				50CEA0462F47A122001006CF /* MainScene.swift */,
				50CEA04D2F47A42D001006CF /* MainSceneColor.swift */,
				50CEA06A2F48625A001006CF /* InstallPopup.swift */,
				50CE9F9F2F45C39D001006CF /* InstallPopupColors.swift */,
				50CEA0682F485E9E001006CF /* Features.swift */,
				50B025162C47E403002F1AD7 /* Assets.xcassets */,
				50875E332C71F6FD00756D64 /* InfoPlist.xcstrings */,
				50B025192C47E403002F1AD7 /* app.entitlements */,
				50439DBF2F44C74800270BE5 /* info.plist */,
				50288FDC2DB11B8500A32865 /* Credits.html */,
			);
			path = "JS Blocker";
			sourceTree = "<group>";
		};
		50B025222C47E404002F1AD7 /* JS Blocker Extension */ = {
			isa = PBXGroup;
			children = (
				50EB55142CF9AAB400FC060C /* Popup.swift */,
				50CE9FA82F45DEE4001006CF /* PopupColors.swift */,
				50B025232C47E404002F1AD7 /* ExtensionHandler.swift */,
				50B025252C47E404002F1AD7 /* ViewController.swift */,
				50992D362F56E9570090699F /* ViewController.xib */,
				50EB55132CF9AAB400FC060C /* Assets.xcassets */,
				50875E372C71F72A00756D64 /* InfoPlist.xcstrings */,
				50B025302C47E404002F1AD7 /* ext.entitlements */,
				50B0252F2C47E404002F1AD7 /* Info.plist */,
				50B025272C47E404002F1AD7 /* Resources */,
			);
			path = "JS Blocker Extension";
			sourceTree = "<group>";
		};
		50B025272C47E404002F1AD7 /* Resources */ = {
			isa = PBXGroup;
			children = (
				50B025282C47E404002F1AD7 /* script.js */,
				503CE1432C6E32C400835509 /* ToolbarIcon-exact.pdf */,
				50AD45192DAD17C600425467 /* ToolbarIcon-wildcard.pdf */,
				50B0252A2C47E404002F1AD7 /* ToolbarIcon-none.pdf */,
			);
			path = Resources;
			sourceTree = "<group>";
		};
		50CE9F982F45BE8D001006CF /* DomainRulePanel */ = {
			isa = PBXGroup;
			children = (
				50EB550F2CF9AAB400FC060C /* DomainRulePanel.swift */,
				50CE9F9C2F45BF89001006CF /* DomainRulePanelColors.swift */,
				50CE9F992F45BF06001006CF /* Assets.xcassets */,
			);
			path = DomainRulePanel;
			sourceTree = "<group>";
		};
		50CE9FA12F45DD05001006CF /* ButtonRound */ = {
			isa = PBXGroup;
			children = (
				50EB55112CF9AAB400FC060C /* ButtonRound.swift */,
				50CE9FA52F45DD55001006CF /* ButtonRoundColors.swift */,
				50CE9FA22F45DD19001006CF /* Assets.xcassets */,
			);
			path = ButtonRound;
			sourceTree = "<group>";
		};
		50CE9FB22F470A27001006CF /* Table */ = {
			isa = PBXGroup;
			children = (
				50CE9FAF2F4616DD001006CF /* Table.swift */,
				50CEA0862F4A4824001006CF /* TableColors.swift */,
				50CEA0832F4A481E001006CF /* Media.xcassets */,
			);
			path = Table;
			sourceTree = "<group>";
		};
		50CE9FE22F472E06001006CF /* ButtonCustom */ = {
			isa = PBXGroup;
			children = (
				50CE9FDF2F472E06001006CF /* ButtonCustom.swift */,
				50CE9FE02F472E06001006CF /* ButtonCustomColor.swift */,
				50CE9FE12F472E06001006CF /* Assets.xcassets */,
			);
			path = ButtonCustom;
			sourceTree = "<group>";
		};
		50CEA07D2F49AFE2001006CF /* state */ = {
			isa = PBXGroup;
			children = (
				50CEA06C2F48C9FB001006CF /* DomainsState.swift */,
				50CEA07A2F49AF9C001006CF /* UserDefaultsState.swift */,
				50E150BF2DAA789B005768C1 /* PopupState.swift */,
			);
			path = state;
			sourceTree = "<group>";
		};
		50EB55362CFDA50700FC060C /* model */ = {
			isa = PBXGroup;
			children = (
				5019AA132C6E4FBE003F9AF5 /* Model.xcdatamodeld */,
				50875E092C71E93A00756D64 /* AllowedDomains.swift */,
				50E4E83F2F55C76B0054E5DE /* ADFetchCollection.swift */,
			);
			path = model;
			sourceTree = "<group>";
		};
/* End PBXGroup section */

/* Begin PBXNativeTarget section */
		500D2D1A2D05929D00551390 /* JS Blocker Tests */ = {
			isa = PBXNativeTarget;
			buildConfigurationList = 500D2D232D05929D00551390 /* Build configuration list for PBXNativeTarget "JS Blocker Tests" */;
			buildPhases = (
				500D2D172D05929D00551390 /* Sources */,
				500D2D182D05929D00551390 /* Frameworks */,
				500D2D192D05929D00551390 /* Resources */,
			);
			buildRules = (
			);
			dependencies = (
				500D2D202D05929D00551390 /* PBXTargetDependency */,
			);
			name = "JS Blocker Tests";
			packageProductDependencies = (
			);
			productName = "JS Blocker Tests";
			productReference = 500D2D1B2D05929D00551390 /* JS Blocker Tests.xctest */;
			productType = "com.apple.product-type.bundle.unit-test";
		};
		50B025012C47E401002F1AD7 /* JS Blocker */ = {
			isa = PBXNativeTarget;
			buildConfigurationList = 50B025372C47E404002F1AD7 /* Build configuration list for PBXNativeTarget "JS Blocker" */;
			buildPhases = (
				50B024FE2C47E401002F1AD7 /* Sources */,
				50B024FF2C47E401002F1AD7 /* Frameworks */,
				50B025002C47E401002F1AD7 /* Resources */,
				50B025362C47E404002F1AD7 /* Embed Foundation Extensions */,
			);
			buildRules = (
			);
			dependencies = (
				50B025212C47E404002F1AD7 /* PBXTargetDependency */,
			);
			name = "JS Blocker";
			productName = "JS Blocker";
			productReference = 50B025022C47E401002F1AD7 /* JS Blocker.app */;
			productType = "com.apple.product-type.application";
		};
		50B0251D2C47E404002F1AD7 /* JS Blocker Extension */ = {
			isa = PBXNativeTarget;
			buildConfigurationList = 50B025332C47E404002F1AD7 /* Build configuration list for PBXNativeTarget "JS Blocker Extension" */;
			buildPhases = (
				50B0251A2C47E404002F1AD7 /* Sources */,
				50B0251B2C47E404002F1AD7 /* Frameworks */,
				50B0251C2C47E404002F1AD7 /* Resources */,
			);
			buildRules = (
			);
			dependencies = (
			);
			name = "JS Blocker Extension";
			productName = "JS Blocker Extension";
			productReference = 50B0251E2C47E404002F1AD7 /* JS Blocker Extension.appex */;
			productType = "com.apple.product-type.app-extension";
		};
/* End PBXNativeTarget section */

/* Begin PBXProject section */
		50B024FA2C47E401002F1AD7 /* Project object */ = {
			isa = PBXProject;
			attributes = {
				BuildIndependentTargetsInParallel = 1;
				LastSwiftUpdateCheck = 1320;
				LastUpgradeCheck = 2600;
				ORGANIZATIONNAME = "Maxim Rysevets";
				TargetAttributes = {
					500D2D1A2D05929D00551390 = {
						CreatedOnToolsVersion = 13.2.1;
					};
					50B025012C47E401002F1AD7 = {
						CreatedOnToolsVersion = 13.2.1;
					};
					50B0251D2C47E404002F1AD7 = {
						CreatedOnToolsVersion = 13.2.1;
					};
				};
			};
			buildConfigurationList = 50B024FD2C47E401002F1AD7 /* Build configuration list for PBXProject "JS Blocker" */;
			compatibilityVersion = "Xcode 13.0";
			developmentRegion = en;
			hasScannedForEncodings = 0;
			knownRegions = (
				en,
				Base,
				ru,
				mul,
			);
			mainGroup = 50B024F92C47E401002F1AD7;
			productRefGroup = 50B025032C47E401002F1AD7 /* Products */;
			projectDirPath = "";
			projectRoot = "";
			targets = (
				50B025012C47E401002F1AD7 /* JS Blocker */,
				50B0251D2C47E404002F1AD7 /* JS Blocker Extension */,
				500D2D1A2D05929D00551390 /* JS Blocker Tests */,
			);
		};
/* End PBXProject section */

/* Begin PBXResourcesBuildPhase section */
		500D2D192D05929D00551390 /* Resources */ = {
			isa = PBXResourcesBuildPhase;
			buildActionMask = 2147483647;
			files = (
			);
			runOnlyForDeploymentPostprocessing = 0;
		};
		50B025002C47E401002F1AD7 /* Resources */ = {
			isa = PBXResourcesBuildPhase;
			buildActionMask = 2147483647;
			files = (
				50439E122F44C9AD00270BE5 /* Media.xcassets in Resources */,
				50439DC02F44C74800270BE5 /* info.plist in Resources */,
				50CE9F9A2F45BF06001006CF /* Assets.xcassets in Resources */,
				50B025172C47E403002F1AD7 /* Assets.xcassets in Resources */,
				50875E342C71F6FD00756D64 /* InfoPlist.xcstrings in Resources */,
				5064F9162D0D9AF500F26724 /* Localizable.xcstrings in Resources */,
				50CE9FE62F472E06001006CF /* Assets.xcassets in Resources */,
				50875E222C71F21C00756D64 /* Assets.xcassets in Resources */,
				50288FDD2DB11B8500A32865 /* Credits.html in Resources */,
				50CE9FA42F45DD19001006CF /* Assets.xcassets in Resources */,
				50CEA0852F4A481E001006CF /* Media.xcassets in Resources */,
				50EB55162CF9AAB400FC060C /* Assets.xcassets in Resources */,
			);
			runOnlyForDeploymentPostprocessing = 0;
		};
		50B0251C2C47E404002F1AD7 /* Resources */ = {
			isa = PBXResourcesBuildPhase;
			buildActionMask = 2147483647;
			files = (
				50B0252B2C47E404002F1AD7 /* ToolbarIcon-none.pdf in Resources */,
				503CE1442C6E32C400835509 /* ToolbarIcon-exact.pdf in Resources */,
				50CEA0842F4A481E001006CF /* Media.xcassets in Resources */,
				50992D372F56E9570090699F /* ViewController.xib in Resources */,
				50CE9FA32F45DD19001006CF /* Assets.xcassets in Resources */,
				50AD451A2DAD17C600425467 /* ToolbarIcon-wildcard.pdf in Resources */,
				50439E052F44C9AD00270BE5 /* Media.xcassets in Resources */,
				50CE9F9B2F45BF06001006CF /* Assets.xcassets in Resources */,
				50B025292C47E404002F1AD7 /* script.js in Resources */,
				50875E382C71F72A00756D64 /* InfoPlist.xcstrings in Resources */,
				50875E232C71F21C00756D64 /* Assets.xcassets in Resources */,
				50EB551B2CF9AAB400FC060C /* Assets.xcassets in Resources */,
				50CE9FE32F472E06001006CF /* Assets.xcassets in Resources */,
				5064F9152D0D9AF500F26724 /* Localizable.xcstrings in Resources */,
			);
			runOnlyForDeploymentPostprocessing = 0;
		};
/* End PBXResourcesBuildPhase section */

/* Begin PBXSourcesBuildPhase section */
		500D2D172D05929D00551390 /* Sources */ = {
			isa = PBXSourcesBuildPhase;
			buildActionMask = 2147483647;
			files = (
				50CEA0962F4B6D46001006CF /* Set.swift in Sources */,
				501FA4E12F4F99B1004663D2 /* NSEvent.swift in Sources */,
				500D2D282D05952700551390 /* String.swift in Sources */,
				500895362DD73EDF00414588 /* Date.swift in Sources */,
				50CEA0A52F4C502A001006CF /* Array.swift in Sources */,
				50CE9FEB2F472EC4001006CF /* Shape.swift in Sources */,
				50439DC62F44C8BA00270BE5 /* Numeric.swift in Sources */,
				50439DC32F44C87E00270BE5 /* Timer.swift in Sources */,
				50E150B82DA96616005768C1 /* MatchType.swift in Sources */,
				500D2D242D05951400551390 /* SFSafariApplication.swift in Sources */,
				50439DCB2F44C8C300270BE5 /* Logger.swift in Sources */,
				500D2D262D05951D00551390 /* NSRegularExpression.swift in Sources */,
				500D2D2A2D05969F00551390 /* Tests.swift in Sources */,
				50AD45242DAE59C300425467 /* View.swift in Sources */,
				50CEA0542F47A6B7001006CF /* const.swift in Sources */,
				50439DCF2F44C8CE00270BE5 /* GeometryReader.swift in Sources */,
				50CEA08B2F4A4E96001006CF /* Color.swift in Sources */,
				50684B6B2DB9679000FC6175 /* Data.swift in Sources */,
			);
			runOnlyForDeploymentPostprocessing = 0;
		};
		50B024FE2C47E401002F1AD7 /* Sources */ = {
			isa = PBXSourcesBuildPhase;
			buildActionMask = 2147483647;
			files = (
				50CEA04E2F47A434001006CF /* MainSceneColor.swift in Sources */,
				500895342DD73EDF00414588 /* Date.swift in Sources */,
				50EB55352CF9F4BA00FC060C /* ViewController.swift in Sources */,
				500D2C572D058C8200551390 /* NSRegularExpression.swift in Sources */,
				503B16682DCB91B900C90BDA /* ExtensionHandler.swift in Sources */,
				50CEA0482F47A35A001006CF /* MainScene.swift in Sources */,
				50CEA0692F485EA4001006CF /* Features.swift in Sources */,
				50CEA06D2F48C9FB001006CF /* DomainsState.swift in Sources */,
				50CE9FB12F4616E0001006CF /* Table.swift in Sources */,
				50684B692DB9679000FC6175 /* Data.swift in Sources */,
				50875E0B2C71E93A00756D64 /* AllowedDomains.swift in Sources */,
				50CEA08A2F4A4E96001006CF /* Color.swift in Sources */,
				50CEA07B2F49AF9C001006CF /* UserDefaultsState.swift in Sources */,
				50CE9FE72F472E06001006CF /* ButtonCustom.swift in Sources */,
				50CE9FE82F472E06001006CF /* ButtonCustomColor.swift in Sources */,
				50E150C12DAA789D005768C1 /* PopupState.swift in Sources */,
				50CEA06B2F486265001006CF /* InstallPopup.swift in Sources */,
				50CE9FEC2F472EC4001006CF /* Shape.swift in Sources */,
				50B025062C47E401002F1AD7 /* App.swift in Sources */,
				50CEA0562F47A6B7001006CF /* const.swift in Sources */,
				50CEA0942F4B6D46001006CF /* Set.swift in Sources */,
				501FA4E22F4F99B1004663D2 /* NSEvent.swift in Sources */,
				50CE9F9E2F45BF89001006CF /* DomainRulePanelColors.swift in Sources */,
				50439E0C2F44C9AD00270BE5 /* MessageType.swift in Sources */,
				50439E0D2F44C9AD00270BE5 /* MessageStorage.swift in Sources */,
				50439E0E2F44C9AD00270BE5 /* Message.swift in Sources */,
				50439E0F2F44C9AD00270BE5 /* MessageBox.swift in Sources */,
				50439E102F44C9AD00270BE5 /* MessageColors.swift in Sources */,
				50439E112F44C9AD00270BE5 /* MessageLifecycle.swift in Sources */,
				50E4E8412F55C76C0054E5DE /* ADFetchCollection.swift in Sources */,
				50EB55172CF9AAB400FC060C /* Popup.swift in Sources */,
				50EB55182CF9AAB400FC060C /* ButtonRound.swift in Sources */,
				50E150B92DA96616005768C1 /* MatchType.swift in Sources */,
				50CE9FA02F45C3A0001006CF /* InstallPopupColors.swift in Sources */,
				50EB55192CF9AAB400FC060C /* DomainRulePanel.swift in Sources */,
				50CEA0882F4A4824001006CF /* TableColors.swift in Sources */,
				5019AA152C6E4FBE003F9AF5 /* Model.xcdatamodeld in Sources */,
				50875E1A2C71EE1700756D64 /* SFSafariApplication.swift in Sources */,
				50CEA0A62F4C502A001006CF /* Array.swift in Sources */,
				50439DC72F44C8BA00270BE5 /* Numeric.swift in Sources */,
				50CE9FAA2F45DEE4001006CF /* PopupColors.swift in Sources */,
				50439DCA2F44C8C300270BE5 /* Logger.swift in Sources */,
				50CE9FA72F45DD55001006CF /* ButtonRoundColors.swift in Sources */,
				50AD45212DAE59C300425467 /* View.swift in Sources */,
				50875E122C71EE0D00756D64 /* String.swift in Sources */,
				50439DD02F44C8CE00270BE5 /* GeometryReader.swift in Sources */,
				50439DC22F44C87E00270BE5 /* Timer.swift in Sources */,
			);
			runOnlyForDeploymentPostprocessing = 0;
		};
		50B0251A2C47E404002F1AD7 /* Sources */ = {
			isa = PBXSourcesBuildPhase;
			buildActionMask = 2147483647;
			files = (
				50EB551C2CF9AAB400FC060C /* Popup.swift in Sources */,
				50439DCC2F44C8C300270BE5 /* Logger.swift in Sources */,
				50EB551D2CF9AAB400FC060C /* ButtonRound.swift in Sources */,
				50CE9FEA2F472EC4001006CF /* Shape.swift in Sources */,
				50E150B62DA96616005768C1 /* MatchType.swift in Sources */,
				50CEA08C2F4A4E96001006CF /* Color.swift in Sources */,
				50439DC42F44C87E00270BE5 /* Timer.swift in Sources */,
				50439E062F44C9AD00270BE5 /* MessageType.swift in Sources */,
				50439E072F44C9AD00270BE5 /* MessageStorage.swift in Sources */,
				50CEA0A72F4C502A001006CF /* Array.swift in Sources */,
				50CEA07C2F49AF9C001006CF /* UserDefaultsState.swift in Sources */,
				50439E082F44C9AD00270BE5 /* Message.swift in Sources */,
				50439E092F44C9AD00270BE5 /* MessageBox.swift in Sources */,
				50439E0A2F44C9AD00270BE5 /* MessageColors.swift in Sources */,
				50439E0B2F44C9AD00270BE5 /* MessageLifecycle.swift in Sources */,
				50CEA0952F4B6D46001006CF /* Set.swift in Sources */,
				50E4E8402F55C76C0054E5DE /* ADFetchCollection.swift in Sources */,
				50439DC82F44C8BA00270BE5 /* Numeric.swift in Sources */,
				50CE9FE42F472E06001006CF /* ButtonCustom.swift in Sources */,
				50CE9FE52F472E06001006CF /* ButtonCustomColor.swift in Sources */,
				50EB551E2CF9AAB400FC060C /* DomainRulePanel.swift in Sources */,
				50CEA0872F4A4824001006CF /* TableColors.swift in Sources */,
				500D2C562D058C8200551390 /* NSRegularExpression.swift in Sources */,
				50B025262C47E404002F1AD7 /* ViewController.swift in Sources */,
				50875E0D2C71E93A00756D64 /* AllowedDomains.swift in Sources */,
				50875E1B2C71EE1700756D64 /* SFSafariApplication.swift in Sources */,
				50CE9FB02F4616E0001006CF /* Table.swift in Sources */,
				500895352DD73EDF00414588 /* Date.swift in Sources */,
				50CE9FA62F45DD55001006CF /* ButtonRoundColors.swift in Sources */,
				50CEA0792F4902A5001006CF /* DomainsState.swift in Sources */,
				50E150C02DAA789D005768C1 /* PopupState.swift in Sources */,
				50AD45222DAE59C300425467 /* View.swift in Sources */,
				50CE9F9D2F45BF89001006CF /* DomainRulePanelColors.swift in Sources */,
				50CE9FA92F45DEE4001006CF /* PopupColors.swift in Sources */,
				50B025242C47E404002F1AD7 /* ExtensionHandler.swift in Sources */,
				5019AA162C6E4FBE003F9AF5 /* Model.xcdatamodeld in Sources */,
				501FA4E32F4F99B1004663D2 /* NSEvent.swift in Sources */,
				50684B6A2DB9679000FC6175 /* Data.swift in Sources */,
				50CEA0552F47A6B7001006CF /* const.swift in Sources */,
				50439DCE2F44C8CE00270BE5 /* GeometryReader.swift in Sources */,
				50875E132C71EE0D00756D64 /* String.swift in Sources */,
			);
			runOnlyForDeploymentPostprocessing = 0;
		};
/* End PBXSourcesBuildPhase section */

/* Begin PBXTargetDependency section */
		500D2D202D05929D00551390 /* PBXTargetDependency */ = {
			isa = PBXTargetDependency;
			target = 50B025012C47E401002F1AD7 /* JS Blocker */;
			targetProxy = 500D2D1F2D05929D00551390 /* PBXContainerItemProxy */;
		};
		50B025212C47E404002F1AD7 /* PBXTargetDependency */ = {
			isa = PBXTargetDependency;
			target = 50B0251D2C47E404002F1AD7 /* JS Blocker Extension */;
			targetProxy = 50B025202C47E404002F1AD7 /* PBXContainerItemProxy */;
		};
/* End PBXTargetDependency section */

/* Begin XCBuildConfiguration section */
		500D2D212D05929D00551390 /* Debug */ = {
			isa = XCBuildConfiguration;
			buildSettings = {
				CODE_SIGN_STYLE = Automatic;
				CURRENT_PROJECT_VERSION = 1;
				DEAD_CODE_STRIPPING = YES;
				GENERATE_INFOPLIST_FILE = YES;
				MACOSX_DEPLOYMENT_TARGET = 11.0;
				PRODUCT_BUNDLE_IDENTIFIER = "maxrys.js-blocker.tests";
				PRODUCT_NAME = "$(TARGET_NAME)";
				SWIFT_EMIT_LOC_STRINGS = NO;
				SWIFT_VERSION = 5.0;
			};
			name = Debug;
		};
		500D2D222D05929D00551390 /* Release */ = {
			isa = XCBuildConfiguration;
			buildSettings = {
				CODE_SIGN_STYLE = Automatic;
				CURRENT_PROJECT_VERSION = 1;
				DEAD_CODE_STRIPPING = YES;
				GENERATE_INFOPLIST_FILE = YES;
				MACOSX_DEPLOYMENT_TARGET = 11.0;
				PRODUCT_BUNDLE_IDENTIFIER = "maxrys.js-blocker.tests";
				PRODUCT_NAME = "$(TARGET_NAME)";
				SWIFT_EMIT_LOC_STRINGS = NO;
				SWIFT_VERSION = 5.0;
			};
			name = Release;
		};
		50B025312C47E404002F1AD7 /* Debug */ = {
			isa = XCBuildConfiguration;
			buildSettings = {
				ALWAYS_SEARCH_USER_PATHS = NO;
				ASSETCATALOG_COMPILER_GENERATE_SWIFT_ASSET_SYMBOL_EXTENSIONS = YES;
				CLANG_ANALYZER_LOCALIZABILITY_NONLOCALIZED = YES;
				CLANG_ANALYZER_NONNULL = YES;
				CLANG_ANALYZER_NUMBER_OBJECT_CONVERSION = YES_AGGRESSIVE;
				CLANG_CXX_LANGUAGE_STANDARD = "gnu++17";
				CLANG_ENABLE_MODULES = YES;
				CLANG_ENABLE_OBJC_ARC = YES;
				CLANG_ENABLE_OBJC_WEAK = YES;
				CLANG_WARN_BLOCK_CAPTURE_AUTORELEASING = YES;
				CLANG_WARN_BOOL_CONVERSION = YES;
				CLANG_WARN_COMMA = YES;
				CLANG_WARN_CONSTANT_CONVERSION = YES;
				CLANG_WARN_DEPRECATED_OBJC_IMPLEMENTATIONS = YES;
				CLANG_WARN_DIRECT_OBJC_ISA_USAGE = YES_ERROR;
				CLANG_WARN_DOCUMENTATION_COMMENTS = YES;
				CLANG_WARN_EMPTY_BODY = YES;
				CLANG_WARN_ENUM_CONVERSION = YES;
				CLANG_WARN_INFINITE_RECURSION = YES;
				CLANG_WARN_INT_CONVERSION = YES;
				CLANG_WARN_NON_LITERAL_NULL_CONVERSION = YES;
				CLANG_WARN_OBJC_IMPLICIT_RETAIN_SELF = YES;
				CLANG_WARN_OBJC_LITERAL_CONVERSION = YES;
				CLANG_WARN_OBJC_ROOT_CLASS = YES_ERROR;
				CLANG_WARN_QUOTED_INCLUDE_IN_FRAMEWORK_HEADER = YES;
				CLANG_WARN_RANGE_LOOP_ANALYSIS = YES;
				CLANG_WARN_STRICT_PROTOTYPES = YES;
				CLANG_WARN_SUSPICIOUS_MOVE = YES;
				CLANG_WARN_UNGUARDED_AVAILABILITY = YES_AGGRESSIVE;
				CLANG_WARN_UNREACHABLE_CODE = YES;
				CLANG_WARN__DUPLICATE_METHOD_MATCH = YES;
				COPY_PHASE_STRIP = NO;
				DEAD_CODE_STRIPPING = YES;
				DEBUG_INFORMATION_FORMAT = dwarf;
				DEVELOPMENT_TEAM = 97CZR6J379;
				ENABLE_STRICT_OBJC_MSGSEND = YES;
				ENABLE_TESTABILITY = YES;
				ENABLE_USER_SCRIPT_SANDBOXING = YES;
				GCC_C_LANGUAGE_STANDARD = gnu11;
				GCC_DYNAMIC_NO_PIC = NO;
				GCC_NO_COMMON_BLOCKS = YES;
				GCC_OPTIMIZATION_LEVEL = 0;
				GCC_PREPROCESSOR_DEFINITIONS = (
					"DEBUG=1",
					"$(inherited)",
				);
				GCC_WARN_64_TO_32_BIT_CONVERSION = YES;
				GCC_WARN_ABOUT_RETURN_TYPE = YES_ERROR;
				GCC_WARN_UNDECLARED_SELECTOR = YES;
				GCC_WARN_UNINITIALIZED_AUTOS = YES_AGGRESSIVE;
				GCC_WARN_UNUSED_FUNCTION = YES;
				GCC_WARN_UNUSED_VARIABLE = YES;
				LOCALIZATION_PREFERS_STRING_CATALOGS = YES;
				MACOSX_DEPLOYMENT_TARGET = 11.5;
				MTL_ENABLE_DEBUG_INFO = INCLUDE_SOURCE;
				MTL_FAST_MATH = YES;
				ONLY_ACTIVE_ARCH = YES;
				SDKROOT = macosx;
				SWIFT_ACTIVE_COMPILATION_CONDITIONS = "DEBUG $(inherited)";
				SWIFT_OPTIMIZATION_LEVEL = "-Onone";
			};
			name = Debug;
		};
		50B025322C47E404002F1AD7 /* Release */ = {
			isa = XCBuildConfiguration;
			buildSettings = {
				ALWAYS_SEARCH_USER_PATHS = NO;
				ASSETCATALOG_COMPILER_GENERATE_SWIFT_ASSET_SYMBOL_EXTENSIONS = YES;
				CLANG_ANALYZER_LOCALIZABILITY_NONLOCALIZED = YES;
				CLANG_ANALYZER_NONNULL = YES;
				CLANG_ANALYZER_NUMBER_OBJECT_CONVERSION = YES_AGGRESSIVE;
				CLANG_CXX_LANGUAGE_STANDARD = "gnu++17";
				CLANG_ENABLE_MODULES = YES;
				CLANG_ENABLE_OBJC_ARC = YES;
				CLANG_ENABLE_OBJC_WEAK = YES;
				CLANG_WARN_BLOCK_CAPTURE_AUTORELEASING = YES;
				CLANG_WARN_BOOL_CONVERSION = YES;
				CLANG_WARN_COMMA = YES;
				CLANG_WARN_CONSTANT_CONVERSION = YES;
				CLANG_WARN_DEPRECATED_OBJC_IMPLEMENTATIONS = YES;
				CLANG_WARN_DIRECT_OBJC_ISA_USAGE = YES_ERROR;
				CLANG_WARN_DOCUMENTATION_COMMENTS = YES;
				CLANG_WARN_EMPTY_BODY = YES;
				CLANG_WARN_ENUM_CONVERSION = YES;
				CLANG_WARN_INFINITE_RECURSION = YES;
				CLANG_WARN_INT_CONVERSION = YES;
				CLANG_WARN_NON_LITERAL_NULL_CONVERSION = YES;
				CLANG_WARN_OBJC_IMPLICIT_RETAIN_SELF = YES;
				CLANG_WARN_OBJC_LITERAL_CONVERSION = YES;
				CLANG_WARN_OBJC_ROOT_CLASS = YES_ERROR;
				CLANG_WARN_QUOTED_INCLUDE_IN_FRAMEWORK_HEADER = YES;
				CLANG_WARN_RANGE_LOOP_ANALYSIS = YES;
				CLANG_WARN_STRICT_PROTOTYPES = YES;
				CLANG_WARN_SUSPICIOUS_MOVE = YES;
				CLANG_WARN_UNGUARDED_AVAILABILITY = YES_AGGRESSIVE;
				CLANG_WARN_UNREACHABLE_CODE = YES;
				CLANG_WARN__DUPLICATE_METHOD_MATCH = YES;
				COPY_PHASE_STRIP = NO;
				DEAD_CODE_STRIPPING = YES;
				DEBUG_INFORMATION_FORMAT = "dwarf-with-dsym";
				DEVELOPMENT_TEAM = 97CZR6J379;
				ENABLE_NS_ASSERTIONS = NO;
				ENABLE_STRICT_OBJC_MSGSEND = YES;
				ENABLE_USER_SCRIPT_SANDBOXING = YES;
				GCC_C_LANGUAGE_STANDARD = gnu11;
				GCC_NO_COMMON_BLOCKS = YES;
				GCC_WARN_64_TO_32_BIT_CONVERSION = YES;
				GCC_WARN_ABOUT_RETURN_TYPE = YES_ERROR;
				GCC_WARN_UNDECLARED_SELECTOR = YES;
				GCC_WARN_UNINITIALIZED_AUTOS = YES_AGGRESSIVE;
				GCC_WARN_UNUSED_FUNCTION = YES;
				GCC_WARN_UNUSED_VARIABLE = YES;
				LOCALIZATION_PREFERS_STRING_CATALOGS = YES;
				MACOSX_DEPLOYMENT_TARGET = 11.5;
				MTL_ENABLE_DEBUG_INFO = NO;
				MTL_FAST_MATH = YES;
				SDKROOT = macosx;
				SWIFT_COMPILATION_MODE = wholemodule;
			};
			name = Release;
		};
		50B025342C47E404002F1AD7 /* Debug */ = {
			isa = XCBuildConfiguration;
			buildSettings = {
				CODE_SIGN_ENTITLEMENTS = "JS Blocker Extension/ext.entitlements";
				CODE_SIGN_STYLE = Automatic;
				CURRENT_PROJECT_VERSION = 19;
				DEAD_CODE_STRIPPING = YES;
				ENABLE_HARDENED_RUNTIME = YES;
				ENABLE_PREVIEWS = YES;
				GENERATE_INFOPLIST_FILE = YES;
				INFOPLIST_FILE = "JS Blocker Extension/Info.plist";
				INFOPLIST_KEY_CFBundleDisplayName = "JS Blocker: Extension";
				INFOPLIST_KEY_NSHumanReadableCopyright = "Copyright © 2024—2026 Maxim Rysevets. All rights reserved.";
				LD_RUNPATH_SEARCH_PATHS = (
					"$(inherited)",
					"@executable_path/../Frameworks",
					"@executable_path/../../../../Frameworks",
				);
				MACOSX_DEPLOYMENT_TARGET = 11.0;
				MARKETING_VERSION = 1.10;
				OTHER_LDFLAGS = (
					"-framework",
					SafariServices,
				);
				PRODUCT_BUNDLE_IDENTIFIER = "maxrys.js-blocker.extension";
				PRODUCT_NAME = "$(TARGET_NAME)";
				SKIP_INSTALL = YES;
				SWIFT_EMIT_LOC_STRINGS = YES;
				SWIFT_VERSION = 5.0;
			};
			name = Debug;
		};
		50B025352C47E404002F1AD7 /* Release */ = {
			isa = XCBuildConfiguration;
			buildSettings = {
				CODE_SIGN_ENTITLEMENTS = "JS Blocker Extension/ext.entitlements";
				CODE_SIGN_STYLE = Automatic;
				CURRENT_PROJECT_VERSION = 19;
				DEAD_CODE_STRIPPING = YES;
				ENABLE_HARDENED_RUNTIME = YES;
				ENABLE_PREVIEWS = YES;
				GENERATE_INFOPLIST_FILE = YES;
				INFOPLIST_FILE = "JS Blocker Extension/Info.plist";
				INFOPLIST_KEY_CFBundleDisplayName = "JS Blocker: Extension";
				INFOPLIST_KEY_NSHumanReadableCopyright = "Copyright © 2024—2026 Maxim Rysevets. All rights reserved.";
				LD_RUNPATH_SEARCH_PATHS = (
					"$(inherited)",
					"@executable_path/../Frameworks",
					"@executable_path/../../../../Frameworks",
				);
				MACOSX_DEPLOYMENT_TARGET = 11.0;
				MARKETING_VERSION = 1.10;
				OTHER_LDFLAGS = (
					"-framework",
					SafariServices,
				);
				PRODUCT_BUNDLE_IDENTIFIER = "maxrys.js-blocker.extension";
				PRODUCT_NAME = "$(TARGET_NAME)";
				SKIP_INSTALL = YES;
				SWIFT_EMIT_LOC_STRINGS = YES;
				SWIFT_VERSION = 5.0;
			};
			name = Release;
		};
		50B025382C47E404002F1AD7 /* Debug */ = {
			isa = XCBuildConfiguration;
			buildSettings = {
				ASSETCATALOG_COMPILER_APPICON_NAME = AppIcon;
				ASSETCATALOG_COMPILER_GLOBAL_ACCENT_COLOR_NAME = AccentColor;
				CODE_SIGN_ENTITLEMENTS = "JS Blocker/app.entitlements";
				CODE_SIGN_STYLE = Automatic;
				COMBINE_HIDPI_IMAGES = YES;
				CURRENT_PROJECT_VERSION = 19;
				DEAD_CODE_STRIPPING = YES;
				ENABLE_HARDENED_RUNTIME = YES;
				ENABLE_PREVIEWS = YES;
				GENERATE_INFOPLIST_FILE = YES;
				INFOPLIST_FILE = "JS Blocker/Info.plist";
				INFOPLIST_KEY_CFBundleDisplayName = "JS Blocker";
				INFOPLIST_KEY_LSApplicationCategoryType = "public.app-category.utilities";
				INFOPLIST_KEY_NSHumanReadableCopyright = "Copyright © 2024—2026 Maxim Rysevets. All rights reserved.";
				LD_RUNPATH_SEARCH_PATHS = (
					"$(inherited)",
					"@executable_path/../Frameworks",
				);
				MACOSX_DEPLOYMENT_TARGET = 11.0;
				MARKETING_VERSION = 1.10;
				OTHER_LDFLAGS = (
					"-framework",
					SafariServices,
					"-framework",
					WebKit,
				);
				PRODUCT_BUNDLE_IDENTIFIER = "maxrys.js-blocker";
				PRODUCT_NAME = "$(TARGET_NAME)";
				SWIFT_EMIT_LOC_STRINGS = YES;
				SWIFT_VERSION = 5.0;
			};
			name = Debug;
		};
		50B025392C47E404002F1AD7 /* Release */ = {
			isa = XCBuildConfiguration;
			buildSettings = {
				ASSETCATALOG_COMPILER_APPICON_NAME = AppIcon;
				ASSETCATALOG_COMPILER_GLOBAL_ACCENT_COLOR_NAME = AccentColor;
				CODE_SIGN_ENTITLEMENTS = "JS Blocker/app.entitlements";
				CODE_SIGN_STYLE = Automatic;
				COMBINE_HIDPI_IMAGES = YES;
				CURRENT_PROJECT_VERSION = 19;
				DEAD_CODE_STRIPPING = YES;
				ENABLE_HARDENED_RUNTIME = YES;
				ENABLE_PREVIEWS = YES;
				GENERATE_INFOPLIST_FILE = YES;
				INFOPLIST_FILE = "JS Blocker/Info.plist";
				INFOPLIST_KEY_CFBundleDisplayName = "JS Blocker";
				INFOPLIST_KEY_LSApplicationCategoryType = "public.app-category.utilities";
				INFOPLIST_KEY_NSHumanReadableCopyright = "Copyright © 2024—2026 Maxim Rysevets. All rights reserved.";
				LD_RUNPATH_SEARCH_PATHS = (
					"$(inherited)",
					"@executable_path/../Frameworks",
				);
				MACOSX_DEPLOYMENT_TARGET = 11.0;
				MARKETING_VERSION = 1.10;
				OTHER_LDFLAGS = (
					"-framework",
					SafariServices,
					"-framework",
					WebKit,
				);
				PRODUCT_BUNDLE_IDENTIFIER = "maxrys.js-blocker";
				PRODUCT_NAME = "$(TARGET_NAME)";
				SWIFT_EMIT_LOC_STRINGS = YES;
				SWIFT_VERSION = 5.0;
			};
			name = Release;
		};
/* End XCBuildConfiguration section */

/* Begin XCConfigurationList section */
		500D2D232D05929D00551390 /* Build configuration list for PBXNativeTarget "JS Blocker Tests" */ = {
			isa = XCConfigurationList;
			buildConfigurations = (
				500D2D212D05929D00551390 /* Debug */,
				500D2D222D05929D00551390 /* Release */,
			);
			defaultConfigurationIsVisible = 0;
			defaultConfigurationName = Release;
		};
		50B024FD2C47E401002F1AD7 /* Build configuration list for PBXProject "JS Blocker" */ = {
			isa = XCConfigurationList;
			buildConfigurations = (
				50B025312C47E404002F1AD7 /* Debug */,
				50B025322C47E404002F1AD7 /* Release */,
			);
			defaultConfigurationIsVisible = 0;
			defaultConfigurationName = Release;
		};
		50B025332C47E404002F1AD7 /* Build configuration list for PBXNativeTarget "JS Blocker Extension" */ = {
			isa = XCConfigurationList;
			buildConfigurations = (
				50B025342C47E404002F1AD7 /* Debug */,
				50B025352C47E404002F1AD7 /* Release */,
			);
			defaultConfigurationIsVisible = 0;
			defaultConfigurationName = Release;
		};
		50B025372C47E404002F1AD7 /* Build configuration list for PBXNativeTarget "JS Blocker" */ = {
			isa = XCConfigurationList;
			buildConfigurations = (
				50B025382C47E404002F1AD7 /* Debug */,
				50B025392C47E404002F1AD7 /* Release */,
			);
			defaultConfigurationIsVisible = 0;
			defaultConfigurationName = Release;
		};
/* End XCConfigurationList section */

/* Begin XCVersionGroup section */
		5019AA132C6E4FBE003F9AF5 /* Model.xcdatamodeld */ = {
			isa = XCVersionGroup;
			children = (
				5085C5E82DB578880009F4AD /* Model-v2.xcdatamodel */,
				5019AA142C6E4FBE003F9AF5 /* Model.xcdatamodel */,
			);
			currentVersion = 5085C5E82DB578880009F4AD /* Model-v2.xcdatamodel */;
			path = Model.xcdatamodeld;
			sourceTree = "<group>";
			versionGroupType = wrapper.xcdatamodel;
		};
/* End XCVersionGroup section */
	};
	rootObject = 50B024FA2C47E401002F1AD7 /* Project object */;
}
